// !$*UTF8*$!
{
	archiveVersion = 1;
	classes = {
	};
	objectVersion = 55;
	objects = {

/* Begin PBXBuildFile section */
		570CA52C281C1943007C318A /* StatementViewTableSection.swift in Sources */ = {isa = PBXBuildFile; fileRef = 570CA52B281C1943007C318A /* StatementViewTableSection.swift */; };
		570CA52E281C19FC007C318A /* StatementTableSection.swift in Sources */ = {isa = PBXBuildFile; fileRef = 570CA52D281C19FC007C318A /* StatementTableSection.swift */; };
		57142E2D28182B03005DFFA6 /* StatementView.swift in Sources */ = {isa = PBXBuildFile; fileRef = 57142E2C28182B03005DFFA6 /* StatementView.swift */; };
		57142E2F28182B0F005DFFA6 /* StatementViewProtocol.swift in Sources */ = {isa = PBXBuildFile; fileRef = 57142E2E28182B0F005DFFA6 /* StatementViewProtocol.swift */; };
		57142E3128182B1A005DFFA6 /* StatementViewDelegate.swift in Sources */ = {isa = PBXBuildFile; fileRef = 57142E3028182B1A005DFFA6 /* StatementViewDelegate.swift */; };
		57142E3328182B2C005DFFA6 /* StatementViewModel.swift in Sources */ = {isa = PBXBuildFile; fileRef = 57142E3228182B2C005DFFA6 /* StatementViewModel.swift */; };
		57142E3528182B3A005DFFA6 /* StatementViewModelProtocol.swift in Sources */ = {isa = PBXBuildFile; fileRef = 57142E3428182B3A005DFFA6 /* StatementViewModelProtocol.swift */; };
		57142E3728182B46005DFFA6 /* StatementCoordinator.swift in Sources */ = {isa = PBXBuildFile; fileRef = 57142E3628182B46005DFFA6 /* StatementCoordinator.swift */; };
		57142E3928182B55005DFFA6 /* StatementCoordinatorProtocol.swift in Sources */ = {isa = PBXBuildFile; fileRef = 57142E3828182B55005DFFA6 /* StatementCoordinatorProtocol.swift */; };
		57142E3C281840DA005DFFA6 /* StatementDataSourceProtocol.swift in Sources */ = {isa = PBXBuildFile; fileRef = 57142E3B281840DA005DFFA6 /* StatementDataSourceProtocol.swift */; };
		57142E3E281840F3005DFFA6 /* StatementDataSource.swift in Sources */ = {isa = PBXBuildFile; fileRef = 57142E3D281840F3005DFFA6 /* StatementDataSource.swift */; };
		57142E4328184519005DFFA6 /* StatementItem.swift in Sources */ = {isa = PBXBuildFile; fileRef = 57142E4228184519005DFFA6 /* StatementItem.swift */; };
		57340FB8281765080070804E /* Statement.framework in Frameworks */ = {isa = PBXBuildFile; fileRef = 57340FAF281765080070804E /* Statement.framework */; };
		57340FBD281765080070804E /* StatementTests.swift in Sources */ = {isa = PBXBuildFile; fileRef = 57340FBC281765080070804E /* StatementTests.swift */; };
		57340FBE281765080070804E /* Statement.h in Headers */ = {isa = PBXBuildFile; fileRef = 57340FB2281765080070804E /* Statement.h */; settings = {ATTRIBUTES = (Public, ); }; };
		5737623A281DAED800B6C92D /* Float.swift in Sources */ = {isa = PBXBuildFile; fileRef = 57376239281DAED800B6C92D /* Float.swift */; };
		5737623C281DAFBB00B6C92D /* Date.swift in Sources */ = {isa = PBXBuildFile; fileRef = 5737623B281DAFBB00B6C92D /* Date.swift */; };
		579BFD75281B38A1007083EC /* Person.swift in Sources */ = {isa = PBXBuildFile; fileRef = 579BFD74281B38A1007083EC /* Person.swift */; };
		579BFD78281B4943007083EC /* StatementItemCell.swift in Sources */ = {isa = PBXBuildFile; fileRef = 579BFD77281B4943007083EC /* StatementItemCell.swift */; };
		579C5591281EBC0D00566C5A /* TitleDescSection.swift in Sources */ = {isa = PBXBuildFile; fileRef = 579C5590281EBC0D00566C5A /* TitleDescSection.swift */; };
		579C5593281EBC2D00566C5A /* MultiLabelSection.swift in Sources */ = {isa = PBXBuildFile; fileRef = 579C5592281EBC2D00566C5A /* MultiLabelSection.swift */; };
		57C3607A281D526500F84358 /* StatementDetailViewProtocol.swift in Sources */ = {isa = PBXBuildFile; fileRef = 57C36079281D526500F84358 /* StatementDetailViewProtocol.swift */; };
		57C3607C281D527000F84358 /* StatementDetailView.swift in Sources */ = {isa = PBXBuildFile; fileRef = 57C3607B281D527000F84358 /* StatementDetailView.swift */; };
		57C3607E281D527C00F84358 /* StatementDetailViewModelProtocol.swift in Sources */ = {isa = PBXBuildFile; fileRef = 57C3607D281D527C00F84358 /* StatementDetailViewModelProtocol.swift */; };
		57C36080281D528B00F84358 /* StatementDetailViewModel.swift in Sources */ = {isa = PBXBuildFile; fileRef = 57C3607F281D528B00F84358 /* StatementDetailViewModel.swift */; };
		57C36082281D529800F84358 /* StatementDetailCoordinatorProtocol.swift in Sources */ = {isa = PBXBuildFile; fileRef = 57C36081281D529800F84358 /* StatementDetailCoordinatorProtocol.swift */; };
		57C36084281D52AA00F84358 /* StatementDetailCoordinator.swift in Sources */ = {isa = PBXBuildFile; fileRef = 57C36083281D52AA00F84358 /* StatementDetailCoordinator.swift */; };
		57C36086281D52D900F84358 /* StatementDetailViewDelegate.swift in Sources */ = {isa = PBXBuildFile; fileRef = 57C36085281D52D900F84358 /* StatementDetailViewDelegate.swift */; };
		57F131F9281D555D002CB01E /* Components.framework in Frameworks */ = {isa = PBXBuildFile; fileRef = 57F131F8281D555D002CB01E /* Components.framework */; };
		57F131FA281D555D002CB01E /* Components.framework in Embed Frameworks */ = {isa = PBXBuildFile; fileRef = 57F131F8281D555D002CB01E /* Components.framework */; settings = {ATTRIBUTES = (CodeSignOnCopy, RemoveHeadersOnCopy, ); }; };
		57F131FD281D556B002CB01E /* ViewCode.framework in Frameworks */ = {isa = PBXBuildFile; fileRef = 57F131FC281D556B002CB01E /* ViewCode.framework */; };
		57F131FE281D556B002CB01E /* ViewCode.framework in Embed Frameworks */ = {isa = PBXBuildFile; fileRef = 57F131FC281D556B002CB01E /* ViewCode.framework */; settings = {ATTRIBUTES = (CodeSignOnCopy, RemoveHeadersOnCopy, ); }; };
		57F13200281D5579002CB01E /* Resources.framework in Frameworks */ = {isa = PBXBuildFile; fileRef = 57F131FF281D5579002CB01E /* Resources.framework */; };
		57F13201281D5579002CB01E /* Resources.framework in Embed Frameworks */ = {isa = PBXBuildFile; fileRef = 57F131FF281D5579002CB01E /* Resources.framework */; settings = {ATTRIBUTES = (CodeSignOnCopy, RemoveHeadersOnCopy, ); }; };
/* End PBXBuildFile section */

/* Begin PBXContainerItemProxy section */
		57340FB9281765080070804E /* PBXContainerItemProxy */ = {
			isa = PBXContainerItemProxy;
			containerPortal = 57340FA6281765080070804E /* Project object */;
			proxyType = 1;
			remoteGlobalIDString = 57340FAE281765080070804E;
			remoteInfo = Statement;
		};
/* End PBXContainerItemProxy section */

/* Begin PBXCopyFilesBuildPhase section */
		57F131FB281D555E002CB01E /* Embed Frameworks */ = {
			isa = PBXCopyFilesBuildPhase;
			buildActionMask = 2147483647;
			dstPath = "";
			dstSubfolderSpec = 10;
			files = (
				57F131FE281D556B002CB01E /* ViewCode.framework in Embed Frameworks */,
				57F131FA281D555D002CB01E /* Components.framework in Embed Frameworks */,
				57F13201281D5579002CB01E /* Resources.framework in Embed Frameworks */,
			);
			name = "Embed Frameworks";
			runOnlyForDeploymentPostprocessing = 0;
		};
/* End PBXCopyFilesBuildPhase section */

/* Begin PBXFileReference section */
		570CA52B281C1943007C318A /* StatementViewTableSection.swift */ = {isa = PBXFileReference; lastKnownFileType = sourcecode.swift; path = StatementViewTableSection.swift; sourceTree = "<group>"; };
		570CA52D281C19FC007C318A /* StatementTableSection.swift */ = {isa = PBXFileReference; lastKnownFileType = sourcecode.swift; path = StatementTableSection.swift; sourceTree = "<group>"; };
		57142E2C28182B03005DFFA6 /* StatementView.swift */ = {isa = PBXFileReference; lastKnownFileType = sourcecode.swift; path = StatementView.swift; sourceTree = "<group>"; };
		57142E2E28182B0F005DFFA6 /* StatementViewProtocol.swift */ = {isa = PBXFileReference; lastKnownFileType = sourcecode.swift; path = StatementViewProtocol.swift; sourceTree = "<group>"; };
		57142E3028182B1A005DFFA6 /* StatementViewDelegate.swift */ = {isa = PBXFileReference; lastKnownFileType = sourcecode.swift; path = StatementViewDelegate.swift; sourceTree = "<group>"; };
		57142E3228182B2C005DFFA6 /* StatementViewModel.swift */ = {isa = PBXFileReference; lastKnownFileType = sourcecode.swift; path = StatementViewModel.swift; sourceTree = "<group>"; };
		57142E3428182B3A005DFFA6 /* StatementViewModelProtocol.swift */ = {isa = PBXFileReference; lastKnownFileType = sourcecode.swift; path = StatementViewModelProtocol.swift; sourceTree = "<group>"; };
		57142E3628182B46005DFFA6 /* StatementCoordinator.swift */ = {isa = PBXFileReference; lastKnownFileType = sourcecode.swift; path = StatementCoordinator.swift; sourceTree = "<group>"; };
		57142E3828182B55005DFFA6 /* StatementCoordinatorProtocol.swift */ = {isa = PBXFileReference; lastKnownFileType = sourcecode.swift; path = StatementCoordinatorProtocol.swift; sourceTree = "<group>"; };
		57142E3B281840DA005DFFA6 /* StatementDataSourceProtocol.swift */ = {isa = PBXFileReference; lastKnownFileType = sourcecode.swift; path = StatementDataSourceProtocol.swift; sourceTree = "<group>"; };
		57142E3D281840F3005DFFA6 /* StatementDataSource.swift */ = {isa = PBXFileReference; lastKnownFileType = sourcecode.swift; path = StatementDataSource.swift; sourceTree = "<group>"; };
		57142E4228184519005DFFA6 /* StatementItem.swift */ = {isa = PBXFileReference; lastKnownFileType = sourcecode.swift; path = StatementItem.swift; sourceTree = "<group>"; };
		57340FAF281765080070804E /* Statement.framework */ = {isa = PBXFileReference; explicitFileType = wrapper.framework; includeInIndex = 0; path = Statement.framework; sourceTree = BUILT_PRODUCTS_DIR; };
		57340FB2281765080070804E /* Statement.h */ = {isa = PBXFileReference; lastKnownFileType = sourcecode.c.h; path = Statement.h; sourceTree = "<group>"; };
		57340FB7281765080070804E /* StatementTests.xctest */ = {isa = PBXFileReference; explicitFileType = wrapper.cfbundle; includeInIndex = 0; path = StatementTests.xctest; sourceTree = BUILT_PRODUCTS_DIR; };
		57340FBC281765080070804E /* StatementTests.swift */ = {isa = PBXFileReference; lastKnownFileType = sourcecode.swift; path = StatementTests.swift; sourceTree = "<group>"; };
		57376239281DAED800B6C92D /* Float.swift */ = {isa = PBXFileReference; lastKnownFileType = sourcecode.swift; path = Float.swift; sourceTree = "<group>"; };
		5737623B281DAFBB00B6C92D /* Date.swift */ = {isa = PBXFileReference; lastKnownFileType = sourcecode.swift; path = Date.swift; sourceTree = "<group>"; };
		579BFD74281B38A1007083EC /* Person.swift */ = {isa = PBXFileReference; lastKnownFileType = sourcecode.swift; path = Person.swift; sourceTree = "<group>"; };
		579BFD77281B4943007083EC /* StatementItemCell.swift */ = {isa = PBXFileReference; lastKnownFileType = sourcecode.swift; path = StatementItemCell.swift; sourceTree = "<group>"; };
		579C5590281EBC0D00566C5A /* TitleDescSection.swift */ = {isa = PBXFileReference; lastKnownFileType = sourcecode.swift; path = TitleDescSection.swift; sourceTree = "<group>"; };
		579C5592281EBC2D00566C5A /* MultiLabelSection.swift */ = {isa = PBXFileReference; lastKnownFileType = sourcecode.swift; path = MultiLabelSection.swift; sourceTree = "<group>"; };
		57C36079281D526500F84358 /* StatementDetailViewProtocol.swift */ = {isa = PBXFileReference; lastKnownFileType = sourcecode.swift; path = StatementDetailViewProtocol.swift; sourceTree = "<group>"; };
		57C3607B281D527000F84358 /* StatementDetailView.swift */ = {isa = PBXFileReference; lastKnownFileType = sourcecode.swift; path = StatementDetailView.swift; sourceTree = "<group>"; };
		57C3607D281D527C00F84358 /* StatementDetailViewModelProtocol.swift */ = {isa = PBXFileReference; lastKnownFileType = sourcecode.swift; path = StatementDetailViewModelProtocol.swift; sourceTree = "<group>"; };
		57C3607F281D528B00F84358 /* StatementDetailViewModel.swift */ = {isa = PBXFileReference; lastKnownFileType = sourcecode.swift; path = StatementDetailViewModel.swift; sourceTree = "<group>"; };
		57C36081281D529800F84358 /* StatementDetailCoordinatorProtocol.swift */ = {isa = PBXFileReference; lastKnownFileType = sourcecode.swift; path = StatementDetailCoordinatorProtocol.swift; sourceTree = "<group>"; };
		57C36083281D52AA00F84358 /* StatementDetailCoordinator.swift */ = {isa = PBXFileReference; lastKnownFileType = sourcecode.swift; path = StatementDetailCoordinator.swift; sourceTree = "<group>"; };
		57C36085281D52D900F84358 /* StatementDetailViewDelegate.swift */ = {isa = PBXFileReference; lastKnownFileType = sourcecode.swift; path = StatementDetailViewDelegate.swift; sourceTree = "<group>"; };
		57F131F8281D555D002CB01E /* Components.framework */ = {isa = PBXFileReference; explicitFileType = wrapper.framework; path = Components.framework; sourceTree = BUILT_PRODUCTS_DIR; };
		57F131FC281D556B002CB01E /* ViewCode.framework */ = {isa = PBXFileReference; explicitFileType = wrapper.framework; path = ViewCode.framework; sourceTree = BUILT_PRODUCTS_DIR; };
		57F131FF281D5579002CB01E /* Resources.framework */ = {isa = PBXFileReference; explicitFileType = wrapper.framework; path = Resources.framework; sourceTree = BUILT_PRODUCTS_DIR; };
/* End PBXFileReference section */

/* Begin PBXFrameworksBuildPhase section */
		57340FAC281765080070804E /* Frameworks */ = {
			isa = PBXFrameworksBuildPhase;
			buildActionMask = 2147483647;
			files = (
				57F131FD281D556B002CB01E /* ViewCode.framework in Frameworks */,
				57F131F9281D555D002CB01E /* Components.framework in Frameworks */,
				57F13200281D5579002CB01E /* Resources.framework in Frameworks */,
			);
			runOnlyForDeploymentPostprocessing = 0;
		};
		57340FB4281765080070804E /* Frameworks */ = {
			isa = PBXFrameworksBuildPhase;
			buildActionMask = 2147483647;
			files = (
				57340FB8281765080070804E /* Statement.framework in Frameworks */,
			);
			runOnlyForDeploymentPostprocessing = 0;
		};
/* End PBXFrameworksBuildPhase section */

/* Begin PBXGroup section */
		57142E2528182A17005DFFA6 /* StatementList */ = {
			isa = PBXGroup;
			children = (
				57142E3F2818421A005DFFA6 /* DataModels */,
				57142E3A281840C3005DFFA6 /* DataSource */,
				57142E2828182A34005DFFA6 /* Coordinator */,
				57142E2728182A2C005DFFA6 /* ViewModel */,
				57142E2628182A25005DFFA6 /* View */,
			);
			path = StatementList;
			sourceTree = "<group>";
		};
		57142E2628182A25005DFFA6 /* View */ = {
			isa = PBXGroup;
			children = (
				579BFD76281B492D007083EC /* Components */,
				57142E2C28182B03005DFFA6 /* StatementView.swift */,
				57142E2E28182B0F005DFFA6 /* StatementViewProtocol.swift */,
				57142E3028182B1A005DFFA6 /* StatementViewDelegate.swift */,
				570CA52B281C1943007C318A /* StatementViewTableSection.swift */,
			);
			path = View;
			sourceTree = "<group>";
		};
		57142E2728182A2C005DFFA6 /* ViewModel */ = {
			isa = PBXGroup;
			children = (
				57142E3228182B2C005DFFA6 /* StatementViewModel.swift */,
				57142E3428182B3A005DFFA6 /* StatementViewModelProtocol.swift */,
			);
			path = ViewModel;
			sourceTree = "<group>";
		};
		57142E2828182A34005DFFA6 /* Coordinator */ = {
			isa = PBXGroup;
			children = (
				57142E3628182B46005DFFA6 /* StatementCoordinator.swift */,
				57142E3828182B55005DFFA6 /* StatementCoordinatorProtocol.swift */,
			);
			path = Coordinator;
			sourceTree = "<group>";
		};
		57142E3A281840C3005DFFA6 /* DataSource */ = {
			isa = PBXGroup;
			children = (
				57142E3B281840DA005DFFA6 /* StatementDataSourceProtocol.swift */,
				57142E3D281840F3005DFFA6 /* StatementDataSource.swift */,
			);
			path = DataSource;
			sourceTree = "<group>";
		};
		57142E3F2818421A005DFFA6 /* DataModels */ = {
			isa = PBXGroup;
			children = (
				57142E4228184519005DFFA6 /* StatementItem.swift */,
				579BFD74281B38A1007083EC /* Person.swift */,
			);
			path = DataModels;
			sourceTree = "<group>";
		};
		57340FA5281765080070804E = {
			isa = PBXGroup;
			children = (
				57340FB1281765080070804E /* Statement */,
				57340FBB281765080070804E /* StatementTests */,
				57340FB0281765080070804E /* Products */,
				57F131F7281D555D002CB01E /* Frameworks */,
			);
			sourceTree = "<group>";
		};
		57340FB0281765080070804E /* Products */ = {
			isa = PBXGroup;
			children = (
				57340FAF281765080070804E /* Statement.framework */,
				57340FB7281765080070804E /* StatementTests.xctest */,
			);
			name = Products;
			sourceTree = "<group>";
		};
		57340FB1281765080070804E /* Statement */ = {
			isa = PBXGroup;
			children = (
				57376238281DAEC700B6C92D /* Extensions */,
				57C36074281D51E400F84358 /* StatementDetail */,
				57142E2528182A17005DFFA6 /* StatementList */,
				57340FB2281765080070804E /* Statement.h */,
			);
			path = Statement;
			sourceTree = "<group>";
		};
		57340FBB281765080070804E /* StatementTests */ = {
			isa = PBXGroup;
			children = (
				57340FBC281765080070804E /* StatementTests.swift */,
			);
			path = StatementTests;
			sourceTree = "<group>";
		};
		57376238281DAEC700B6C92D /* Extensions */ = {
			isa = PBXGroup;
			children = (
				57376239281DAED800B6C92D /* Float.swift */,
				5737623B281DAFBB00B6C92D /* Date.swift */,
			);
			path = Extensions;
			sourceTree = "<group>";
		};
		579BFD76281B492D007083EC /* Components */ = {
			isa = PBXGroup;
			children = (
				579BFD77281B4943007083EC /* StatementItemCell.swift */,
				570CA52D281C19FC007C318A /* StatementTableSection.swift */,
			);
			path = Components;
			sourceTree = "<group>";
		};
		579C558F281EBBEF00566C5A /* Components */ = {
			isa = PBXGroup;
			children = (
				579C5590281EBC0D00566C5A /* TitleDescSection.swift */,
				579C5592281EBC2D00566C5A /* MultiLabelSection.swift */,
			);
			path = Components;
			sourceTree = "<group>";
		};
		57C36074281D51E400F84358 /* StatementDetail */ = {
			isa = PBXGroup;
			children = (
				57C36077281D524000F84358 /* Coordinator */,
				57C36076281D523900F84358 /* ViewModel */,
				57C36075281D523300F84358 /* View */,
			);
			path = StatementDetail;
			sourceTree = "<group>";
		};
		57C36075281D523300F84358 /* View */ = {
			isa = PBXGroup;
			children = (
				579C558F281EBBEF00566C5A /* Components */,
				57C3607B281D527000F84358 /* StatementDetailView.swift */,
				57C36079281D526500F84358 /* StatementDetailViewProtocol.swift */,
				57C36085281D52D900F84358 /* StatementDetailViewDelegate.swift */,
			);
			path = View;
			sourceTree = "<group>";
		};
		57C36076281D523900F84358 /* ViewModel */ = {
			isa = PBXGroup;
			children = (
				57C3607D281D527C00F84358 /* StatementDetailViewModelProtocol.swift */,
				57C3607F281D528B00F84358 /* StatementDetailViewModel.swift */,
			);
			path = ViewModel;
			sourceTree = "<group>";
		};
		57C36077281D524000F84358 /* Coordinator */ = {
			isa = PBXGroup;
			children = (
				57C36081281D529800F84358 /* StatementDetailCoordinatorProtocol.swift */,
				57C36083281D52AA00F84358 /* StatementDetailCoordinator.swift */,
			);
			path = Coordinator;
			sourceTree = "<group>";
		};
		57F131F7281D555D002CB01E /* Frameworks */ = {
			isa = PBXGroup;
			children = (
				57F131FF281D5579002CB01E /* Resources.framework */,
				57F131FC281D556B002CB01E /* ViewCode.framework */,
				57F131F8281D555D002CB01E /* Components.framework */,
			);
			name = Frameworks;
			sourceTree = "<group>";
		};
/* End PBXGroup section */

/* Begin PBXHeadersBuildPhase section */
		57340FAA281765080070804E /* Headers */ = {
			isa = PBXHeadersBuildPhase;
			buildActionMask = 2147483647;
			files = (
				57340FBE281765080070804E /* Statement.h in Headers */,
			);
			runOnlyForDeploymentPostprocessing = 0;
		};
/* End PBXHeadersBuildPhase section */

/* Begin PBXNativeTarget section */
		57340FAE281765080070804E /* Statement */ = {
			isa = PBXNativeTarget;
			buildConfigurationList = 57340FC1281765080070804E /* Build configuration list for PBXNativeTarget "Statement" */;
			buildPhases = (
				57340FAA281765080070804E /* Headers */,
				57340FAB281765080070804E /* Sources */,
				57340FAC281765080070804E /* Frameworks */,
				57340FAD281765080070804E /* Resources */,
				57F131FB281D555E002CB01E /* Embed Frameworks */,
			);
			buildRules = (
			);
			dependencies = (
			);
			name = Statement;
			productName = Statement;
			productReference = 57340FAF281765080070804E /* Statement.framework */;
			productType = "com.apple.product-type.framework";
		};
		57340FB6281765080070804E /* StatementTests */ = {
			isa = PBXNativeTarget;
			buildConfigurationList = 57340FC4281765080070804E /* Build configuration list for PBXNativeTarget "StatementTests" */;
			buildPhases = (
				57340FB3281765080070804E /* Sources */,
				57340FB4281765080070804E /* Frameworks */,
				57340FB5281765080070804E /* Resources */,
			);
			buildRules = (
			);
			dependencies = (
				57340FBA281765080070804E /* PBXTargetDependency */,
			);
			name = StatementTests;
			productName = StatementTests;
			productReference = 57340FB7281765080070804E /* StatementTests.xctest */;
			productType = "com.apple.product-type.bundle.unit-test";
		};
/* End PBXNativeTarget section */

/* Begin PBXProject section */
		57340FA6281765080070804E /* Project object */ = {
			isa = PBXProject;
			attributes = {
				BuildIndependentTargetsInParallel = 1;
				LastSwiftUpdateCheck = 1330;
				LastUpgradeCheck = 1330;
				TargetAttributes = {
					57340FAE281765080070804E = {
						CreatedOnToolsVersion = 13.3.1;
						LastSwiftMigration = 1330;
					};
					57340FB6281765080070804E = {
						CreatedOnToolsVersion = 13.3.1;
					};
				};
			};
			buildConfigurationList = 57340FA9281765080070804E /* Build configuration list for PBXProject "Statement" */;
			compatibilityVersion = "Xcode 13.0";
			developmentRegion = en;
			hasScannedForEncodings = 0;
			knownRegions = (
				en,
				Base,
			);
			mainGroup = 57340FA5281765080070804E;
			productRefGroup = 57340FB0281765080070804E /* Products */;
			projectDirPath = "";
			projectRoot = "";
			targets = (
				57340FAE281765080070804E /* Statement */,
				57340FB6281765080070804E /* StatementTests */,
			);
		};
/* End PBXProject section */

/* Begin PBXResourcesBuildPhase section */
		57340FAD281765080070804E /* Resources */ = {
			isa = PBXResourcesBuildPhase;
			buildActionMask = 2147483647;
			files = (
			);
			runOnlyForDeploymentPostprocessing = 0;
		};
		57340FB5281765080070804E /* Resources */ = {
			isa = PBXResourcesBuildPhase;
			buildActionMask = 2147483647;
			files = (
			);
			runOnlyForDeploymentPostprocessing = 0;
		};
/* End PBXResourcesBuildPhase section */

/* Begin PBXSourcesBuildPhase section */
		57340FAB281765080070804E /* Sources */ = {
			isa = PBXSourcesBuildPhase;
			buildActionMask = 2147483647;
			files = (
				5737623C281DAFBB00B6C92D /* Date.swift in Sources */,
				5737623A281DAED800B6C92D /* Float.swift in Sources */,
				57C36080281D528B00F84358 /* StatementDetailViewModel.swift in Sources */,
				57C36084281D52AA00F84358 /* StatementDetailCoordinator.swift in Sources */,
				57142E3C281840DA005DFFA6 /* StatementDataSourceProtocol.swift in Sources */,
				57142E3328182B2C005DFFA6 /* StatementViewModel.swift in Sources */,
				57C3607A281D526500F84358 /* StatementDetailViewProtocol.swift in Sources */,
				57C36082281D529800F84358 /* StatementDetailCoordinatorProtocol.swift in Sources */,
				57142E2F28182B0F005DFFA6 /* StatementViewProtocol.swift in Sources */,
				57142E3128182B1A005DFFA6 /* StatementViewDelegate.swift in Sources */,
				57C3607C281D527000F84358 /* StatementDetailView.swift in Sources */,
				57C36086281D52D900F84358 /* StatementDetailViewDelegate.swift in Sources */,
				57142E3928182B55005DFFA6 /* StatementCoordinatorProtocol.swift in Sources */,
				57142E3E281840F3005DFFA6 /* StatementDataSource.swift in Sources */,
				57C3607E281D527C00F84358 /* StatementDetailViewModelProtocol.swift in Sources */,
				570CA52E281C19FC007C318A /* StatementTableSection.swift in Sources */,
				579BFD75281B38A1007083EC /* Person.swift in Sources */,
				57142E3528182B3A005DFFA6 /* StatementViewModelProtocol.swift in Sources */,
				579BFD78281B4943007083EC /* StatementItemCell.swift in Sources */,
				579C5593281EBC2D00566C5A /* MultiLabelSection.swift in Sources */,
				570CA52C281C1943007C318A /* StatementViewTableSection.swift in Sources */,
				57142E4328184519005DFFA6 /* StatementItem.swift in Sources */,
				57142E3728182B46005DFFA6 /* StatementCoordinator.swift in Sources */,
				57142E2D28182B03005DFFA6 /* StatementView.swift in Sources */,
				579C5591281EBC0D00566C5A /* TitleDescSection.swift in Sources */,
			);
			runOnlyForDeploymentPostprocessing = 0;
		};
		57340FB3281765080070804E /* Sources */ = {
			isa = PBXSourcesBuildPhase;
			buildActionMask = 2147483647;
			files = (
				57340FBD281765080070804E /* StatementTests.swift in Sources */,
			);
			runOnlyForDeploymentPostprocessing = 0;
		};
/* End PBXSourcesBuildPhase section */

/* Begin PBXTargetDependency section */
		57340FBA281765080070804E /* PBXTargetDependency */ = {
			isa = PBXTargetDependency;
			target = 57340FAE281765080070804E /* Statement */;
			targetProxy = 57340FB9281765080070804E /* PBXContainerItemProxy */;
		};
/* End PBXTargetDependency section */

/* Begin XCBuildConfiguration section */
		57340FBF281765080070804E /* Debug */ = {
			isa = XCBuildConfiguration;
			buildSettings = {
				ALWAYS_SEARCH_USER_PATHS = NO;
				CLANG_ANALYZER_NONNULL = YES;
				CLANG_ANALYZER_NUMBER_OBJECT_CONVERSION = YES_AGGRESSIVE;
				CLANG_CXX_LANGUAGE_STANDARD = "gnu++17";
				CLANG_ENABLE_MODULES = YES;
				CLANG_ENABLE_OBJC_ARC = YES;
				CLANG_ENABLE_OBJC_WEAK = YES;
				CLANG_WARN_BLOCK_CAPTURE_AUTORELEASING = YES;
				CLANG_WARN_BOOL_CONVERSION = YES;
				CLANG_WARN_COMMA = YES;
				CLANG_WARN_CONSTANT_CONVERSION = YES;
				CLANG_WARN_DEPRECATED_OBJC_IMPLEMENTATIONS = YES;
				CLANG_WARN_DIRECT_OBJC_ISA_USAGE = YES_ERROR;
				CLANG_WARN_DOCUMENTATION_COMMENTS = YES;
				CLANG_WARN_EMPTY_BODY = YES;
				CLANG_WARN_ENUM_CONVERSION = YES;
				CLANG_WARN_INFINITE_RECURSION = YES;
				CLANG_WARN_INT_CONVERSION = YES;
				CLANG_WARN_NON_LITERAL_NULL_CONVERSION = YES;
				CLANG_WARN_OBJC_IMPLICIT_RETAIN_SELF = YES;
				CLANG_WARN_OBJC_LITERAL_CONVERSION = YES;
				CLANG_WARN_OBJC_ROOT_CLASS = YES_ERROR;
				CLANG_WARN_QUOTED_INCLUDE_IN_FRAMEWORK_HEADER = YES;
				CLANG_WARN_RANGE_LOOP_ANALYSIS = YES;
				CLANG_WARN_STRICT_PROTOTYPES = YES;
				CLANG_WARN_SUSPICIOUS_MOVE = YES;
				CLANG_WARN_UNGUARDED_AVAILABILITY = YES_AGGRESSIVE;
				CLANG_WARN_UNREACHABLE_CODE = YES;
				CLANG_WARN__DUPLICATE_METHOD_MATCH = YES;
				COPY_PHASE_STRIP = NO;
				CURRENT_PROJECT_VERSION = 1;
				DEBUG_INFORMATION_FORMAT = dwarf;
				ENABLE_STRICT_OBJC_MSGSEND = YES;
				ENABLE_TESTABILITY = YES;
				GCC_C_LANGUAGE_STANDARD = gnu11;
				GCC_DYNAMIC_NO_PIC = NO;
				GCC_NO_COMMON_BLOCKS = YES;
				GCC_OPTIMIZATION_LEVEL = 0;
				GCC_PREPROCESSOR_DEFINITIONS = (
					"DEBUG=1",
					"$(inherited)",
				);
				GCC_WARN_64_TO_32_BIT_CONVERSION = YES;
				GCC_WARN_ABOUT_RETURN_TYPE = YES_ERROR;
				GCC_WARN_UNDECLARED_SELECTOR = YES;
				GCC_WARN_UNINITIALIZED_AUTOS = YES_AGGRESSIVE;
				GCC_WARN_UNUSED_FUNCTION = YES;
				GCC_WARN_UNUSED_VARIABLE = YES;
				IPHONEOS_DEPLOYMENT_TARGET = 15.4;
				MTL_ENABLE_DEBUG_INFO = INCLUDE_SOURCE;
				MTL_FAST_MATH = YES;
				ONLY_ACTIVE_ARCH = YES;
				SDKROOT = iphoneos;
				SWIFT_ACTIVE_COMPILATION_CONDITIONS = DEBUG;
				SWIFT_OPTIMIZATION_LEVEL = "-Onone";
				VERSIONING_SYSTEM = "apple-generic";
				VERSION_INFO_PREFIX = "";
			};
			name = Debug;
		};
		57340FC0281765080070804E /* Release */ = {
			isa = XCBuildConfiguration;
			buildSettings = {
				ALWAYS_SEARCH_USER_PATHS = NO;
				CLANG_ANALYZER_NONNULL = YES;
				CLANG_ANALYZER_NUMBER_OBJECT_CONVERSION = YES_AGGRESSIVE;
				CLANG_CXX_LANGUAGE_STANDARD = "gnu++17";
				CLANG_ENABLE_MODULES = YES;
				CLANG_ENABLE_OBJC_ARC = YES;
				CLANG_ENABLE_OBJC_WEAK = YES;
				CLANG_WARN_BLOCK_CAPTURE_AUTORELEASING = YES;
				CLANG_WARN_BOOL_CONVERSION = YES;
				CLANG_WARN_COMMA = YES;
				CLANG_WARN_CONSTANT_CONVERSION = YES;
				CLANG_WARN_DEPRECATED_OBJC_IMPLEMENTATIONS = YES;
				CLANG_WARN_DIRECT_OBJC_ISA_USAGE = YES_ERROR;
				CLANG_WARN_DOCUMENTATION_COMMENTS = YES;
				CLANG_WARN_EMPTY_BODY = YES;
				CLANG_WARN_ENUM_CONVERSION = YES;
				CLANG_WARN_INFINITE_RECURSION = YES;
				CLANG_WARN_INT_CONVERSION = YES;
				CLANG_WARN_NON_LITERAL_NULL_CONVERSION = YES;
				CLANG_WARN_OBJC_IMPLICIT_RETAIN_SELF = YES;
				CLANG_WARN_OBJC_LITERAL_CONVERSION = YES;
				CLANG_WARN_OBJC_ROOT_CLASS = YES_ERROR;
				CLANG_WARN_QUOTED_INCLUDE_IN_FRAMEWORK_HEADER = YES;
				CLANG_WARN_RANGE_LOOP_ANALYSIS = YES;
				CLANG_WARN_STRICT_PROTOTYPES = YES;
				CLANG_WARN_SUSPICIOUS_MOVE = YES;
				CLANG_WARN_UNGUARDED_AVAILABILITY = YES_AGGRESSIVE;
				CLANG_WARN_UNREACHABLE_CODE = YES;
				CLANG_WARN__DUPLICATE_METHOD_MATCH = YES;
				COPY_PHASE_STRIP = NO;
				CURRENT_PROJECT_VERSION = 1;
				DEBUG_INFORMATION_FORMAT = "dwarf-with-dsym";
				ENABLE_NS_ASSERTIONS = NO;
				ENABLE_STRICT_OBJC_MSGSEND = YES;
				GCC_C_LANGUAGE_STANDARD = gnu11;
				GCC_NO_COMMON_BLOCKS = YES;
				GCC_WARN_64_TO_32_BIT_CONVERSION = YES;
				GCC_WARN_ABOUT_RETURN_TYPE = YES_ERROR;
				GCC_WARN_UNDECLARED_SELECTOR = YES;
				GCC_WARN_UNINITIALIZED_AUTOS = YES_AGGRESSIVE;
				GCC_WARN_UNUSED_FUNCTION = YES;
				GCC_WARN_UNUSED_VARIABLE = YES;
				IPHONEOS_DEPLOYMENT_TARGET = 15.4;
				MTL_ENABLE_DEBUG_INFO = NO;
				MTL_FAST_MATH = YES;
				SDKROOT = iphoneos;
				SWIFT_COMPILATION_MODE = wholemodule;
				SWIFT_OPTIMIZATION_LEVEL = "-O";
				VALIDATE_PRODUCT = YES;
				VERSIONING_SYSTEM = "apple-generic";
				VERSION_INFO_PREFIX = "";
			};
			name = Release;
		};
		57340FC2281765080070804E /* Debug */ = {
			isa = XCBuildConfiguration;
			buildSettings = {
				CLANG_ENABLE_MODULES = YES;
				CODE_SIGN_STYLE = Automatic;
				CURRENT_PROJECT_VERSION = 1;
				DEFINES_MODULE = YES;
				DYLIB_COMPATIBILITY_VERSION = 1;
				DYLIB_CURRENT_VERSION = 1;
				DYLIB_INSTALL_NAME_BASE = "@rpath";
				GENERATE_INFOPLIST_FILE = YES;
				INFOPLIST_KEY_NSHumanReadableCopyright = "";
				INSTALL_PATH = "$(LOCAL_LIBRARY_DIR)/Frameworks";
				LD_RUNPATH_SEARCH_PATHS = (
					"$(inherited)",
					"@executable_path/Frameworks",
					"@loader_path/Frameworks",
				);
				MARKETING_VERSION = 1.0;
				PRODUCT_BUNDLE_IDENTIFIER = "test-app.Statement";
				PRODUCT_NAME = "$(TARGET_NAME:c99extidentifier)";
				SKIP_INSTALL = YES;
				SWIFT_EMIT_LOC_STRINGS = YES;
				SWIFT_OPTIMIZATION_LEVEL = "-Onone";
				SWIFT_VERSION = 5.0;
				TARGETED_DEVICE_FAMILY = "1,2";
			};
			name = Debug;
		};
		57340FC3281765080070804E /* Release */ = {
			isa = XCBuildConfiguration;
			buildSettings = {
				CLANG_ENABLE_MODULES = YES;
				CODE_SIGN_STYLE = Automatic;
				CURRENT_PROJECT_VERSION = 1;
				DEFINES_MODULE = YES;
				DYLIB_COMPATIBILITY_VERSION = 1;
				DYLIB_CURRENT_VERSION = 1;
				DYLIB_INSTALL_NAME_BASE = "@rpath";
				GENERATE_INFOPLIST_FILE = YES;
				INFOPLIST_KEY_NSHumanReadableCopyright = "";
				INSTALL_PATH = "$(LOCAL_LIBRARY_DIR)/Frameworks";
				LD_RUNPATH_SEARCH_PATHS = (
					"$(inherited)",
					"@executable_path/Frameworks",
					"@loader_path/Frameworks",
				);
				MARKETING_VERSION = 1.0;
				PRODUCT_BUNDLE_IDENTIFIER = "test-app.Statement";
				PRODUCT_NAME = "$(TARGET_NAME:c99extidentifier)";
				SKIP_INSTALL = YES;
				SWIFT_EMIT_LOC_STRINGS = YES;
				SWIFT_VERSION = 5.0;
				TARGETED_DEVICE_FAMILY = "1,2";
			};
			name = Release;
		};
		57340FC5281765080070804E /* Debug */ = {
			isa = XCBuildConfiguration;
			buildSettings = {
				ALWAYS_EMBED_SWIFT_STANDARD_LIBRARIES = YES;
				CODE_SIGN_STYLE = Automatic;
				CURRENT_PROJECT_VERSION = 1;
				GENERATE_INFOPLIST_FILE = YES;
				MARKETING_VERSION = 1.0;
				PRODUCT_BUNDLE_IDENTIFIER = "test-app.StatementTests";
				PRODUCT_NAME = "$(TARGET_NAME)";
				SWIFT_EMIT_LOC_STRINGS = NO;
				SWIFT_VERSION = 5.0;
				TARGETED_DEVICE_FAMILY = "1,2";
			};
			name = Debug;
		};
		57340FC6281765080070804E /* Release */ = {
			isa = XCBuildConfiguration;
			buildSettings = {
				ALWAYS_EMBED_SWIFT_STANDARD_LIBRARIES = YES;
				CODE_SIGN_STYLE = Automatic;
				CURRENT_PROJECT_VERSION = 1;
				GENERATE_INFOPLIST_FILE = YES;
				MARKETING_VERSION = 1.0;
				PRODUCT_BUNDLE_IDENTIFIER = "test-app.StatementTests";
				PRODUCT_NAME = "$(TARGET_NAME)";
				SWIFT_EMIT_LOC_STRINGS = NO;
				SWIFT_VERSION = 5.0;
				TARGETED_DEVICE_FAMILY = "1,2";
			};
			name = Release;
		};
/* End XCBuildConfiguration section */

/* Begin XCConfigurationList section */
		57340FA9281765080070804E /* Build configuration list for PBXProject "Statement" */ = {
			isa = XCConfigurationList;
			buildConfigurations = (
				57340FBF281765080070804E /* Debug */,
				57340FC0281765080070804E /* Release */,
			);
			defaultConfigurationIsVisible = 0;
			defaultConfigurationName = Release;
		};
		57340FC1281765080070804E /* Build configuration list for PBXNativeTarget "Statement" */ = {
			isa = XCConfigurationList;
			buildConfigurations = (
				57340FC2281765080070804E /* Debug */,
				57340FC3281765080070804E /* Release */,
			);
			defaultConfigurationIsVisible = 0;
			defaultConfigurationName = Release;
		};
		57340FC4281765080070804E /* Build configuration list for PBXNativeTarget "StatementTests" */ = {
			isa = XCConfigurationList;
			buildConfigurations = (
				57340FC5281765080070804E /* Debug */,
				57340FC6281765080070804E /* Release */,
			);
			defaultConfigurationIsVisible = 0;
			defaultConfigurationName = Release;
		};
/* End XCConfigurationList section */
	};
	rootObject = 57340FA6281765080070804E /* Project object */;
}
