// !$*UTF8*$!
{
	archiveVersion = 1;
	classes = {
	};
	objectVersion = 51;
	objects = {

/* Begin PBXBuildFile section */
		2C967C6BBC20BADA4C8BE2A1 /* Pods_DesafioCoraBank.framework in Frameworks */ = {isa = PBXBuildFile; fileRef = 6DCCAF9C5BF5CF30BE125446 /* Pods_DesafioCoraBank.framework */; };
		B69D0157643C9F794ACEF424 /* Pods_DesafioCoraBankUITests.framework in Frameworks */ = {isa = PBXBuildFile; fileRef = 44FA6BA8FEEE8EF7EE70C805 /* Pods_DesafioCoraBankUITests.framework */; };
		BF41AA677B6EBDADAFA75E2C /* Pods_DesafioCoraBankTests.framework in Frameworks */ = {isa = PBXBuildFile; fileRef = A62732C5FB85D19938B5FDE4 /* Pods_DesafioCoraBankTests.framework */; };
		D8736423244D04FA00ACFC52 /* CBTextField.swift in Sources */ = {isa = PBXBuildFile; fileRef = D8736422244D04FA00ACFC52 /* CBTextField.swift */; };
		D8736426244E0CAD00ACFC52 /* CBActionButtonSpec.swift in Sources */ = {isa = PBXBuildFile; fileRef = D8736425244E0CAD00ACFC52 /* CBActionButtonSpec.swift */; };
		D873642C244E21A300ACFC52 /* CBTextFieldSpec.swift in Sources */ = {isa = PBXBuildFile; fileRef = D873642B244E21A300ACFC52 /* CBTextFieldSpec.swift */; };
		D8736430244E446A00ACFC52 /* LoginView.swift in Sources */ = {isa = PBXBuildFile; fileRef = D873642F244E446A00ACFC52 /* LoginView.swift */; };
		D8D6CFD5244CED7B002DE152 /* PaladinKit.framework in Frameworks */ = {isa = PBXBuildFile; fileRef = D8D6CFD4244CED7B002DE152 /* PaladinKit.framework */; };
		D8D6CFD6244CED7B002DE152 /* PaladinKit.framework in Embed Frameworks */ = {isa = PBXBuildFile; fileRef = D8D6CFD4244CED7B002DE152 /* PaladinKit.framework */; settings = {ATTRIBUTES = (CodeSignOnCopy, RemoveHeadersOnCopy, ); }; };
		D8D6CFD9244CEE0E002DE152 /* WizardKit.framework in Frameworks */ = {isa = PBXBuildFile; fileRef = D8D6CFD8244CEE0E002DE152 /* WizardKit.framework */; };
		D8D6CFDA244CEE0F002DE152 /* WizardKit.framework in Embed Frameworks */ = {isa = PBXBuildFile; fileRef = D8D6CFD8244CEE0E002DE152 /* WizardKit.framework */; settings = {ATTRIBUTES = (CodeSignOnCopy, RemoveHeadersOnCopy, ); }; };
		D8D6CFDC244CEE93002DE152 /* RogueKit.framework in Frameworks */ = {isa = PBXBuildFile; fileRef = D8D6CFDB244CEE93002DE152 /* RogueKit.framework */; };
		D8D6CFDD244CEE93002DE152 /* RogueKit.framework in Embed Frameworks */ = {isa = PBXBuildFile; fileRef = D8D6CFDB244CEE93002DE152 /* RogueKit.framework */; settings = {ATTRIBUTES = (CodeSignOnCopy, RemoveHeadersOnCopy, ); }; };
		D8D6CFDF244CF079002DE152 /* DungeonKit.framework in Frameworks */ = {isa = PBXBuildFile; fileRef = D8D6CFDE244CF079002DE152 /* DungeonKit.framework */; };
		D8D6CFE0244CF079002DE152 /* DungeonKit.framework in Embed Frameworks */ = {isa = PBXBuildFile; fileRef = D8D6CFDE244CF079002DE152 /* DungeonKit.framework */; settings = {ATTRIBUTES = (CodeSignOnCopy, RemoveHeadersOnCopy, ); }; };
		D8D6CFE7244CF90C002DE152 /* Colors.swift in Sources */ = {isa = PBXBuildFile; fileRef = D8D6CFE6244CF90C002DE152 /* Colors.swift */; };
		D8D6CFE9244CF915002DE152 /* Fonts.swift in Sources */ = {isa = PBXBuildFile; fileRef = D8D6CFE8244CF915002DE152 /* Fonts.swift */; };
		D8D6CFED244CF932002DE152 /* Margins.swift in Sources */ = {isa = PBXBuildFile; fileRef = D8D6CFEC244CF932002DE152 /* Margins.swift */; };
		D8DC12EA244CFFA5009C695E /* CodeView.swift in Sources */ = {isa = PBXBuildFile; fileRef = D8DC12E9244CFFA5009C695E /* CodeView.swift */; };
		D8DC12EC244D01ED009C695E /* CBActionButton.swift in Sources */ = {isa = PBXBuildFile; fileRef = D8DC12EB244D01ED009C695E /* CBActionButton.swift */; };
		D8E84ABC244B8BD1001D313D /* AppDelegate.swift in Sources */ = {isa = PBXBuildFile; fileRef = D8E84ABB244B8BD1001D313D /* AppDelegate.swift */; };
		D8E84ABE244B8BD1001D313D /* SceneDelegate.swift in Sources */ = {isa = PBXBuildFile; fileRef = D8E84ABD244B8BD1001D313D /* SceneDelegate.swift */; };
		D8E84AC5244B8BD5001D313D /* Assets.xcassets in Resources */ = {isa = PBXBuildFile; fileRef = D8E84AC4244B8BD5001D313D /* Assets.xcassets */; };
		D8E84AC8244B8BD5001D313D /* LaunchScreen.storyboard in Resources */ = {isa = PBXBuildFile; fileRef = D8E84AC6244B8BD5001D313D /* LaunchScreen.storyboard */; };
		D8E84AD3244B8BD5001D313D /* DesafioCoraBankTests.swift in Sources */ = {isa = PBXBuildFile; fileRef = D8E84AD2244B8BD5001D313D /* DesafioCoraBankTests.swift */; };
		D8E84ADE244B8BD5001D313D /* DesafioCoraBankUITests.swift in Sources */ = {isa = PBXBuildFile; fileRef = D8E84ADD244B8BD5001D313D /* DesafioCoraBankUITests.swift */; };
		D8E84AEC244B8CED001D313D /* LoginViewController.swift in Sources */ = {isa = PBXBuildFile; fileRef = D8E84AEB244B8CED001D313D /* LoginViewController.swift */; };
/* End PBXBuildFile section */

/* Begin PBXContainerItemProxy section */
		D8E84ACF244B8BD5001D313D /* PBXContainerItemProxy */ = {
			isa = PBXContainerItemProxy;
			containerPortal = D8E84AB0244B8BD1001D313D /* Project object */;
			proxyType = 1;
			remoteGlobalIDString = D8E84AB7244B8BD1001D313D;
			remoteInfo = DesafioCoraBank;
		};
		D8E84ADA244B8BD5001D313D /* PBXContainerItemProxy */ = {
			isa = PBXContainerItemProxy;
			containerPortal = D8E84AB0244B8BD1001D313D /* Project object */;
			proxyType = 1;
			remoteGlobalIDString = D8E84AB7244B8BD1001D313D;
			remoteInfo = DesafioCoraBank;
		};
/* End PBXContainerItemProxy section */

/* Begin PBXCopyFilesBuildPhase section */
		D8D6CFD7244CED7B002DE152 /* Embed Frameworks */ = {
			isa = PBXCopyFilesBuildPhase;
			buildActionMask = 2147483647;
			dstPath = "";
			dstSubfolderSpec = 10;
			files = (
				D8D6CFE0244CF079002DE152 /* DungeonKit.framework in Embed Frameworks */,
				D8D6CFDD244CEE93002DE152 /* RogueKit.framework in Embed Frameworks */,
				D8D6CFDA244CEE0F002DE152 /* WizardKit.framework in Embed Frameworks */,
				D8D6CFD6244CED7B002DE152 /* PaladinKit.framework in Embed Frameworks */,
			);
			name = "Embed Frameworks";
			runOnlyForDeploymentPostprocessing = 0;
		};
/* End PBXCopyFilesBuildPhase section */

/* Begin PBXFileReference section */
		11B58EF4DF23314A8771C4CB /* Pods-DesafioCoraBank.release.xcconfig */ = {isa = PBXFileReference; includeInIndex = 1; lastKnownFileType = text.xcconfig; name = "Pods-DesafioCoraBank.release.xcconfig"; path = "Target Support Files/Pods-DesafioCoraBank/Pods-DesafioCoraBank.release.xcconfig"; sourceTree = "<group>"; };
		44FA6BA8FEEE8EF7EE70C805 /* Pods_DesafioCoraBankUITests.framework */ = {isa = PBXFileReference; explicitFileType = wrapper.framework; includeInIndex = 0; path = Pods_DesafioCoraBankUITests.framework; sourceTree = BUILT_PRODUCTS_DIR; };
		6069C4556E9536B073AB781B /* Pods-DesafioCoraBankUITests.release.xcconfig */ = {isa = PBXFileReference; includeInIndex = 1; lastKnownFileType = text.xcconfig; name = "Pods-DesafioCoraBankUITests.release.xcconfig"; path = "Target Support Files/Pods-DesafioCoraBankUITests/Pods-DesafioCoraBankUITests.release.xcconfig"; sourceTree = "<group>"; };
		6C0FE1AEC41552D4823BF395 /* Pods-DesafioCoraBankTests.debug.xcconfig */ = {isa = PBXFileReference; includeInIndex = 1; lastKnownFileType = text.xcconfig; name = "Pods-DesafioCoraBankTests.debug.xcconfig"; path = "Target Support Files/Pods-DesafioCoraBankTests/Pods-DesafioCoraBankTests.debug.xcconfig"; sourceTree = "<group>"; };
		6DCCAF9C5BF5CF30BE125446 /* Pods_DesafioCoraBank.framework */ = {isa = PBXFileReference; explicitFileType = wrapper.framework; includeInIndex = 0; path = Pods_DesafioCoraBank.framework; sourceTree = BUILT_PRODUCTS_DIR; };
		8C934C9E8EDB15812DE4D56A /* Pods-DesafioCoraBankTests.release.xcconfig */ = {isa = PBXFileReference; includeInIndex = 1; lastKnownFileType = text.xcconfig; name = "Pods-DesafioCoraBankTests.release.xcconfig"; path = "Target Support Files/Pods-DesafioCoraBankTests/Pods-DesafioCoraBankTests.release.xcconfig"; sourceTree = "<group>"; };
		A62732C5FB85D19938B5FDE4 /* Pods_DesafioCoraBankTests.framework */ = {isa = PBXFileReference; explicitFileType = wrapper.framework; includeInIndex = 0; path = Pods_DesafioCoraBankTests.framework; sourceTree = BUILT_PRODUCTS_DIR; };
		D8736422244D04FA00ACFC52 /* CBTextField.swift */ = {isa = PBXFileReference; lastKnownFileType = sourcecode.swift; path = CBTextField.swift; sourceTree = "<group>"; };
		D8736425244E0CAD00ACFC52 /* CBActionButtonSpec.swift */ = {isa = PBXFileReference; lastKnownFileType = sourcecode.swift; path = CBActionButtonSpec.swift; sourceTree = "<group>"; };
		D873642B244E21A300ACFC52 /* CBTextFieldSpec.swift */ = {isa = PBXFileReference; lastKnownFileType = sourcecode.swift; path = CBTextFieldSpec.swift; sourceTree = "<group>"; };
		D873642F244E446A00ACFC52 /* LoginView.swift */ = {isa = PBXFileReference; lastKnownFileType = sourcecode.swift; path = LoginView.swift; sourceTree = "<group>"; };
		D8D6CFD4244CED7B002DE152 /* PaladinKit.framework */ = {isa = PBXFileReference; explicitFileType = wrapper.framework; path = PaladinKit.framework; sourceTree = BUILT_PRODUCTS_DIR; };
		D8D6CFD8244CEE0E002DE152 /* WizardKit.framework */ = {isa = PBXFileReference; explicitFileType = wrapper.framework; path = WizardKit.framework; sourceTree = BUILT_PRODUCTS_DIR; };
		D8D6CFDB244CEE93002DE152 /* RogueKit.framework */ = {isa = PBXFileReference; explicitFileType = wrapper.framework; path = RogueKit.framework; sourceTree = BUILT_PRODUCTS_DIR; };
		D8D6CFDE244CF079002DE152 /* DungeonKit.framework */ = {isa = PBXFileReference; explicitFileType = wrapper.framework; path = DungeonKit.framework; sourceTree = BUILT_PRODUCTS_DIR; };
		D8D6CFE6244CF90C002DE152 /* Colors.swift */ = {isa = PBXFileReference; lastKnownFileType = sourcecode.swift; path = Colors.swift; sourceTree = "<group>"; };
		D8D6CFE8244CF915002DE152 /* Fonts.swift */ = {isa = PBXFileReference; lastKnownFileType = sourcecode.swift; path = Fonts.swift; sourceTree = "<group>"; };
		D8D6CFEC244CF932002DE152 /* Margins.swift */ = {isa = PBXFileReference; lastKnownFileType = sourcecode.swift; path = Margins.swift; sourceTree = "<group>"; };
		D8DC12E9244CFFA5009C695E /* CodeView.swift */ = {isa = PBXFileReference; lastKnownFileType = sourcecode.swift; path = CodeView.swift; sourceTree = "<group>"; };
		D8DC12EB244D01ED009C695E /* CBActionButton.swift */ = {isa = PBXFileReference; lastKnownFileType = sourcecode.swift; path = CBActionButton.swift; sourceTree = "<group>"; };
		D8E84AB8244B8BD1001D313D /* DesafioCoraBank.app */ = {isa = PBXFileReference; explicitFileType = wrapper.application; includeInIndex = 0; path = DesafioCoraBank.app; sourceTree = BUILT_PRODUCTS_DIR; };
		D8E84ABB244B8BD1001D313D /* AppDelegate.swift */ = {isa = PBXFileReference; lastKnownFileType = sourcecode.swift; path = AppDelegate.swift; sourceTree = "<group>"; };
		D8E84ABD244B8BD1001D313D /* SceneDelegate.swift */ = {isa = PBXFileReference; lastKnownFileType = sourcecode.swift; path = SceneDelegate.swift; sourceTree = "<group>"; };
		D8E84AC4244B8BD5001D313D /* Assets.xcassets */ = {isa = PBXFileReference; lastKnownFileType = folder.assetcatalog; path = Assets.xcassets; sourceTree = "<group>"; };
		D8E84AC7244B8BD5001D313D /* Base */ = {isa = PBXFileReference; lastKnownFileType = file.storyboard; name = Base; path = Base.lproj/LaunchScreen.storyboard; sourceTree = "<group>"; };
		D8E84AC9244B8BD5001D313D /* Info.plist */ = {isa = PBXFileReference; lastKnownFileType = text.plist.xml; path = Info.plist; sourceTree = "<group>"; };
		D8E84ACE244B8BD5001D313D /* DesafioCoraBankTests.xctest */ = {isa = PBXFileReference; explicitFileType = wrapper.cfbundle; includeInIndex = 0; path = DesafioCoraBankTests.xctest; sourceTree = BUILT_PRODUCTS_DIR; };
		D8E84AD2244B8BD5001D313D /* DesafioCoraBankTests.swift */ = {isa = PBXFileReference; lastKnownFileType = sourcecode.swift; path = DesafioCoraBankTests.swift; sourceTree = "<group>"; };
		D8E84AD4244B8BD5001D313D /* Info.plist */ = {isa = PBXFileReference; lastKnownFileType = text.plist.xml; path = Info.plist; sourceTree = "<group>"; };
		D8E84AD9244B8BD5001D313D /* DesafioCoraBankUITests.xctest */ = {isa = PBXFileReference; explicitFileType = wrapper.cfbundle; includeInIndex = 0; path = DesafioCoraBankUITests.xctest; sourceTree = BUILT_PRODUCTS_DIR; };
		D8E84ADD244B8BD5001D313D /* DesafioCoraBankUITests.swift */ = {isa = PBXFileReference; lastKnownFileType = sourcecode.swift; path = DesafioCoraBankUITests.swift; sourceTree = "<group>"; };
		D8E84ADF244B8BD5001D313D /* Info.plist */ = {isa = PBXFileReference; lastKnownFileType = text.plist.xml; path = Info.plist; sourceTree = "<group>"; };
		D8E84AEB244B8CED001D313D /* LoginViewController.swift */ = {isa = PBXFileReference; lastKnownFileType = sourcecode.swift; path = LoginViewController.swift; sourceTree = "<group>"; };
		E5A5E73D5B67E1D7ABDFA75A /* Pods-DesafioCoraBankUITests.debug.xcconfig */ = {isa = PBXFileReference; includeInIndex = 1; lastKnownFileType = text.xcconfig; name = "Pods-DesafioCoraBankUITests.debug.xcconfig"; path = "Target Support Files/Pods-DesafioCoraBankUITests/Pods-DesafioCoraBankUITests.debug.xcconfig"; sourceTree = "<group>"; };
		E77C192D4175BFFB3058E7A7 /* Pods-DesafioCoraBank.debug.xcconfig */ = {isa = PBXFileReference; includeInIndex = 1; lastKnownFileType = text.xcconfig; name = "Pods-DesafioCoraBank.debug.xcconfig"; path = "Target Support Files/Pods-DesafioCoraBank/Pods-DesafioCoraBank.debug.xcconfig"; sourceTree = "<group>"; };
/* End PBXFileReference section */

/* Begin PBXFrameworksBuildPhase section */
		D8E84AB5244B8BD1001D313D /* Frameworks */ = {
			isa = PBXFrameworksBuildPhase;
			buildActionMask = 2147483647;
			files = (
				D8D6CFDC244CEE93002DE152 /* RogueKit.framework in Frameworks */,
				D8D6CFD9244CEE0E002DE152 /* WizardKit.framework in Frameworks */,
				2C967C6BBC20BADA4C8BE2A1 /* Pods_DesafioCoraBank.framework in Frameworks */,
				D8D6CFDF244CF079002DE152 /* DungeonKit.framework in Frameworks */,
				D8D6CFD5244CED7B002DE152 /* PaladinKit.framework in Frameworks */,
			);
			runOnlyForDeploymentPostprocessing = 0;
		};
		D8E84ACB244B8BD5001D313D /* Frameworks */ = {
			isa = PBXFrameworksBuildPhase;
			buildActionMask = 2147483647;
			files = (
				BF41AA677B6EBDADAFA75E2C /* Pods_DesafioCoraBankTests.framework in Frameworks */,
			);
			runOnlyForDeploymentPostprocessing = 0;
		};
		D8E84AD6244B8BD5001D313D /* Frameworks */ = {
			isa = PBXFrameworksBuildPhase;
			buildActionMask = 2147483647;
			files = (
				B69D0157643C9F794ACEF424 /* Pods_DesafioCoraBankUITests.framework in Frameworks */,
			);
			runOnlyForDeploymentPostprocessing = 0;
		};
/* End PBXFrameworksBuildPhase section */

/* Begin PBXGroup section */
		3DDA3BA32010677EE4210C6D /* Frameworks */ = {
			isa = PBXGroup;
			children = (
				D8D6CFDE244CF079002DE152 /* DungeonKit.framework */,
				D8D6CFDB244CEE93002DE152 /* RogueKit.framework */,
				D8D6CFD8244CEE0E002DE152 /* WizardKit.framework */,
				D8D6CFD4244CED7B002DE152 /* PaladinKit.framework */,
				6DCCAF9C5BF5CF30BE125446 /* Pods_DesafioCoraBank.framework */,
				A62732C5FB85D19938B5FDE4 /* Pods_DesafioCoraBankTests.framework */,
				44FA6BA8FEEE8EF7EE70C805 /* Pods_DesafioCoraBankUITests.framework */,
			);
			name = Frameworks;
			sourceTree = "<group>";
		};
		D8736424244E0C9700ACFC52 /* Components */ = {
			isa = PBXGroup;
			children = (
				D8736425244E0CAD00ACFC52 /* CBActionButtonSpec.swift */,
				D873642B244E21A300ACFC52 /* CBTextFieldSpec.swift */,
			);
			path = Components;
			sourceTree = "<group>";
		};
		D8D6CFE2244CF6CC002DE152 /* Components */ = {
			isa = PBXGroup;
			children = (
				D8DC12E9244CFFA5009C695E /* CodeView.swift */,
				D8D6CFE5244CF74C002DE152 /* Styles */,
				D8D6CFE4244CF727002DE152 /* CBTextField */,
				D8D6CFE3244CF711002DE152 /* CBActionButton */,
			);
			path = Components;
			sourceTree = "<group>";
		};
		D8D6CFE3244CF711002DE152 /* CBActionButton */ = {
			isa = PBXGroup;
			children = (
				D8DC12EB244D01ED009C695E /* CBActionButton.swift */,
			);
			path = CBActionButton;
			sourceTree = "<group>";
		};
		D8D6CFE4244CF727002DE152 /* CBTextField */ = {
			isa = PBXGroup;
			children = (
				D8736422244D04FA00ACFC52 /* CBTextField.swift */,
			);
			path = CBTextField;
			sourceTree = "<group>";
		};
		D8D6CFE5244CF74C002DE152 /* Styles */ = {
			isa = PBXGroup;
			children = (
				D8D6CFE6244CF90C002DE152 /* Colors.swift */,
				D8D6CFE8244CF915002DE152 /* Fonts.swift */,
				D8D6CFEC244CF932002DE152 /* Margins.swift */,
			);
			path = Styles;
			sourceTree = "<group>";
		};
		D8E84AAF244B8BD1001D313D = {
			isa = PBXGroup;
			children = (
				D8E84ABA244B8BD1001D313D /* DesafioCoraBank */,
				D8E84AD1244B8BD5001D313D /* DesafioCoraBankTests */,
				D8E84ADC244B8BD5001D313D /* DesafioCoraBankUITests */,
				D8E84AB9244B8BD1001D313D /* Products */,
				DF362C1D541843962DEA6EA9 /* Pods */,
				3DDA3BA32010677EE4210C6D /* Frameworks */,
			);
			sourceTree = "<group>";
		};
		D8E84AB9244B8BD1001D313D /* Products */ = {
			isa = PBXGroup;
			children = (
				D8E84AB8244B8BD1001D313D /* DesafioCoraBank.app */,
				D8E84ACE244B8BD5001D313D /* DesafioCoraBankTests.xctest */,
				D8E84AD9244B8BD5001D313D /* DesafioCoraBankUITests.xctest */,
			);
			name = Products;
			sourceTree = "<group>";
		};
		D8E84ABA244B8BD1001D313D /* DesafioCoraBank */ = {
			isa = PBXGroup;
			children = (
				D8E84AED244B8FCF001D313D /* Source */,
				D8E84AEE244B8FD4001D313D /* Resource */,
			);
			path = DesafioCoraBank;
			sourceTree = "<group>";
		};
		D8E84AD1244B8BD5001D313D /* DesafioCoraBankTests */ = {
			isa = PBXGroup;
			children = (
				D8736424244E0C9700ACFC52 /* Components */,
				D8E84AD2244B8BD5001D313D /* DesafioCoraBankTests.swift */,
				D8E84AD4244B8BD5001D313D /* Info.plist */,
			);
			path = DesafioCoraBankTests;
			sourceTree = "<group>";
		};
		D8E84ADC244B8BD5001D313D /* DesafioCoraBankUITests */ = {
			isa = PBXGroup;
			children = (
				D8E84ADD244B8BD5001D313D /* DesafioCoraBankUITests.swift */,
				D8E84ADF244B8BD5001D313D /* Info.plist */,
			);
			path = DesafioCoraBankUITests;
			sourceTree = "<group>";
		};
		D8E84AED244B8FCF001D313D /* Source */ = {
			isa = PBXGroup;
			children = (
				D8E84AEF244B8FE0001D313D /* Main Files */,
				D8E84AF1244B9008001D313D /* Data */,
				D8E84AF0244B8FFD001D313D /* Features */,
				D8D6CFE2244CF6CC002DE152 /* Components */,
			);
			path = Source;
			sourceTree = "<group>";
		};
		D8E84AEE244B8FD4001D313D /* Resource */ = {
			isa = PBXGroup;
			children = (
				D8E84AC4244B8BD5001D313D /* Assets.xcassets */,
				D8E84AC6244B8BD5001D313D /* LaunchScreen.storyboard */,
				D8E84AC9244B8BD5001D313D /* Info.plist */,
			);
			path = Resource;
			sourceTree = "<group>";
		};
		D8E84AEF244B8FE0001D313D /* Main Files */ = {
			isa = PBXGroup;
			children = (
				D8E84ABB244B8BD1001D313D /* AppDelegate.swift */,
				D8E84ABD244B8BD1001D313D /* SceneDelegate.swift */,
			);
			path = "Main Files";
			sourceTree = "<group>";
		};
		D8E84AF0244B8FFD001D313D /* Features */ = {
			isa = PBXGroup;
			children = (
				D8E84AEB244B8CED001D313D /* LoginViewController.swift */,
				D873642F244E446A00ACFC52 /* LoginView.swift */,
			);
			path = Features;
			sourceTree = "<group>";
		};
		D8E84AF1244B9008001D313D /* Data */ = {
			isa = PBXGroup;
			children = (
			);
			path = Data;
			sourceTree = "<group>";
		};
		DF362C1D541843962DEA6EA9 /* Pods */ = {
			isa = PBXGroup;
			children = (
				E77C192D4175BFFB3058E7A7 /* Pods-DesafioCoraBank.debug.xcconfig */,
				11B58EF4DF23314A8771C4CB /* Pods-DesafioCoraBank.release.xcconfig */,
				6C0FE1AEC41552D4823BF395 /* Pods-DesafioCoraBankTests.debug.xcconfig */,
				8C934C9E8EDB15812DE4D56A /* Pods-DesafioCoraBankTests.release.xcconfig */,
				E5A5E73D5B67E1D7ABDFA75A /* Pods-DesafioCoraBankUITests.debug.xcconfig */,
				6069C4556E9536B073AB781B /* Pods-DesafioCoraBankUITests.release.xcconfig */,
			);
			path = Pods;
			sourceTree = "<group>";
		};
/* End PBXGroup section */

/* Begin PBXNativeTarget section */
		D8E84AB7244B8BD1001D313D /* DesafioCoraBank */ = {
			isa = PBXNativeTarget;
			buildConfigurationList = D8E84AE2244B8BD5001D313D /* Build configuration list for PBXNativeTarget "DesafioCoraBank" */;
			buildPhases = (
				BFF61F662A41AA417F7B4786 /* [CP] Check Pods Manifest.lock */,
				D8E84AB4244B8BD1001D313D /* Sources */,
				D8E84AB5244B8BD1001D313D /* Frameworks */,
				D8E84AB6244B8BD1001D313D /* Resources */,
				D8D6CFD7244CED7B002DE152 /* Embed Frameworks */,
			);
			buildRules = (
			);
			dependencies = (
			);
			name = DesafioCoraBank;
			productName = DesafioCoraBank;
			productReference = D8E84AB8244B8BD1001D313D /* DesafioCoraBank.app */;
			productType = "com.apple.product-type.application";
		};
		D8E84ACD244B8BD5001D313D /* DesafioCoraBankTests */ = {
			isa = PBXNativeTarget;
			buildConfigurationList = D8E84AE5244B8BD5001D313D /* Build configuration list for PBXNativeTarget "DesafioCoraBankTests" */;
			buildPhases = (
				06B95D28A276C830B2D663D2 /* [CP] Check Pods Manifest.lock */,
				D8E84ACA244B8BD5001D313D /* Sources */,
				D8E84ACB244B8BD5001D313D /* Frameworks */,
				D8E84ACC244B8BD5001D313D /* Resources */,
				F53B7ECFA93765F85DA70FC2 /* [CP] Embed Pods Frameworks */,
			);
			buildRules = (
			);
			dependencies = (
				D8E84AD0244B8BD5001D313D /* PBXTargetDependency */,
			);
			name = DesafioCoraBankTests;
			productName = DesafioCoraBankTests;
			productReference = D8E84ACE244B8BD5001D313D /* DesafioCoraBankTests.xctest */;
			productType = "com.apple.product-type.bundle.unit-test";
		};
		D8E84AD8244B8BD5001D313D /* DesafioCoraBankUITests */ = {
			isa = PBXNativeTarget;
			buildConfigurationList = D8E84AE8244B8BD5001D313D /* Build configuration list for PBXNativeTarget "DesafioCoraBankUITests" */;
			buildPhases = (
				BF62B5493D6B189574B40E48 /* [CP] Check Pods Manifest.lock */,
				D8E84AD5244B8BD5001D313D /* Sources */,
				D8E84AD6244B8BD5001D313D /* Frameworks */,
				D8E84AD7244B8BD5001D313D /* Resources */,
				2E7050D5689F819EB43F0C70 /* [CP] Embed Pods Frameworks */,
			);
			buildRules = (
			);
			dependencies = (
				D8E84ADB244B8BD5001D313D /* PBXTargetDependency */,
			);
			name = DesafioCoraBankUITests;
			productName = DesafioCoraBankUITests;
			productReference = D8E84AD9244B8BD5001D313D /* DesafioCoraBankUITests.xctest */;
			productType = "com.apple.product-type.bundle.ui-testing";
		};
/* End PBXNativeTarget section */

/* Begin PBXProject section */
		D8E84AB0244B8BD1001D313D /* Project object */ = {
			isa = PBXProject;
			attributes = {
				LastSwiftUpdateCheck = 1140;
				LastUpgradeCheck = 1140;
				ORGANIZATIONNAME = RogerSanoli;
				TargetAttributes = {
					D8E84AB7244B8BD1001D313D = {
						CreatedOnToolsVersion = 11.4.1;
					};
					D8E84ACD244B8BD5001D313D = {
						CreatedOnToolsVersion = 11.4.1;
						TestTargetID = D8E84AB7244B8BD1001D313D;
					};
					D8E84AD8244B8BD5001D313D = {
						CreatedOnToolsVersion = 11.4.1;
						TestTargetID = D8E84AB7244B8BD1001D313D;
					};
				};
			};
			buildConfigurationList = D8E84AB3244B8BD1001D313D /* Build configuration list for PBXProject "DesafioCoraBank" */;
			compatibilityVersion = "Xcode 9.3";
			developmentRegion = en;
			hasScannedForEncodings = 0;
			knownRegions = (
				en,
				Base,
			);
			mainGroup = D8E84AAF244B8BD1001D313D;
			productRefGroup = D8E84AB9244B8BD1001D313D /* Products */;
			projectDirPath = "";
			projectRoot = "";
			targets = (
				D8E84AB7244B8BD1001D313D /* DesafioCoraBank */,
				D8E84ACD244B8BD5001D313D /* DesafioCoraBankTests */,
				D8E84AD8244B8BD5001D313D /* DesafioCoraBankUITests */,
			);
		};
/* End PBXProject section */

/* Begin PBXResourcesBuildPhase section */
		D8E84AB6244B8BD1001D313D /* Resources */ = {
			isa = PBXResourcesBuildPhase;
			buildActionMask = 2147483647;
			files = (
				D8E84AC8244B8BD5001D313D /* LaunchScreen.storyboard in Resources */,
				D8E84AC5244B8BD5001D313D /* Assets.xcassets in Resources */,
			);
			runOnlyForDeploymentPostprocessing = 0;
		};
		D8E84ACC244B8BD5001D313D /* Resources */ = {
			isa = PBXResourcesBuildPhase;
			buildActionMask = 2147483647;
			files = (
			);
			runOnlyForDeploymentPostprocessing = 0;
		};
		D8E84AD7244B8BD5001D313D /* Resources */ = {
			isa = PBXResourcesBuildPhase;
			buildActionMask = 2147483647;
			files = (
			);
			runOnlyForDeploymentPostprocessing = 0;
		};
/* End PBXResourcesBuildPhase section */

/* Begin PBXShellScriptBuildPhase section */
		06B95D28A276C830B2D663D2 /* [CP] Check Pods Manifest.lock */ = {
			isa = PBXShellScriptBuildPhase;
			buildActionMask = 2147483647;
			files = (
			);
			inputFileListPaths = (
			);
			inputPaths = (
				"${PODS_PODFILE_DIR_PATH}/Podfile.lock",
				"${PODS_ROOT}/Manifest.lock",
			);
			name = "[CP] Check Pods Manifest.lock";
			outputFileListPaths = (
			);
			outputPaths = (
				"$(DERIVED_FILE_DIR)/Pods-DesafioCoraBankTests-checkManifestLockResult.txt",
			);
			runOnlyForDeploymentPostprocessing = 0;
			shellPath = /bin/sh;
			shellScript = "diff \"${PODS_PODFILE_DIR_PATH}/Podfile.lock\" \"${PODS_ROOT}/Manifest.lock\" > /dev/null\nif [ $? != 0 ] ; then\n    # print error to STDERR\n    echo \"error: The sandbox is not in sync with the Podfile.lock. Run 'pod install' or update your CocoaPods installation.\" >&2\n    exit 1\nfi\n# This output is used by Xcode 'outputs' to avoid re-running this script phase.\necho \"SUCCESS\" > \"${SCRIPT_OUTPUT_FILE_0}\"\n";
			showEnvVarsInLog = 0;
		};
		2E7050D5689F819EB43F0C70 /* [CP] Embed Pods Frameworks */ = {
			isa = PBXShellScriptBuildPhase;
			buildActionMask = 2147483647;
			files = (
			);
			inputFileListPaths = (
				"${PODS_ROOT}/Target Support Files/Pods-DesafioCoraBankUITests/Pods-DesafioCoraBankUITests-frameworks-${CONFIGURATION}-input-files.xcfilelist",
			);
			name = "[CP] Embed Pods Frameworks";
			outputFileListPaths = (
				"${PODS_ROOT}/Target Support Files/Pods-DesafioCoraBankUITests/Pods-DesafioCoraBankUITests-frameworks-${CONFIGURATION}-output-files.xcfilelist",
			);
			runOnlyForDeploymentPostprocessing = 0;
			shellPath = /bin/sh;
			shellScript = "\"${PODS_ROOT}/Target Support Files/Pods-DesafioCoraBankUITests/Pods-DesafioCoraBankUITests-frameworks.sh\"\n";
			showEnvVarsInLog = 0;
		};
		BF62B5493D6B189574B40E48 /* [CP] Check Pods Manifest.lock */ = {
			isa = PBXShellScriptBuildPhase;
			buildActionMask = 2147483647;
			files = (
			);
			inputFileListPaths = (
			);
			inputPaths = (
				"${PODS_PODFILE_DIR_PATH}/Podfile.lock",
				"${PODS_ROOT}/Manifest.lock",
			);
			name = "[CP] Check Pods Manifest.lock";
			outputFileListPaths = (
			);
			outputPaths = (
				"$(DERIVED_FILE_DIR)/Pods-DesafioCoraBankUITests-checkManifestLockResult.txt",
			);
			runOnlyForDeploymentPostprocessing = 0;
			shellPath = /bin/sh;
			shellScript = "diff \"${PODS_PODFILE_DIR_PATH}/Podfile.lock\" \"${PODS_ROOT}/Manifest.lock\" > /dev/null\nif [ $? != 0 ] ; then\n    # print error to STDERR\n    echo \"error: The sandbox is not in sync with the Podfile.lock. Run 'pod install' or update your CocoaPods installation.\" >&2\n    exit 1\nfi\n# This output is used by Xcode 'outputs' to avoid re-running this script phase.\necho \"SUCCESS\" > \"${SCRIPT_OUTPUT_FILE_0}\"\n";
			showEnvVarsInLog = 0;
		};
		BFF61F662A41AA417F7B4786 /* [CP] Check Pods Manifest.lock */ = {
			isa = PBXShellScriptBuildPhase;
			buildActionMask = 2147483647;
			files = (
			);
			inputFileListPaths = (
			);
			inputPaths = (
				"${PODS_PODFILE_DIR_PATH}/Podfile.lock",
				"${PODS_ROOT}/Manifest.lock",
			);
			name = "[CP] Check Pods Manifest.lock";
			outputFileListPaths = (
			);
			outputPaths = (
				"$(DERIVED_FILE_DIR)/Pods-DesafioCoraBank-checkManifestLockResult.txt",
			);
			runOnlyForDeploymentPostprocessing = 0;
			shellPath = /bin/sh;
			shellScript = "diff \"${PODS_PODFILE_DIR_PATH}/Podfile.lock\" \"${PODS_ROOT}/Manifest.lock\" > /dev/null\nif [ $? != 0 ] ; then\n    # print error to STDERR\n    echo \"error: The sandbox is not in sync with the Podfile.lock. Run 'pod install' or update your CocoaPods installation.\" >&2\n    exit 1\nfi\n# This output is used by Xcode 'outputs' to avoid re-running this script phase.\necho \"SUCCESS\" > \"${SCRIPT_OUTPUT_FILE_0}\"\n";
			showEnvVarsInLog = 0;
		};
		F53B7ECFA93765F85DA70FC2 /* [CP] Embed Pods Frameworks */ = {
			isa = PBXShellScriptBuildPhase;
			buildActionMask = 2147483647;
			files = (
			);
			inputFileListPaths = (
				"${PODS_ROOT}/Target Support Files/Pods-DesafioCoraBankTests/Pods-DesafioCoraBankTests-frameworks-${CONFIGURATION}-input-files.xcfilelist",
			);
			name = "[CP] Embed Pods Frameworks";
			outputFileListPaths = (
				"${PODS_ROOT}/Target Support Files/Pods-DesafioCoraBankTests/Pods-DesafioCoraBankTests-frameworks-${CONFIGURATION}-output-files.xcfilelist",
			);
			runOnlyForDeploymentPostprocessing = 0;
			shellPath = /bin/sh;
			shellScript = "\"${PODS_ROOT}/Target Support Files/Pods-DesafioCoraBankTests/Pods-DesafioCoraBankTests-frameworks.sh\"\n";
			showEnvVarsInLog = 0;
		};
/* End PBXShellScriptBuildPhase section */

/* Begin PBXSourcesBuildPhase section */
		D8E84AB4244B8BD1001D313D /* Sources */ = {
			isa = PBXSourcesBuildPhase;
			buildActionMask = 2147483647;
			files = (
				D8E84AEC244B8CED001D313D /* LoginViewController.swift in Sources */,
				D8D6CFE9244CF915002DE152 /* Fonts.swift in Sources */,
				D8D6CFE7244CF90C002DE152 /* Colors.swift in Sources */,
				D8E84ABC244B8BD1001D313D /* AppDelegate.swift in Sources */,
				D8E84ABE244B8BD1001D313D /* SceneDelegate.swift in Sources */,
				D8D6CFED244CF932002DE152 /* Margins.swift in Sources */,
				D8DC12EC244D01ED009C695E /* CBActionButton.swift in Sources */,
				D8DC12EA244CFFA5009C695E /* CodeView.swift in Sources */,
				D8736430244E446A00ACFC52 /* LoginView.swift in Sources */,
				D8736423244D04FA00ACFC52 /* CBTextField.swift in Sources */,
			);
			runOnlyForDeploymentPostprocessing = 0;
		};
		D8E84ACA244B8BD5001D313D /* Sources */ = {
			isa = PBXSourcesBuildPhase;
			buildActionMask = 2147483647;
			files = (
				D8E84AD3244B8BD5001D313D /* DesafioCoraBankTests.swift in Sources */,
				D873642C244E21A300ACFC52 /* CBTextFieldSpec.swift in Sources */,
				D8736426244E0CAD00ACFC52 /* CBActionButtonSpec.swift in Sources */,
			);
			runOnlyForDeploymentPostprocessing = 0;
		};
		D8E84AD5244B8BD5001D313D /* Sources */ = {
			isa = PBXSourcesBuildPhase;
			buildActionMask = 2147483647;
			files = (
				D8E84ADE244B8BD5001D313D /* DesafioCoraBankUITests.swift in Sources */,
			);
			runOnlyForDeploymentPostprocessing = 0;
		};
/* End PBXSourcesBuildPhase section */

/* Begin PBXTargetDependency section */
		D8E84AD0244B8BD5001D313D /* PBXTargetDependency */ = {
			isa = PBXTargetDependency;
			target = D8E84AB7244B8BD1001D313D /* DesafioCoraBank */;
			targetProxy = D8E84ACF244B8BD5001D313D /* PBXContainerItemProxy */;
		};
		D8E84ADB244B8BD5001D313D /* PBXTargetDependency */ = {
			isa = PBXTargetDependency;
			target = D8E84AB7244B8BD1001D313D /* DesafioCoraBank */;
			targetProxy = D8E84ADA244B8BD5001D313D /* PBXContainerItemProxy */;
		};
/* End PBXTargetDependency section */

/* Begin PBXVariantGroup section */
		D8E84AC6244B8BD5001D313D /* LaunchScreen.storyboard */ = {
			isa = PBXVariantGroup;
			children = (
				D8E84AC7244B8BD5001D313D /* Base */,
			);
			name = LaunchScreen.storyboard;
			sourceTree = "<group>";
		};
/* End PBXVariantGroup section */

/* Begin XCBuildConfiguration section */
		D8E84AE0244B8BD5001D313D /* Debug */ = {
			isa = XCBuildConfiguration;
			buildSettings = {
				ALWAYS_SEARCH_USER_PATHS = NO;
				CLANG_ANALYZER_NONNULL = YES;
				CLANG_ANALYZER_NUMBER_OBJECT_CONVERSION = YES_AGGRESSIVE;
				CLANG_CXX_LANGUAGE_STANDARD = "gnu++14";
				CLANG_CXX_LIBRARY = "libc++";
				CLANG_ENABLE_MODULES = YES;
				CLANG_ENABLE_OBJC_ARC = YES;
				CLANG_ENABLE_OBJC_WEAK = YES;
				CLANG_WARN_BLOCK_CAPTURE_AUTORELEASING = YES;
				CLANG_WARN_BOOL_CONVERSION = YES;
				CLANG_WARN_COMMA = YES;
				CLANG_WARN_CONSTANT_CONVERSION = YES;
				CLANG_WARN_DEPRECATED_OBJC_IMPLEMENTATIONS = YES;
				CLANG_WARN_DIRECT_OBJC_ISA_USAGE = YES_ERROR;
				CLANG_WARN_DOCUMENTATION_COMMENTS = YES;
				CLANG_WARN_EMPTY_BODY = YES;
				CLANG_WARN_ENUM_CONVERSION = YES;
				CLANG_WARN_INFINITE_RECURSION = YES;
				CLANG_WARN_INT_CONVERSION = YES;
				CLANG_WARN_NON_LITERAL_NULL_CONVERSION = YES;
				CLANG_WARN_OBJC_IMPLICIT_RETAIN_SELF = YES;
				CLANG_WARN_OBJC_LITERAL_CONVERSION = YES;
				CLANG_WARN_OBJC_ROOT_CLASS = YES_ERROR;
				CLANG_WARN_RANGE_LOOP_ANALYSIS = YES;
				CLANG_WARN_STRICT_PROTOTYPES = YES;
				CLANG_WARN_SUSPICIOUS_MOVE = YES;
				CLANG_WARN_UNGUARDED_AVAILABILITY = YES_AGGRESSIVE;
				CLANG_WARN_UNREACHABLE_CODE = YES;
				CLANG_WARN__DUPLICATE_METHOD_MATCH = YES;
				COPY_PHASE_STRIP = NO;
				DEBUG_INFORMATION_FORMAT = dwarf;
				ENABLE_STRICT_OBJC_MSGSEND = YES;
				ENABLE_TESTABILITY = YES;
				GCC_C_LANGUAGE_STANDARD = gnu11;
				GCC_DYNAMIC_NO_PIC = NO;
				GCC_NO_COMMON_BLOCKS = YES;
				GCC_OPTIMIZATION_LEVEL = 0;
				GCC_PREPROCESSOR_DEFINITIONS = (
					"DEBUG=1",
					"$(inherited)",
				);
				GCC_WARN_64_TO_32_BIT_CONVERSION = YES;
				GCC_WARN_ABOUT_RETURN_TYPE = YES_ERROR;
				GCC_WARN_UNDECLARED_SELECTOR = YES;
				GCC_WARN_UNINITIALIZED_AUTOS = YES_AGGRESSIVE;
				GCC_WARN_UNUSED_FUNCTION = YES;
				GCC_WARN_UNUSED_VARIABLE = YES;
				IPHONEOS_DEPLOYMENT_TARGET = 13.4;
				MTL_ENABLE_DEBUG_INFO = INCLUDE_SOURCE;
				MTL_FAST_MATH = YES;
				ONLY_ACTIVE_ARCH = YES;
				SDKROOT = iphoneos;
				SWIFT_ACTIVE_COMPILATION_CONDITIONS = DEBUG;
				SWIFT_OPTIMIZATION_LEVEL = "-Onone";
			};
			name = Debug;
		};
		D8E84AE1244B8BD5001D313D /* Release */ = {
			isa = XCBuildConfiguration;
			buildSettings = {
				ALWAYS_SEARCH_USER_PATHS = NO;
				CLANG_ANALYZER_NONNULL = YES;
				CLANG_ANALYZER_NUMBER_OBJECT_CONVERSION = YES_AGGRESSIVE;
				CLANG_CXX_LANGUAGE_STANDARD = "gnu++14";
				CLANG_CXX_LIBRARY = "libc++";
				CLANG_ENABLE_MODULES = YES;
				CLANG_ENABLE_OBJC_ARC = YES;
				CLANG_ENABLE_OBJC_WEAK = YES;
				CLANG_WARN_BLOCK_CAPTURE_AUTORELEASING = YES;
				CLANG_WARN_BOOL_CONVERSION = YES;
				CLANG_WARN_COMMA = YES;
				CLANG_WARN_CONSTANT_CONVERSION = YES;
				CLANG_WARN_DEPRECATED_OBJC_IMPLEMENTATIONS = YES;
				CLANG_WARN_DIRECT_OBJC_ISA_USAGE = YES_ERROR;
				CLANG_WARN_DOCUMENTATION_COMMENTS = YES;
				CLANG_WARN_EMPTY_BODY = YES;
				CLANG_WARN_ENUM_CONVERSION = YES;
				CLANG_WARN_INFINITE_RECURSION = YES;
				CLANG_WARN_INT_CONVERSION = YES;
				CLANG_WARN_NON_LITERAL_NULL_CONVERSION = YES;
				CLANG_WARN_OBJC_IMPLICIT_RETAIN_SELF = YES;
				CLANG_WARN_OBJC_LITERAL_CONVERSION = YES;
				CLANG_WARN_OBJC_ROOT_CLASS = YES_ERROR;
				CLANG_WARN_RANGE_LOOP_ANALYSIS = YES;
				CLANG_WARN_STRICT_PROTOTYPES = YES;
				CLANG_WARN_SUSPICIOUS_MOVE = YES;
				CLANG_WARN_UNGUARDED_AVAILABILITY = YES_AGGRESSIVE;
				CLANG_WARN_UNREACHABLE_CODE = YES;
				CLANG_WARN__DUPLICATE_METHOD_MATCH = YES;
				COPY_PHASE_STRIP = NO;
				DEBUG_INFORMATION_FORMAT = "dwarf-with-dsym";
				ENABLE_NS_ASSERTIONS = NO;
				ENABLE_STRICT_OBJC_MSGSEND = YES;
				GCC_C_LANGUAGE_STANDARD = gnu11;
				GCC_NO_COMMON_BLOCKS = YES;
				GCC_WARN_64_TO_32_BIT_CONVERSION = YES;
				GCC_WARN_ABOUT_RETURN_TYPE = YES_ERROR;
				GCC_WARN_UNDECLARED_SELECTOR = YES;
				GCC_WARN_UNINITIALIZED_AUTOS = YES_AGGRESSIVE;
				GCC_WARN_UNUSED_FUNCTION = YES;
				GCC_WARN_UNUSED_VARIABLE = YES;
				IPHONEOS_DEPLOYMENT_TARGET = 13.4;
				MTL_ENABLE_DEBUG_INFO = NO;
				MTL_FAST_MATH = YES;
				SDKROOT = iphoneos;
				SWIFT_COMPILATION_MODE = wholemodule;
				SWIFT_OPTIMIZATION_LEVEL = "-O";
				VALIDATE_PRODUCT = YES;
			};
			name = Release;
		};
		D8E84AE3244B8BD5001D313D /* Debug */ = {
			isa = XCBuildConfiguration;
			baseConfigurationReference = E77C192D4175BFFB3058E7A7 /* Pods-DesafioCoraBank.debug.xcconfig */;
			buildSettings = {
				ASSETCATALOG_COMPILER_APPICON_NAME = AppIcon;
				CODE_SIGN_STYLE = Automatic;
				DEVELOPMENT_TEAM = JHBW952FG3;
				INFOPLIST_FILE = DesafioCoraBank/Resource/Info.plist;
				LD_RUNPATH_SEARCH_PATHS = (
					"$(inherited)",
					"@executable_path/Frameworks",
				);
				PRODUCT_BUNDLE_IDENTIFIER = RogerSanoli.desafio.CoraBank;
				PRODUCT_NAME = "$(TARGET_NAME)";
				SWIFT_VERSION = 5.0;
				TARGETED_DEVICE_FAMILY = "1,2";
			};
			name = Debug;
		};
		D8E84AE4244B8BD5001D313D /* Release */ = {
			isa = XCBuildConfiguration;
			baseConfigurationReference = 11B58EF4DF23314A8771C4CB /* Pods-DesafioCoraBank.release.xcconfig */;
			buildSettings = {
				ASSETCATALOG_COMPILER_APPICON_NAME = AppIcon;
				CODE_SIGN_STYLE = Automatic;
				DEVELOPMENT_TEAM = JHBW952FG3;
				INFOPLIST_FILE = DesafioCoraBank/Resource/Info.plist;
				LD_RUNPATH_SEARCH_PATHS = (
					"$(inherited)",
					"@executable_path/Frameworks",
				);
				PRODUCT_BUNDLE_IDENTIFIER = RogerSanoli.desafio.CoraBank;
				PRODUCT_NAME = "$(TARGET_NAME)";
				SWIFT_VERSION = 5.0;
				TARGETED_DEVICE_FAMILY = "1,2";
			};
			name = Release;
		};
		D8E84AE6244B8BD5001D313D /* Debug */ = {
			isa = XCBuildConfiguration;
			baseConfigurationReference = 6C0FE1AEC41552D4823BF395 /* Pods-DesafioCoraBankTests.debug.xcconfig */;
			buildSettings = {
				ALWAYS_EMBED_SWIFT_STANDARD_LIBRARIES = YES;
				BUNDLE_LOADER = "$(TEST_HOST)";
				CODE_SIGN_STYLE = Automatic;
				DEVELOPMENT_TEAM = JHBW952FG3;
				INFOPLIST_FILE = DesafioCoraBankTests/Info.plist;
				IPHONEOS_DEPLOYMENT_TARGET = 13.4;
				LD_RUNPATH_SEARCH_PATHS = (
					"$(inherited)",
					"@executable_path/Frameworks",
					"@loader_path/Frameworks",
				);
				PRODUCT_BUNDLE_IDENTIFIER = RogerSanoli.DesafioCoraBankTests;
				PRODUCT_NAME = "$(TARGET_NAME)";
				SWIFT_VERSION = 5.0;
				TARGETED_DEVICE_FAMILY = "1,2";
				TEST_HOST = "$(BUILT_PRODUCTS_DIR)/DesafioCoraBank.app/DesafioCoraBank";
			};
			name = Debug;
		};
		D8E84AE7244B8BD5001D313D /* Release */ = {
			isa = XCBuildConfiguration;
			baseConfigurationReference = 8C934C9E8EDB15812DE4D56A /* Pods-DesafioCoraBankTests.release.xcconfig */;
			buildSettings = {
				ALWAYS_EMBED_SWIFT_STANDARD_LIBRARIES = YES;
				BUNDLE_LOADER = "$(TEST_HOST)";
				CODE_SIGN_STYLE = Automatic;
				DEVELOPMENT_TEAM = JHBW952FG3;
				INFOPLIST_FILE = DesafioCoraBankTests/Info.plist;
				IPHONEOS_DEPLOYMENT_TARGET = 13.4;
				LD_RUNPATH_SEARCH_PATHS = (
					"$(inherited)",
					"@executable_path/Frameworks",
					"@loader_path/Frameworks",
				);
				PRODUCT_BUNDLE_IDENTIFIER = RogerSanoli.DesafioCoraBankTests;
				PRODUCT_NAME = "$(TARGET_NAME)";
				SWIFT_VERSION = 5.0;
				TARGETED_DEVICE_FAMILY = "1,2";
				TEST_HOST = "$(BUILT_PRODUCTS_DIR)/DesafioCoraBank.app/DesafioCoraBank";
			};
			name = Release;
		};
		D8E84AE9244B8BD5001D313D /* Debug */ = {
			isa = XCBuildConfiguration;
			baseConfigurationReference = E5A5E73D5B67E1D7ABDFA75A /* Pods-DesafioCoraBankUITests.debug.xcconfig */;
			buildSettings = {
				ALWAYS_EMBED_SWIFT_STANDARD_LIBRARIES = YES;
				CODE_SIGN_STYLE = Automatic;
				DEVELOPMENT_TEAM = JHBW952FG3;
				INFOPLIST_FILE = DesafioCoraBankUITests/Info.plist;
				LD_RUNPATH_SEARCH_PATHS = (
					"$(inherited)",
					"@executable_path/Frameworks",
					"@loader_path/Frameworks",
				);
				PRODUCT_BUNDLE_IDENTIFIER = RogerSanoli.DesafioCoraBankUITests;
				PRODUCT_NAME = "$(TARGET_NAME)";
				SWIFT_VERSION = 5.0;
				TARGETED_DEVICE_FAMILY = "1,2";
				TEST_TARGET_NAME = DesafioCoraBank;
			};
			name = Debug;
		};
		D8E84AEA244B8BD5001D313D /* Release */ = {
			isa = XCBuildConfiguration;
			baseConfigurationReference = 6069C4556E9536B073AB781B /* Pods-DesafioCoraBankUITests.release.xcconfig */;
			buildSettings = {
				ALWAYS_EMBED_SWIFT_STANDARD_LIBRARIES = YES;
				CODE_SIGN_STYLE = Automatic;
				DEVELOPMENT_TEAM = JHBW952FG3;
				INFOPLIST_FILE = DesafioCoraBankUITests/Info.plist;
				LD_RUNPATH_SEARCH_PATHS = (
					"$(inherited)",
					"@executable_path/Frameworks",
					"@loader_path/Frameworks",
				);
				PRODUCT_BUNDLE_IDENTIFIER = RogerSanoli.DesafioCoraBankUITests;
				PRODUCT_NAME = "$(TARGET_NAME)";
				SWIFT_VERSION = 5.0;
				TARGETED_DEVICE_FAMILY = "1,2";
				TEST_TARGET_NAME = DesafioCoraBank;
			};
			name = Release;
		};
/* End XCBuildConfiguration section */

/* Begin XCConfigurationList section */
		D8E84AB3244B8BD1001D313D /* Build configuration list for PBXProject "DesafioCoraBank" */ = {
			isa = XCConfigurationList;
			buildConfigurations = (
				D8E84AE0244B8BD5001D313D /* Debug */,
				D8E84AE1244B8BD5001D313D /* Release */,
			);
			defaultConfigurationIsVisible = 0;
			defaultConfigurationName = Release;
		};
		D8E84AE2244B8BD5001D313D /* Build configuration list for PBXNativeTarget "DesafioCoraBank" */ = {
			isa = XCConfigurationList;
			buildConfigurations = (
				D8E84AE3244B8BD5001D313D /* Debug */,
				D8E84AE4244B8BD5001D313D /* Release */,
			);
			defaultConfigurationIsVisible = 0;
			defaultConfigurationName = Release;
		};
		D8E84AE5244B8BD5001D313D /* Build configuration list for PBXNativeTarget "DesafioCoraBankTests" */ = {
			isa = XCConfigurationList;
			buildConfigurations = (
				D8E84AE6244B8BD5001D313D /* Debug */,
				D8E84AE7244B8BD5001D313D /* Release */,
			);
			defaultConfigurationIsVisible = 0;
			defaultConfigurationName = Release;
		};
		D8E84AE8244B8BD5001D313D /* Build configuration list for PBXNativeTarget "DesafioCoraBankUITests" */ = {
			isa = XCConfigurationList;
			buildConfigurations = (
				D8E84AE9244B8BD5001D313D /* Debug */,
				D8E84AEA244B8BD5001D313D /* Release */,
			);
			defaultConfigurationIsVisible = 0;
			defaultConfigurationName = Release;
		};
/* End XCConfigurationList section */
	};
	rootObject = D8E84AB0244B8BD1001D313D /* Project object */;
}
