// !$*UTF8*$!
{
	archiveVersion = 1;
	classes = {
	};
	objectVersion = 55;
	objects = {

/* Begin PBXBuildFile section */
		706450E527DD5BA0001776B9 /* AppDelegate.swift in Sources */ = {isa = PBXBuildFile; fileRef = 706450E427DD5BA0001776B9 /* AppDelegate.swift */; };
		706450E727DD5BA0001776B9 /* SceneDelegate.swift in Sources */ = {isa = PBXBuildFile; fileRef = 706450E627DD5BA0001776B9 /* SceneDelegate.swift */; };
		706450E927DD5BA0001776B9 /* ViewController.swift in Sources */ = {isa = PBXBuildFile; fileRef = 706450E827DD5BA0001776B9 /* ViewController.swift */; };
		706450EE27DD5BA1001776B9 /* Assets.xcassets in Resources */ = {isa = PBXBuildFile; fileRef = 706450ED27DD5BA1001776B9 /* Assets.xcassets */; };
		706450F127DD5BA1001776B9 /* LaunchScreen.storyboard in Resources */ = {isa = PBXBuildFile; fileRef = 706450EF27DD5BA1001776B9 /* LaunchScreen.storyboard */; };
		706450FC27DD5BA1001776B9 /* desafio_iosTests.swift in Sources */ = {isa = PBXBuildFile; fileRef = 706450FB27DD5BA1001776B9 /* desafio_iosTests.swift */; };
		7064510627DD5BA1001776B9 /* desafio_iosUITests.swift in Sources */ = {isa = PBXBuildFile; fileRef = 7064510527DD5BA1001776B9 /* desafio_iosUITests.swift */; };
		7064510827DD5BA1001776B9 /* desafio_iosUITestsLaunchTests.swift in Sources */ = {isa = PBXBuildFile; fileRef = 7064510727DD5BA1001776B9 /* desafio_iosUITestsLaunchTests.swift */; };
/* End PBXBuildFile section */

/* Begin PBXContainerItemProxy section */
		706450F827DD5BA1001776B9 /* PBXContainerItemProxy */ = {
			isa = PBXContainerItemProxy;
			containerPortal = 706450D927DD5BA0001776B9 /* Project object */;
			proxyType = 1;
			remoteGlobalIDString = 706450E027DD5BA0001776B9;
			remoteInfo = "desafio-ios";
		};
		7064510227DD5BA1001776B9 /* PBXContainerItemProxy */ = {
			isa = PBXContainerItemProxy;
			containerPortal = 706450D927DD5BA0001776B9 /* Project object */;
			proxyType = 1;
			remoteGlobalIDString = 706450E027DD5BA0001776B9;
			remoteInfo = "desafio-ios";
		};
/* End PBXContainerItemProxy section */

/* Begin PBXFileReference section */
		706450E127DD5BA0001776B9 /* desafio-ios.app */ = {isa = PBXFileReference; explicitFileType = wrapper.application; includeInIndex = 0; path = "desafio-ios.app"; sourceTree = BUILT_PRODUCTS_DIR; };
		706450E427DD5BA0001776B9 /* AppDelegate.swift */ = {isa = PBXFileReference; lastKnownFileType = sourcecode.swift; path = AppDelegate.swift; sourceTree = "<group>"; };
		706450E627DD5BA0001776B9 /* SceneDelegate.swift */ = {isa = PBXFileReference; lastKnownFileType = sourcecode.swift; path = SceneDelegate.swift; sourceTree = "<group>"; };
		706450E827DD5BA0001776B9 /* ViewController.swift */ = {isa = PBXFileReference; lastKnownFileType = sourcecode.swift; path = ViewController.swift; sourceTree = "<group>"; };
		706450ED27DD5BA1001776B9 /* Assets.xcassets */ = {isa = PBXFileReference; lastKnownFileType = folder.assetcatalog; path = Assets.xcassets; sourceTree = "<group>"; };
		706450F027DD5BA1001776B9 /* Base */ = {isa = PBXFileReference; lastKnownFileType = file.storyboard; name = Base; path = Base.lproj/LaunchScreen.storyboard; sourceTree = "<group>"; };
		706450F227DD5BA1001776B9 /* Info.plist */ = {isa = PBXFileReference; lastKnownFileType = text.plist.xml; path = Info.plist; sourceTree = "<group>"; };
		706450F727DD5BA1001776B9 /* desafio-iosTests.xctest */ = {isa = PBXFileReference; explicitFileType = wrapper.cfbundle; includeInIndex = 0; path = "desafio-iosTests.xctest"; sourceTree = BUILT_PRODUCTS_DIR; };
		706450FB27DD5BA1001776B9 /* desafio_iosTests.swift */ = {isa = PBXFileReference; lastKnownFileType = sourcecode.swift; path = desafio_iosTests.swift; sourceTree = "<group>"; };
		7064510127DD5BA1001776B9 /* desafio-iosUITests.xctest */ = {isa = PBXFileReference; explicitFileType = wrapper.cfbundle; includeInIndex = 0; path = "desafio-iosUITests.xctest"; sourceTree = BUILT_PRODUCTS_DIR; };
		7064510527DD5BA1001776B9 /* desafio_iosUITests.swift */ = {isa = PBXFileReference; lastKnownFileType = sourcecode.swift; path = desafio_iosUITests.swift; sourceTree = "<group>"; };
		7064510727DD5BA1001776B9 /* desafio_iosUITestsLaunchTests.swift */ = {isa = PBXFileReference; lastKnownFileType = sourcecode.swift; path = desafio_iosUITestsLaunchTests.swift; sourceTree = "<group>"; };
/* End PBXFileReference section */

/* Begin PBXFrameworksBuildPhase section */
		706450DE27DD5BA0001776B9 /* Frameworks */ = {
			isa = PBXFrameworksBuildPhase;
			buildActionMask = 2147483647;
			files = (
			);
			runOnlyForDeploymentPostprocessing = 0;
		};
		706450F427DD5BA1001776B9 /* Frameworks */ = {
			isa = PBXFrameworksBuildPhase;
			buildActionMask = 2147483647;
			files = (
			);
			runOnlyForDeploymentPostprocessing = 0;
		};
		706450FE27DD5BA1001776B9 /* Frameworks */ = {
			isa = PBXFrameworksBuildPhase;
			buildActionMask = 2147483647;
			files = (
			);
			runOnlyForDeploymentPostprocessing = 0;
		};
/* End PBXFrameworksBuildPhase section */

/* Begin PBXGroup section */
		706450D827DD5BA0001776B9 = {
			isa = PBXGroup;
			children = (
				706450E327DD5BA0001776B9 /* desafio-ios */,
				706450FA27DD5BA1001776B9 /* desafio-iosTests */,
				7064510427DD5BA1001776B9 /* desafio-iosUITests */,
				706450E227DD5BA0001776B9 /* Products */,
			);
			sourceTree = "<group>";
		};
		706450E227DD5BA0001776B9 /* Products */ = {
			isa = PBXGroup;
			children = (
				706450E127DD5BA0001776B9 /* desafio-ios.app */,
				706450F727DD5BA1001776B9 /* desafio-iosTests.xctest */,
				7064510127DD5BA1001776B9 /* desafio-iosUITests.xctest */,
			);
			name = Products;
			sourceTree = "<group>";
		};
		706450E327DD5BA0001776B9 /* desafio-ios */ = {
			isa = PBXGroup;
			children = (
				706450E427DD5BA0001776B9 /* AppDelegate.swift */,
				706450E627DD5BA0001776B9 /* SceneDelegate.swift */,
				706450E827DD5BA0001776B9 /* ViewController.swift */,
				706450ED27DD5BA1001776B9 /* Assets.xcassets */,
				706450EF27DD5BA1001776B9 /* LaunchScreen.storyboard */,
				706450F227DD5BA1001776B9 /* Info.plist */,
			);
			path = "desafio-ios";
			sourceTree = "<group>";
		};
		706450FA27DD5BA1001776B9 /* desafio-iosTests */ = {
			isa = PBXGroup;
			children = (
				706450FB27DD5BA1001776B9 /* desafio_iosTests.swift */,
			);
			path = "desafio-iosTests";
			sourceTree = "<group>";
		};
		7064510427DD5BA1001776B9 /* desafio-iosUITests */ = {
			isa = PBXGroup;
			children = (
				7064510527DD5BA1001776B9 /* desafio_iosUITests.swift */,
				7064510727DD5BA1001776B9 /* desafio_iosUITestsLaunchTests.swift */,
			);
			path = "desafio-iosUITests";
			sourceTree = "<group>";
		};
/* End PBXGroup section */

/* Begin PBXNativeTarget section */
		706450E027DD5BA0001776B9 /* desafio-ios */ = {
			isa = PBXNativeTarget;
			buildConfigurationList = 7064510B27DD5BA1001776B9 /* Build configuration list for PBXNativeTarget "desafio-ios" */;
			buildPhases = (
				706450DD27DD5BA0001776B9 /* Sources */,
				706450DE27DD5BA0001776B9 /* Frameworks */,
				706450DF27DD5BA0001776B9 /* Resources */,
			);
			buildRules = (
			);
			dependencies = (
			);
			name = "desafio-ios";
			productName = "desafio-ios";
			productReference = 706450E127DD5BA0001776B9 /* desafio-ios.app */;
			productType = "com.apple.product-type.application";
		};
		706450F627DD5BA1001776B9 /* desafio-iosTests */ = {
			isa = PBXNativeTarget;
			buildConfigurationList = 7064510E27DD5BA1001776B9 /* Build configuration list for PBXNativeTarget "desafio-iosTests" */;
			buildPhases = (
				706450F327DD5BA1001776B9 /* Sources */,
				706450F427DD5BA1001776B9 /* Frameworks */,
				706450F527DD5BA1001776B9 /* Resources */,
			);
			buildRules = (
			);
			dependencies = (
				706450F927DD5BA1001776B9 /* PBXTargetDependency */,
			);
			name = "desafio-iosTests";
			productName = "desafio-iosTests";
			productReference = 706450F727DD5BA1001776B9 /* desafio-iosTests.xctest */;
			productType = "com.apple.product-type.bundle.unit-test";
		};
		7064510027DD5BA1001776B9 /* desafio-iosUITests */ = {
			isa = PBXNativeTarget;
			buildConfigurationList = 7064511127DD5BA1001776B9 /* Build configuration list for PBXNativeTarget "desafio-iosUITests" */;
			buildPhases = (
				706450FD27DD5BA1001776B9 /* Sources */,
				706450FE27DD5BA1001776B9 /* Frameworks */,
				706450FF27DD5BA1001776B9 /* Resources */,
			);
			buildRules = (
			);
			dependencies = (
				7064510327DD5BA1001776B9 /* PBXTargetDependency */,
			);
			name = "desafio-iosUITests";
			productName = "desafio-iosUITests";
			productReference = 7064510127DD5BA1001776B9 /* desafio-iosUITests.xctest */;
			productType = "com.apple.product-type.bundle.ui-testing";
		};
/* End PBXNativeTarget section */

/* Begin PBXProject section */
		706450D927DD5BA0001776B9 /* Project object */ = {
			isa = PBXProject;
			attributes = {
				BuildIndependentTargetsInParallel = 1;
				LastSwiftUpdateCheck = 1320;
				LastUpgradeCheck = 1320;
				TargetAttributes = {
					706450E027DD5BA0001776B9 = {
						CreatedOnToolsVersion = 13.2.1;
					};
					706450F627DD5BA1001776B9 = {
						CreatedOnToolsVersion = 13.2.1;
						TestTargetID = 706450E027DD5BA0001776B9;
					};
					7064510027DD5BA1001776B9 = {
						CreatedOnToolsVersion = 13.2.1;
						TestTargetID = 706450E027DD5BA0001776B9;
					};
				};
			};
			buildConfigurationList = 706450DC27DD5BA0001776B9 /* Build configuration list for PBXProject "desafio-ios" */;
			compatibilityVersion = "Xcode 13.0";
			developmentRegion = en;
			hasScannedForEncodings = 0;
			knownRegions = (
				en,
				Base,
			);
			mainGroup = 706450D827DD5BA0001776B9;
			productRefGroup = 706450E227DD5BA0001776B9 /* Products */;
			projectDirPath = "";
			projectRoot = "";
			targets = (
				706450E027DD5BA0001776B9 /* desafio-ios */,
				706450F627DD5BA1001776B9 /* desafio-iosTests */,
				7064510027DD5BA1001776B9 /* desafio-iosUITests */,
			);
		};
/* End PBXProject section */

/* Begin PBXResourcesBuildPhase section */
		706450DF27DD5BA0001776B9 /* Resources */ = {
			isa = PBXResourcesBuildPhase;
			buildActionMask = 2147483647;
			files = (
				706450F127DD5BA1001776B9 /* LaunchScreen.storyboard in Resources */,
				706450EE27DD5BA1001776B9 /* Assets.xcassets in Resources */,
			);
			runOnlyForDeploymentPostprocessing = 0;
		};
		706450F527DD5BA1001776B9 /* Resources */ = {
			isa = PBXResourcesBuildPhase;
			buildActionMask = 2147483647;
			files = (
			);
			runOnlyForDeploymentPostprocessing = 0;
		};
		706450FF27DD5BA1001776B9 /* Resources */ = {
			isa = PBXResourcesBuildPhase;
			buildActionMask = 2147483647;
			files = (
			);
			runOnlyForDeploymentPostprocessing = 0;
		};
/* End PBXResourcesBuildPhase section */

/* Begin PBXSourcesBuildPhase section */
		706450DD27DD5BA0001776B9 /* Sources */ = {
			isa = PBXSourcesBuildPhase;
			buildActionMask = 2147483647;
			files = (
				706450E927DD5BA0001776B9 /* ViewController.swift in Sources */,
				706450E527DD5BA0001776B9 /* AppDelegate.swift in Sources */,
				706450E727DD5BA0001776B9 /* SceneDelegate.swift in Sources */,
			);
			runOnlyForDeploymentPostprocessing = 0;
		};
		706450F327DD5BA1001776B9 /* Sources */ = {
			isa = PBXSourcesBuildPhase;
			buildActionMask = 2147483647;
			files = (
				706450FC27DD5BA1001776B9 /* desafio_iosTests.swift in Sources */,
			);
			runOnlyForDeploymentPostprocessing = 0;
		};
		706450FD27DD5BA1001776B9 /* Sources */ = {
			isa = PBXSourcesBuildPhase;
			buildActionMask = 2147483647;
			files = (
				7064510827DD5BA1001776B9 /* desafio_iosUITestsLaunchTests.swift in Sources */,
				7064510627DD5BA1001776B9 /* desafio_iosUITests.swift in Sources */,
			);
			runOnlyForDeploymentPostprocessing = 0;
		};
/* End PBXSourcesBuildPhase section */

/* Begin PBXTargetDependency section */
		706450F927DD5BA1001776B9 /* PBXTargetDependency */ = {
			isa = PBXTargetDependency;
			target = 706450E027DD5BA0001776B9 /* desafio-ios */;
			targetProxy = 706450F827DD5BA1001776B9 /* PBXContainerItemProxy */;
		};
		7064510327DD5BA1001776B9 /* PBXTargetDependency */ = {
			isa = PBXTargetDependency;
			target = 706450E027DD5BA0001776B9 /* desafio-ios */;
			targetProxy = 7064510227DD5BA1001776B9 /* PBXContainerItemProxy */;
		};
/* End PBXTargetDependency section */

/* Begin PBXVariantGroup section */
		706450EF27DD5BA1001776B9 /* LaunchScreen.storyboard */ = {
			isa = PBXVariantGroup;
			children = (
				706450F027DD5BA1001776B9 /* Base */,
			);
			name = LaunchScreen.storyboard;
			sourceTree = "<group>";
		};
/* End PBXVariantGroup section */

/* Begin XCBuildConfiguration section */
		7064510927DD5BA1001776B9 /* Debug */ = {
			isa = XCBuildConfiguration;
			buildSettings = {
				ALWAYS_SEARCH_USER_PATHS = NO;
				CLANG_ANALYZER_NONNULL = YES;
				CLANG_ANALYZER_NUMBER_OBJECT_CONVERSION = YES_AGGRESSIVE;
				CLANG_CXX_LANGUAGE_STANDARD = "gnu++17";
				CLANG_CXX_LIBRARY = "libc++";
				CLANG_ENABLE_MODULES = YES;
				CLANG_ENABLE_OBJC_ARC = YES;
				CLANG_ENABLE_OBJC_WEAK = YES;
				CLANG_WARN_BLOCK_CAPTURE_AUTORELEASING = YES;
				CLANG_WARN_BOOL_CONVERSION = YES;
				CLANG_WARN_COMMA = YES;
				CLANG_WARN_CONSTANT_CONVERSION = YES;
				CLANG_WARN_DEPRECATED_OBJC_IMPLEMENTATIONS = YES;
				CLANG_WARN_DIRECT_OBJC_ISA_USAGE = YES_ERROR;
				CLANG_WARN_DOCUMENTATION_COMMENTS = YES;
				CLANG_WARN_EMPTY_BODY = YES;
				CLANG_WARN_ENUM_CONVERSION = YES;
				CLANG_WARN_INFINITE_RECURSION = YES;
				CLANG_WARN_INT_CONVERSION = YES;
				CLANG_WARN_NON_LITERAL_NULL_CONVERSION = YES;
				CLANG_WARN_OBJC_IMPLICIT_RETAIN_SELF = YES;
				CLANG_WARN_OBJC_LITERAL_CONVERSION = YES;
				CLANG_WARN_OBJC_ROOT_CLASS = YES_ERROR;
				CLANG_WARN_QUOTED_INCLUDE_IN_FRAMEWORK_HEADER = YES;
				CLANG_WARN_RANGE_LOOP_ANALYSIS = YES;
				CLANG_WARN_STRICT_PROTOTYPES = YES;
				CLANG_WARN_SUSPICIOUS_MOVE = YES;
				CLANG_WARN_UNGUARDED_AVAILABILITY = YES_AGGRESSIVE;
				CLANG_WARN_UNREACHABLE_CODE = YES;
				CLANG_WARN__DUPLICATE_METHOD_MATCH = YES;
				COPY_PHASE_STRIP = NO;
				DEBUG_INFORMATION_FORMAT = dwarf;
				ENABLE_STRICT_OBJC_MSGSEND = YES;
				ENABLE_TESTABILITY = YES;
				GCC_C_LANGUAGE_STANDARD = gnu11;
				GCC_DYNAMIC_NO_PIC = NO;
				GCC_NO_COMMON_BLOCKS = YES;
				GCC_OPTIMIZATION_LEVEL = 0;
				GCC_PREPROCESSOR_DEFINITIONS = (
					"DEBUG=1",
					"$(inherited)",
				);
				GCC_WARN_64_TO_32_BIT_CONVERSION = YES;
				GCC_WARN_ABOUT_RETURN_TYPE = YES_ERROR;
				GCC_WARN_UNDECLARED_SELECTOR = YES;
				GCC_WARN_UNINITIALIZED_AUTOS = YES_AGGRESSIVE;
				GCC_WARN_UNUSED_FUNCTION = YES;
				GCC_WARN_UNUSED_VARIABLE = YES;
				IPHONEOS_DEPLOYMENT_TARGET = 15.2;
				MTL_ENABLE_DEBUG_INFO = INCLUDE_SOURCE;
				MTL_FAST_MATH = YES;
				ONLY_ACTIVE_ARCH = YES;
				SDKROOT = iphoneos;
				SWIFT_ACTIVE_COMPILATION_CONDITIONS = DEBUG;
				SWIFT_OPTIMIZATION_LEVEL = "-Onone";
			};
			name = Debug;
		};
		7064510A27DD5BA1001776B9 /* Release */ = {
			isa = XCBuildConfiguration;
			buildSettings = {
				ALWAYS_SEARCH_USER_PATHS = NO;
				CLANG_ANALYZER_NONNULL = YES;
				CLANG_ANALYZER_NUMBER_OBJECT_CONVERSION = YES_AGGRESSIVE;
				CLANG_CXX_LANGUAGE_STANDARD = "gnu++17";
				CLANG_CXX_LIBRARY = "libc++";
				CLANG_ENABLE_MODULES = YES;
				CLANG_ENABLE_OBJC_ARC = YES;
				CLANG_ENABLE_OBJC_WEAK = YES;
				CLANG_WARN_BLOCK_CAPTURE_AUTORELEASING = YES;
				CLANG_WARN_BOOL_CONVERSION = YES;
				CLANG_WARN_COMMA = YES;
				CLANG_WARN_CONSTANT_CONVERSION = YES;
				CLANG_WARN_DEPRECATED_OBJC_IMPLEMENTATIONS = YES;
				CLANG_WARN_DIRECT_OBJC_ISA_USAGE = YES_ERROR;
				CLANG_WARN_DOCUMENTATION_COMMENTS = YES;
				CLANG_WARN_EMPTY_BODY = YES;
				CLANG_WARN_ENUM_CONVERSION = YES;
				CLANG_WARN_INFINITE_RECURSION = YES;
				CLANG_WARN_INT_CONVERSION = YES;
				CLANG_WARN_NON_LITERAL_NULL_CONVERSION = YES;
				CLANG_WARN_OBJC_IMPLICIT_RETAIN_SELF = YES;
				CLANG_WARN_OBJC_LITERAL_CONVERSION = YES;
				CLANG_WARN_OBJC_ROOT_CLASS = YES_ERROR;
				CLANG_WARN_QUOTED_INCLUDE_IN_FRAMEWORK_HEADER = YES;
				CLANG_WARN_RANGE_LOOP_ANALYSIS = YES;
				CLANG_WARN_STRICT_PROTOTYPES = YES;
				CLANG_WARN_SUSPICIOUS_MOVE = YES;
				CLANG_WARN_UNGUARDED_AVAILABILITY = YES_AGGRESSIVE;
				CLANG_WARN_UNREACHABLE_CODE = YES;
				CLANG_WARN__DUPLICATE_METHOD_MATCH = YES;
				COPY_PHASE_STRIP = NO;
				DEBUG_INFORMATION_FORMAT = "dwarf-with-dsym";
				ENABLE_NS_ASSERTIONS = NO;
				ENABLE_STRICT_OBJC_MSGSEND = YES;
				GCC_C_LANGUAGE_STANDARD = gnu11;
				GCC_NO_COMMON_BLOCKS = YES;
				GCC_WARN_64_TO_32_BIT_CONVERSION = YES;
				GCC_WARN_ABOUT_RETURN_TYPE = YES_ERROR;
				GCC_WARN_UNDECLARED_SELECTOR = YES;
				GCC_WARN_UNINITIALIZED_AUTOS = YES_AGGRESSIVE;
				GCC_WARN_UNUSED_FUNCTION = YES;
				GCC_WARN_UNUSED_VARIABLE = YES;
				IPHONEOS_DEPLOYMENT_TARGET = 15.2;
				MTL_ENABLE_DEBUG_INFO = NO;
				MTL_FAST_MATH = YES;
				SDKROOT = iphoneos;
				SWIFT_COMPILATION_MODE = wholemodule;
				SWIFT_OPTIMIZATION_LEVEL = "-O";
				VALIDATE_PRODUCT = YES;
			};
			name = Release;
		};
		7064510C27DD5BA1001776B9 /* Debug */ = {
			isa = XCBuildConfiguration;
			buildSettings = {
				ASSETCATALOG_COMPILER_APPICON_NAME = AppIcon;
				ASSETCATALOG_COMPILER_GLOBAL_ACCENT_COLOR_NAME = AccentColor;
				CODE_SIGN_STYLE = Automatic;
				CURRENT_PROJECT_VERSION = 1;
				DEVELOPMENT_TEAM = 35TCC2CP7B;
				GENERATE_INFOPLIST_FILE = YES;
				INFOPLIST_FILE = "desafio-ios/Info.plist";
				INFOPLIST_KEY_UIApplicationSupportsIndirectInputEvents = YES;
				INFOPLIST_KEY_UILaunchStoryboardName = LaunchScreen;
				INFOPLIST_KEY_UISupportedInterfaceOrientations_iPad = "UIInterfaceOrientationPortrait UIInterfaceOrientationPortraitUpsideDown UIInterfaceOrientationLandscapeLeft UIInterfaceOrientationLandscapeRight";
				INFOPLIST_KEY_UISupportedInterfaceOrientations_iPhone = "UIInterfaceOrientationPortrait UIInterfaceOrientationLandscapeLeft UIInterfaceOrientationLandscapeRight";
				LD_RUNPATH_SEARCH_PATHS = (
					"$(inherited)",
					"@executable_path/Frameworks",
				);
				MARKETING_VERSION = 1.0;
				PRODUCT_BUNDLE_IDENTIFIER = "br.com.lys.desafio-ios";
				PRODUCT_NAME = "$(TARGET_NAME)";
				SWIFT_EMIT_LOC_STRINGS = YES;
				SWIFT_VERSION = 5.0;
				TARGETED_DEVICE_FAMILY = "1,2";
			};
			name = Debug;
		};
		7064510D27DD5BA1001776B9 /* Release */ = {
			isa = XCBuildConfiguration;
			buildSettings = {
				ASSETCATALOG_COMPILER_APPICON_NAME = AppIcon;
				ASSETCATALOG_COMPILER_GLOBAL_ACCENT_COLOR_NAME = AccentColor;
				CODE_SIGN_STYLE = Automatic;
				CURRENT_PROJECT_VERSION = 1;
				DEVELOPMENT_TEAM = 35TCC2CP7B;
				GENERATE_INFOPLIST_FILE = YES;
				INFOPLIST_FILE = "desafio-ios/Info.plist";
				INFOPLIST_KEY_UIApplicationSupportsIndirectInputEvents = YES;
				INFOPLIST_KEY_UILaunchStoryboardName = LaunchScreen;
				INFOPLIST_KEY_UISupportedInterfaceOrientations_iPad = "UIInterfaceOrientationPortrait UIInterfaceOrientationPortraitUpsideDown UIInterfaceOrientationLandscapeLeft UIInterfaceOrientationLandscapeRight";
				INFOPLIST_KEY_UISupportedInterfaceOrientations_iPhone = "UIInterfaceOrientationPortrait UIInterfaceOrientationLandscapeLeft UIInterfaceOrientationLandscapeRight";
				LD_RUNPATH_SEARCH_PATHS = (
					"$(inherited)",
					"@executable_path/Frameworks",
				);
				MARKETING_VERSION = 1.0;
				PRODUCT_BUNDLE_IDENTIFIER = "br.com.lys.desafio-ios";
				PRODUCT_NAME = "$(TARGET_NAME)";
				SWIFT_EMIT_LOC_STRINGS = YES;
				SWIFT_VERSION = 5.0;
				TARGETED_DEVICE_FAMILY = "1,2";
			};
			name = Release;
		};
		7064510F27DD5BA1001776B9 /* Debug */ = {
			isa = XCBuildConfiguration;
			buildSettings = {
				ALWAYS_EMBED_SWIFT_STANDARD_LIBRARIES = YES;
				BUNDLE_LOADER = "$(TEST_HOST)";
				CODE_SIGN_STYLE = Automatic;
				CURRENT_PROJECT_VERSION = 1;
				DEVELOPMENT_TEAM = 35TCC2CP7B;
				GENERATE_INFOPLIST_FILE = YES;
				IPHONEOS_DEPLOYMENT_TARGET = 15.2;
				MARKETING_VERSION = 1.0;
				PRODUCT_BUNDLE_IDENTIFIER = "br.com.lys.desafio-iosTests";
				PRODUCT_NAME = "$(TARGET_NAME)";
				SWIFT_EMIT_LOC_STRINGS = NO;
				SWIFT_VERSION = 5.0;
				TARGETED_DEVICE_FAMILY = "1,2";
				TEST_HOST = "$(BUILT_PRODUCTS_DIR)/desafio-ios.app/desafio-ios";
			};
			name = Debug;
		};
		7064511027DD5BA1001776B9 /* Release */ = {
			isa = XCBuildConfiguration;
			buildSettings = {
				ALWAYS_EMBED_SWIFT_STANDARD_LIBRARIES = YES;
				BUNDLE_LOADER = "$(TEST_HOST)";
				CODE_SIGN_STYLE = Automatic;
				CURRENT_PROJECT_VERSION = 1;
				DEVELOPMENT_TEAM = 35TCC2CP7B;
				GENERATE_INFOPLIST_FILE = YES;
				IPHONEOS_DEPLOYMENT_TARGET = 15.2;
				MARKETING_VERSION = 1.0;
				PRODUCT_BUNDLE_IDENTIFIER = "br.com.lys.desafio-iosTests";
				PRODUCT_NAME = "$(TARGET_NAME)";
				SWIFT_EMIT_LOC_STRINGS = NO;
				SWIFT_VERSION = 5.0;
				TARGETED_DEVICE_FAMILY = "1,2";
				TEST_HOST = "$(BUILT_PRODUCTS_DIR)/desafio-ios.app/desafio-ios";
			};
			name = Release;
		};
		7064511227DD5BA1001776B9 /* Debug */ = {
			isa = XCBuildConfiguration;
			buildSettings = {
				ALWAYS_EMBED_SWIFT_STANDARD_LIBRARIES = YES;
				CODE_SIGN_STYLE = Automatic;
				CURRENT_PROJECT_VERSION = 1;
				DEVELOPMENT_TEAM = 35TCC2CP7B;
				GENERATE_INFOPLIST_FILE = YES;
				MARKETING_VERSION = 1.0;
				PRODUCT_BUNDLE_IDENTIFIER = "br.com.lys.desafio-iosUITests";
				PRODUCT_NAME = "$(TARGET_NAME)";
				SWIFT_EMIT_LOC_STRINGS = NO;
				SWIFT_VERSION = 5.0;
				TARGETED_DEVICE_FAMILY = "1,2";
				TEST_TARGET_NAME = "desafio-ios";
			};
			name = Debug;
		};
		7064511327DD5BA1001776B9 /* Release */ = {
			isa = XCBuildConfiguration;
			buildSettings = {
				ALWAYS_EMBED_SWIFT_STANDARD_LIBRARIES = YES;
				CODE_SIGN_STYLE = Automatic;
				CURRENT_PROJECT_VERSION = 1;
				DEVELOPMENT_TEAM = 35TCC2CP7B;
				GENERATE_INFOPLIST_FILE = YES;
				MARKETING_VERSION = 1.0;
				PRODUCT_BUNDLE_IDENTIFIER = "br.com.lys.desafio-iosUITests";
				PRODUCT_NAME = "$(TARGET_NAME)";
				SWIFT_EMIT_LOC_STRINGS = NO;
				SWIFT_VERSION = 5.0;
				TARGETED_DEVICE_FAMILY = "1,2";
				TEST_TARGET_NAME = "desafio-ios";
			};
			name = Release;
		};
/* End XCBuildConfiguration section */

/* Begin XCConfigurationList section */
		706450DC27DD5BA0001776B9 /* Build configuration list for PBXProject "desafio-ios" */ = {
			isa = XCConfigurationList;
			buildConfigurations = (
				7064510927DD5BA1001776B9 /* Debug */,
				7064510A27DD5BA1001776B9 /* Release */,
			);
			defaultConfigurationIsVisible = 0;
			defaultConfigurationName = Release;
		};
		7064510B27DD5BA1001776B9 /* Build configuration list for PBXNativeTarget "desafio-ios" */ = {
			isa = XCConfigurationList;
			buildConfigurations = (
				7064510C27DD5BA1001776B9 /* Debug */,
				7064510D27DD5BA1001776B9 /* Release */,
			);
			defaultConfigurationIsVisible = 0;
			defaultConfigurationName = Release;
		};
		7064510E27DD5BA1001776B9 /* Build configuration list for PBXNativeTarget "desafio-iosTests" */ = {
			isa = XCConfigurationList;
			buildConfigurations = (
				7064510F27DD5BA1001776B9 /* Debug */,
				7064511027DD5BA1001776B9 /* Release */,
			);
			defaultConfigurationIsVisible = 0;
			defaultConfigurationName = Release;
		};
		7064511127DD5BA1001776B9 /* Build configuration list for PBXNativeTarget "desafio-iosUITests" */ = {
			isa = XCConfigurationList;
			buildConfigurations = (
				7064511227DD5BA1001776B9 /* Debug */,
				7064511327DD5BA1001776B9 /* Release */,
			);
			defaultConfigurationIsVisible = 0;
			defaultConfigurationName = Release;
		};
/* End XCConfigurationList section */
	};
	rootObject = 706450D927DD5BA0001776B9 /* Project object */;
}
