// !$*UTF8*$!
{
	archiveVersion = 1;
	classes = {
	};
	objectVersion = 55;
	objects = {

/* Begin PBXBuildFile section */
		592A22D0282DAFF3003B4AE3 /* Strings.swift in Sources */ = {isa = PBXBuildFile; fileRef = 592A22CF282DAFF3003B4AE3 /* Strings.swift */; };
		5968ADD4283C3A8800B0B1DC /* StringTests.swift in Sources */ = {isa = PBXBuildFile; fileRef = 5968ADD3283C3A8800B0B1DC /* StringTests.swift */; };
		5968ADD6283C426500B0B1DC /* LoginCoordinatorTests.swift in Sources */ = {isa = PBXBuildFile; fileRef = 5968ADD5283C426500B0B1DC /* LoginCoordinatorTests.swift */; };
		5972EE42282E9C2D00E87EC9 /* UIButton.swift in Sources */ = {isa = PBXBuildFile; fileRef = 5972EE41282E9C2D00E87EC9 /* UIButton.swift */; };
		5972EE46282EA20300E87EC9 /* PasswordScreen.swift in Sources */ = {isa = PBXBuildFile; fileRef = 5972EE45282EA20300E87EC9 /* PasswordScreen.swift */; };
		5972EE48282EA26F00E87EC9 /* PasswordCoordinator.swift in Sources */ = {isa = PBXBuildFile; fileRef = 5972EE47282EA26F00E87EC9 /* PasswordCoordinator.swift */; };
		5972EE4A282EA28000E87EC9 /* PasswordViewController.swift in Sources */ = {isa = PBXBuildFile; fileRef = 5972EE49282EA28000E87EC9 /* PasswordViewController.swift */; };
		5992CC5B2835AAEA00225B2A /* invoice.json in Resources */ = {isa = PBXBuildFile; fileRef = 5992CC5A2835AAEA00225B2A /* invoice.json */; };
		5992CC5D2835AB4200225B2A /* InvoiceService.swift in Sources */ = {isa = PBXBuildFile; fileRef = 5992CC5C2835AB4200225B2A /* InvoiceService.swift */; };
		5992CC5F2835B94F00225B2A /* Transaction+Extension.swift in Sources */ = {isa = PBXBuildFile; fileRef = 5992CC5E2835B94F00225B2A /* Transaction+Extension.swift */; };
		5992CC612835CC1C00225B2A /* NetworkCoordinator.swift in Sources */ = {isa = PBXBuildFile; fileRef = 5992CC602835CC1C00225B2A /* NetworkCoordinator.swift */; };
		59A1E431283831AE00DF0F6F /* BaseCoordinatorTests.swift in Sources */ = {isa = PBXBuildFile; fileRef = 59A1E430283831AE00DF0F6F /* BaseCoordinatorTests.swift */; };
		59A1E4332838336F00DF0F6F /* IntroCoordinatorTests.swift in Sources */ = {isa = PBXBuildFile; fileRef = 59A1E4322838336F00DF0F6F /* IntroCoordinatorTests.swift */; };
		59A1E4352838377600DF0F6F /* InvoiceCoordinatorTests.swift in Sources */ = {isa = PBXBuildFile; fileRef = 59A1E4342838377600DF0F6F /* InvoiceCoordinatorTests.swift */; };
		59AA52BD282EEB93003DDE81 /* InvoiceCoordinator.swift in Sources */ = {isa = PBXBuildFile; fileRef = 59AA52BC282EEB93003DDE81 /* InvoiceCoordinator.swift */; };
		59AA52BF282EEBD3003DDE81 /* InvoiceViewController.swift in Sources */ = {isa = PBXBuildFile; fileRef = 59AA52BE282EEBD3003DDE81 /* InvoiceViewController.swift */; };
		59BCA47228341CFF00C07378 /* HeaderView.swift in Sources */ = {isa = PBXBuildFile; fileRef = 59BCA47128341CFF00C07378 /* HeaderView.swift */; };
		59BCA47528347A7600C07378 /* InvoiceModel.swift in Sources */ = {isa = PBXBuildFile; fileRef = 59BCA47428347A7600C07378 /* InvoiceModel.swift */; };
		59C0EEE8282B43020037E3BB /* AppDelegate.swift in Sources */ = {isa = PBXBuildFile; fileRef = 59C0EEE7282B43020037E3BB /* AppDelegate.swift */; };
		59C0EEEA282B43020037E3BB /* SceneDelegate.swift in Sources */ = {isa = PBXBuildFile; fileRef = 59C0EEE9282B43020037E3BB /* SceneDelegate.swift */; };
		59C0EEF1282B43040037E3BB /* Assets.xcassets in Resources */ = {isa = PBXBuildFile; fileRef = 59C0EEF0282B43040037E3BB /* Assets.xcassets */; };
		59C0EEF4282B43040037E3BB /* LaunchScreen.storyboard in Resources */ = {isa = PBXBuildFile; fileRef = 59C0EEF2282B43040037E3BB /* LaunchScreen.storyboard */; };
		59C0EEFF282B43050037E3BB /* DesafioCoraTests.swift in Sources */ = {isa = PBXBuildFile; fileRef = 59C0EEFE282B43050037E3BB /* DesafioCoraTests.swift */; };
		59C0EF09282B43050037E3BB /* DesafioCoraUITests.swift in Sources */ = {isa = PBXBuildFile; fileRef = 59C0EF08282B43050037E3BB /* DesafioCoraUITests.swift */; };
		59C0EF0B282B43050037E3BB /* DesafioCoraUITestsLaunchTests.swift in Sources */ = {isa = PBXBuildFile; fileRef = 59C0EF0A282B43050037E3BB /* DesafioCoraUITestsLaunchTests.swift */; };
		59C0EF18282B45CA0037E3BB /* RootCoordinator.swift in Sources */ = {isa = PBXBuildFile; fileRef = 59C0EF17282B45CA0037E3BB /* RootCoordinator.swift */; };
		59C0EF1B282B46320037E3BB /* Coordinator.swift in Sources */ = {isa = PBXBuildFile; fileRef = 59C0EF1A282B46320037E3BB /* Coordinator.swift */; };
		59C0EF21282B4C630037E3BB /* LoginCoordinator.swift in Sources */ = {isa = PBXBuildFile; fileRef = 59C0EF20282B4C630037E3BB /* LoginCoordinator.swift */; };
		59C0EF25282B5A960037E3BB /* LoginViewController.swift in Sources */ = {isa = PBXBuildFile; fileRef = 59C0EF24282B5A960037E3BB /* LoginViewController.swift */; };
		59C85F64282C361800D83844 /* LoginScreen.swift in Sources */ = {isa = PBXBuildFile; fileRef = 59C85F63282C361700D83844 /* LoginScreen.swift */; };
		59C85F67282C4ADF00D83844 /* IntroCoordinator.swift in Sources */ = {isa = PBXBuildFile; fileRef = 59C85F66282C4ADF00D83844 /* IntroCoordinator.swift */; };
		59C85F69282C4AEE00D83844 /* IntroViewController.swift in Sources */ = {isa = PBXBuildFile; fileRef = 59C85F68282C4AEE00D83844 /* IntroViewController.swift */; };
		59C85F6B282C4B0700D83844 /* IntroScreen.swift in Sources */ = {isa = PBXBuildFile; fileRef = 59C85F6A282C4B0700D83844 /* IntroScreen.swift */; };
		59C85F6D282C4BB400D83844 /* CodeView.swift in Sources */ = {isa = PBXBuildFile; fileRef = 59C85F6C282C4BB400D83844 /* CodeView.swift */; };
		59D8B404282C9D88004D9D5A /* Fonts.swift in Sources */ = {isa = PBXBuildFile; fileRef = 59D8B403282C9D88004D9D5A /* Fonts.swift */; };
		59D8B406282C9D93004D9D5A /* UIColor.swift in Sources */ = {isa = PBXBuildFile; fileRef = 59D8B405282C9D93004D9D5A /* UIColor.swift */; };
		59D8B408282C9DC9004D9D5A /* Colors.xcassets in Resources */ = {isa = PBXBuildFile; fileRef = 59D8B407282C9DC9004D9D5A /* Colors.xcassets */; };
		59D8B40A282CA260004D9D5A /* Images.swift in Sources */ = {isa = PBXBuildFile; fileRef = 59D8B409282CA260004D9D5A /* Images.swift */; };
		59E0DECB282DEA52007DF393 /* NavigationController.swift in Sources */ = {isa = PBXBuildFile; fileRef = 59E0DECA282DEA52007DF393 /* NavigationController.swift */; };
		59E0DECE282E006B007DF393 /* String.swift in Sources */ = {isa = PBXBuildFile; fileRef = 59E0DECD282E006B007DF393 /* String.swift */; };
		59E7875C28371F7000C848AA /* BarChartView.swift in Sources */ = {isa = PBXBuildFile; fileRef = 59E7875B28371F7000C848AA /* BarChartView.swift */; };
		59EE73B82831AE7A00506FE6 /* InvoiceRowViewCell.swift in Sources */ = {isa = PBXBuildFile; fileRef = 59EE73B72831AE7A00506FE6 /* InvoiceRowViewCell.swift */; };
		59EE73BA2831B6B300506FE6 /* InvoiceScreen.swift in Sources */ = {isa = PBXBuildFile; fileRef = 59EE73B92831B6B300506FE6 /* InvoiceScreen.swift */; };
/* End PBXBuildFile section */

/* Begin PBXContainerItemProxy section */
		59C0EEFB282B43050037E3BB /* PBXContainerItemProxy */ = {
			isa = PBXContainerItemProxy;
			containerPortal = 59C0EEDC282B43020037E3BB /* Project object */;
			proxyType = 1;
			remoteGlobalIDString = 59C0EEE3282B43020037E3BB;
			remoteInfo = "Desafio Cora";
		};
		59C0EF05282B43050037E3BB /* PBXContainerItemProxy */ = {
			isa = PBXContainerItemProxy;
			containerPortal = 59C0EEDC282B43020037E3BB /* Project object */;
			proxyType = 1;
			remoteGlobalIDString = 59C0EEE3282B43020037E3BB;
			remoteInfo = "Desafio Cora";
		};
/* End PBXContainerItemProxy section */

/* Begin PBXFileReference section */
		592A22CF282DAFF3003B4AE3 /* Strings.swift */ = {isa = PBXFileReference; lastKnownFileType = sourcecode.swift; path = Strings.swift; sourceTree = "<group>"; };
		5968ADD3283C3A8800B0B1DC /* StringTests.swift */ = {isa = PBXFileReference; lastKnownFileType = sourcecode.swift; path = StringTests.swift; sourceTree = "<group>"; };
		5968ADD5283C426500B0B1DC /* LoginCoordinatorTests.swift */ = {isa = PBXFileReference; lastKnownFileType = sourcecode.swift; path = LoginCoordinatorTests.swift; sourceTree = "<group>"; };
		5972EE41282E9C2D00E87EC9 /* UIButton.swift */ = {isa = PBXFileReference; lastKnownFileType = sourcecode.swift; path = UIButton.swift; sourceTree = "<group>"; };
		5972EE45282EA20300E87EC9 /* PasswordScreen.swift */ = {isa = PBXFileReference; lastKnownFileType = sourcecode.swift; path = PasswordScreen.swift; sourceTree = "<group>"; };
		5972EE47282EA26F00E87EC9 /* PasswordCoordinator.swift */ = {isa = PBXFileReference; lastKnownFileType = sourcecode.swift; path = PasswordCoordinator.swift; sourceTree = "<group>"; };
		5972EE49282EA28000E87EC9 /* PasswordViewController.swift */ = {isa = PBXFileReference; lastKnownFileType = sourcecode.swift; path = PasswordViewController.swift; sourceTree = "<group>"; };
		5992CC5A2835AAEA00225B2A /* invoice.json */ = {isa = PBXFileReference; fileEncoding = 4; lastKnownFileType = text.json; path = invoice.json; sourceTree = "<group>"; };
		5992CC5C2835AB4200225B2A /* InvoiceService.swift */ = {isa = PBXFileReference; lastKnownFileType = sourcecode.swift; path = InvoiceService.swift; sourceTree = "<group>"; };
		5992CC5E2835B94F00225B2A /* Transaction+Extension.swift */ = {isa = PBXFileReference; lastKnownFileType = sourcecode.swift; path = "Transaction+Extension.swift"; sourceTree = "<group>"; };
		5992CC602835CC1C00225B2A /* NetworkCoordinator.swift */ = {isa = PBXFileReference; lastKnownFileType = sourcecode.swift; path = NetworkCoordinator.swift; sourceTree = "<group>"; };
		59A1E430283831AE00DF0F6F /* BaseCoordinatorTests.swift */ = {isa = PBXFileReference; lastKnownFileType = sourcecode.swift; path = BaseCoordinatorTests.swift; sourceTree = "<group>"; };
		59A1E4322838336F00DF0F6F /* IntroCoordinatorTests.swift */ = {isa = PBXFileReference; lastKnownFileType = sourcecode.swift; path = IntroCoordinatorTests.swift; sourceTree = "<group>"; };
		59A1E4342838377600DF0F6F /* InvoiceCoordinatorTests.swift */ = {isa = PBXFileReference; lastKnownFileType = sourcecode.swift; path = InvoiceCoordinatorTests.swift; sourceTree = "<group>"; };
		59AA52BC282EEB93003DDE81 /* InvoiceCoordinator.swift */ = {isa = PBXFileReference; lastKnownFileType = sourcecode.swift; path = InvoiceCoordinator.swift; sourceTree = "<group>"; };
		59AA52BE282EEBD3003DDE81 /* InvoiceViewController.swift */ = {isa = PBXFileReference; lastKnownFileType = sourcecode.swift; path = InvoiceViewController.swift; sourceTree = "<group>"; };
		59BCA47128341CFF00C07378 /* HeaderView.swift */ = {isa = PBXFileReference; lastKnownFileType = sourcecode.swift; path = HeaderView.swift; sourceTree = "<group>"; };
		59BCA47428347A7600C07378 /* InvoiceModel.swift */ = {isa = PBXFileReference; lastKnownFileType = sourcecode.swift; path = InvoiceModel.swift; sourceTree = "<group>"; };
		59C0EEE4282B43020037E3BB /* Desafio Cora.app */ = {isa = PBXFileReference; explicitFileType = wrapper.application; includeInIndex = 0; path = "Desafio Cora.app"; sourceTree = BUILT_PRODUCTS_DIR; };
		59C0EEE7282B43020037E3BB /* AppDelegate.swift */ = {isa = PBXFileReference; lastKnownFileType = sourcecode.swift; path = AppDelegate.swift; sourceTree = "<group>"; };
		59C0EEE9282B43020037E3BB /* SceneDelegate.swift */ = {isa = PBXFileReference; lastKnownFileType = sourcecode.swift; path = SceneDelegate.swift; sourceTree = "<group>"; };
		59C0EEF0282B43040037E3BB /* Assets.xcassets */ = {isa = PBXFileReference; lastKnownFileType = folder.assetcatalog; path = Assets.xcassets; sourceTree = "<group>"; };
		59C0EEF3282B43040037E3BB /* Base */ = {isa = PBXFileReference; lastKnownFileType = file.storyboard; name = Base; path = Base.lproj/LaunchScreen.storyboard; sourceTree = "<group>"; };
		59C0EEF5282B43040037E3BB /* Info.plist */ = {isa = PBXFileReference; lastKnownFileType = text.plist.xml; path = Info.plist; sourceTree = "<group>"; };
		59C0EEFA282B43050037E3BB /* Desafio CoraTests.xctest */ = {isa = PBXFileReference; explicitFileType = wrapper.cfbundle; includeInIndex = 0; path = "Desafio CoraTests.xctest"; sourceTree = BUILT_PRODUCTS_DIR; };
		59C0EEFE282B43050037E3BB /* DesafioCoraTests.swift */ = {isa = PBXFileReference; lastKnownFileType = sourcecode.swift; path = DesafioCoraTests.swift; sourceTree = "<group>"; };
		59C0EF04282B43050037E3BB /* Desafio CoraUITests.xctest */ = {isa = PBXFileReference; explicitFileType = wrapper.cfbundle; includeInIndex = 0; path = "Desafio CoraUITests.xctest"; sourceTree = BUILT_PRODUCTS_DIR; };
		59C0EF08282B43050037E3BB /* DesafioCoraUITests.swift */ = {isa = PBXFileReference; lastKnownFileType = sourcecode.swift; path = DesafioCoraUITests.swift; sourceTree = "<group>"; };
		59C0EF0A282B43050037E3BB /* DesafioCoraUITestsLaunchTests.swift */ = {isa = PBXFileReference; lastKnownFileType = sourcecode.swift; path = DesafioCoraUITestsLaunchTests.swift; sourceTree = "<group>"; };
		59C0EF17282B45CA0037E3BB /* RootCoordinator.swift */ = {isa = PBXFileReference; lastKnownFileType = sourcecode.swift; path = RootCoordinator.swift; sourceTree = "<group>"; };
		59C0EF1A282B46320037E3BB /* Coordinator.swift */ = {isa = PBXFileReference; lastKnownFileType = sourcecode.swift; path = Coordinator.swift; sourceTree = "<group>"; };
		59C0EF20282B4C630037E3BB /* LoginCoordinator.swift */ = {isa = PBXFileReference; lastKnownFileType = sourcecode.swift; path = LoginCoordinator.swift; sourceTree = "<group>"; };
		59C0EF24282B5A960037E3BB /* LoginViewController.swift */ = {isa = PBXFileReference; lastKnownFileType = sourcecode.swift; path = LoginViewController.swift; sourceTree = "<group>"; };
		59C85F63282C361700D83844 /* LoginScreen.swift */ = {isa = PBXFileReference; lastKnownFileType = sourcecode.swift; path = LoginScreen.swift; sourceTree = "<group>"; };
		59C85F66282C4ADF00D83844 /* IntroCoordinator.swift */ = {isa = PBXFileReference; lastKnownFileType = sourcecode.swift; path = IntroCoordinator.swift; sourceTree = "<group>"; };
		59C85F68282C4AEE00D83844 /* IntroViewController.swift */ = {isa = PBXFileReference; lastKnownFileType = sourcecode.swift; path = IntroViewController.swift; sourceTree = "<group>"; };
		59C85F6A282C4B0700D83844 /* IntroScreen.swift */ = {isa = PBXFileReference; lastKnownFileType = sourcecode.swift; path = IntroScreen.swift; sourceTree = "<group>"; };
		59C85F6C282C4BB400D83844 /* CodeView.swift */ = {isa = PBXFileReference; lastKnownFileType = sourcecode.swift; path = CodeView.swift; sourceTree = "<group>"; };
		59D8B403282C9D88004D9D5A /* Fonts.swift */ = {isa = PBXFileReference; lastKnownFileType = sourcecode.swift; path = Fonts.swift; sourceTree = "<group>"; };
		59D8B405282C9D93004D9D5A /* UIColor.swift */ = {isa = PBXFileReference; lastKnownFileType = sourcecode.swift; path = UIColor.swift; sourceTree = "<group>"; };
		59D8B407282C9DC9004D9D5A /* Colors.xcassets */ = {isa = PBXFileReference; lastKnownFileType = folder.assetcatalog; path = Colors.xcassets; sourceTree = "<group>"; };
		59D8B409282CA260004D9D5A /* Images.swift */ = {isa = PBXFileReference; lastKnownFileType = sourcecode.swift; path = Images.swift; sourceTree = "<group>"; };
		59E0DECA282DEA52007DF393 /* NavigationController.swift */ = {isa = PBXFileReference; lastKnownFileType = sourcecode.swift; path = NavigationController.swift; sourceTree = "<group>"; };
		59E0DECD282E006B007DF393 /* String.swift */ = {isa = PBXFileReference; lastKnownFileType = sourcecode.swift; path = String.swift; sourceTree = "<group>"; };
		59E7875B28371F7000C848AA /* BarChartView.swift */ = {isa = PBXFileReference; lastKnownFileType = sourcecode.swift; path = BarChartView.swift; sourceTree = "<group>"; };
		59EE73B72831AE7A00506FE6 /* InvoiceRowViewCell.swift */ = {isa = PBXFileReference; lastKnownFileType = sourcecode.swift; path = InvoiceRowViewCell.swift; sourceTree = "<group>"; };
		59EE73B92831B6B300506FE6 /* InvoiceScreen.swift */ = {isa = PBXFileReference; lastKnownFileType = sourcecode.swift; path = InvoiceScreen.swift; sourceTree = "<group>"; };
/* End PBXFileReference section */

/* Begin PBXFrameworksBuildPhase section */
		59C0EEE1282B43020037E3BB /* Frameworks */ = {
			isa = PBXFrameworksBuildPhase;
			buildActionMask = 2147483647;
			files = (
			);
			runOnlyForDeploymentPostprocessing = 0;
		};
		59C0EEF7282B43050037E3BB /* Frameworks */ = {
			isa = PBXFrameworksBuildPhase;
			buildActionMask = 2147483647;
			files = (
			);
			runOnlyForDeploymentPostprocessing = 0;
		};
		59C0EF01282B43050037E3BB /* Frameworks */ = {
			isa = PBXFrameworksBuildPhase;
			buildActionMask = 2147483647;
			files = (
			);
			runOnlyForDeploymentPostprocessing = 0;
		};
/* End PBXFrameworksBuildPhase section */

/* Begin PBXGroup section */
		5972EE43282EA1A200E87EC9 /* CNPJ */ = {
			isa = PBXGroup;
			children = (
				59C0EF20282B4C630037E3BB /* LoginCoordinator.swift */,
				59C0EF24282B5A960037E3BB /* LoginViewController.swift */,
				59C85F63282C361700D83844 /* LoginScreen.swift */,
			);
			path = CNPJ;
			sourceTree = "<group>";
		};
		5972EE44282EA1BA00E87EC9 /* Password */ = {
			isa = PBXGroup;
			children = (
				5972EE47282EA26F00E87EC9 /* PasswordCoordinator.swift */,
				5972EE49282EA28000E87EC9 /* PasswordViewController.swift */,
				5972EE45282EA20300E87EC9 /* PasswordScreen.swift */,
			);
			path = Password;
			sourceTree = "<group>";
		};
		59AA52BB282EEB74003DDE81 /* Invoices */ = {
			isa = PBXGroup;
			children = (
				59BCA47328347A6500C07378 /* Model */,
				59EE73B62831AE4300506FE6 /* Cells */,
				59AA52BC282EEB93003DDE81 /* InvoiceCoordinator.swift */,
				59AA52BE282EEBD3003DDE81 /* InvoiceViewController.swift */,
				59EE73B92831B6B300506FE6 /* InvoiceScreen.swift */,
				5992CC5C2835AB4200225B2A /* InvoiceService.swift */,
			);
			path = Invoices;
			sourceTree = "<group>";
		};
		59BCA47328347A6500C07378 /* Model */ = {
			isa = PBXGroup;
			children = (
				5992CC5A2835AAEA00225B2A /* invoice.json */,
				59BCA47428347A7600C07378 /* InvoiceModel.swift */,
				5992CC5E2835B94F00225B2A /* Transaction+Extension.swift */,
			);
			path = Model;
			sourceTree = "<group>";
		};
		59C0EEDB282B43020037E3BB = {
			isa = PBXGroup;
			children = (
				59C0EEE6282B43020037E3BB /* Desafio Cora */,
				59C0EEFD282B43050037E3BB /* Desafio CoraTests */,
				59C0EF07282B43050037E3BB /* Desafio CoraUITests */,
				59C0EEE5282B43020037E3BB /* Products */,
			);
			sourceTree = "<group>";
		};
		59C0EEE5282B43020037E3BB /* Products */ = {
			isa = PBXGroup;
			children = (
				59C0EEE4282B43020037E3BB /* Desafio Cora.app */,
				59C0EEFA282B43050037E3BB /* Desafio CoraTests.xctest */,
				59C0EF04282B43050037E3BB /* Desafio CoraUITests.xctest */,
			);
			name = Products;
			sourceTree = "<group>";
		};
		59C0EEE6282B43020037E3BB /* Desafio Cora */ = {
			isa = PBXGroup;
			children = (
				59E0DECC282E0051007DF393 /* Extensions */,
				59D8B402282C9D77004D9D5A /* DesignSystem */,
				59C0EF29282B641A0037E3BB /* Features */,
				59C0EF19282B461A0037E3BB /* Coordinator */,
				59C0EF28282B63DC0037E3BB /* System */,
				59C0EEF2282B43040037E3BB /* LaunchScreen.storyboard */,
			);
			path = "Desafio Cora";
			sourceTree = "<group>";
		};
		59C0EEFD282B43050037E3BB /* Desafio CoraTests */ = {
			isa = PBXGroup;
			children = (
				59A1E430283831AE00DF0F6F /* BaseCoordinatorTests.swift */,
				59C0EEFE282B43050037E3BB /* DesafioCoraTests.swift */,
				59A1E4322838336F00DF0F6F /* IntroCoordinatorTests.swift */,
				5968ADD5283C426500B0B1DC /* LoginCoordinatorTests.swift */,
				59A1E4342838377600DF0F6F /* InvoiceCoordinatorTests.swift */,
				5968ADD3283C3A8800B0B1DC /* StringTests.swift */,
			);
			path = "Desafio CoraTests";
			sourceTree = "<group>";
		};
		59C0EF07282B43050037E3BB /* Desafio CoraUITests */ = {
			isa = PBXGroup;
			children = (
				59C0EF08282B43050037E3BB /* DesafioCoraUITests.swift */,
				59C0EF0A282B43050037E3BB /* DesafioCoraUITestsLaunchTests.swift */,
			);
			path = "Desafio CoraUITests";
			sourceTree = "<group>";
		};
		59C0EF19282B461A0037E3BB /* Coordinator */ = {
			isa = PBXGroup;
			children = (
				59C0EF17282B45CA0037E3BB /* RootCoordinator.swift */,
				59C0EF1A282B46320037E3BB /* Coordinator.swift */,
				5992CC602835CC1C00225B2A /* NetworkCoordinator.swift */,
			);
			path = Coordinator;
			sourceTree = "<group>";
		};
		59C0EF28282B63DC0037E3BB /* System */ = {
			isa = PBXGroup;
			children = (
				59C0EEE7282B43020037E3BB /* AppDelegate.swift */,
				59C0EEE9282B43020037E3BB /* SceneDelegate.swift */,
				59C0EEF5282B43040037E3BB /* Info.plist */,
			);
			path = System;
			sourceTree = "<group>";
		};
		59C0EF29282B641A0037E3BB /* Features */ = {
			isa = PBXGroup;
			children = (
				59E0DECA282DEA52007DF393 /* NavigationController.swift */,
				59C85F65282C4AC000D83844 /* Intro */,
				59C0EF2A282B64240037E3BB /* Login */,
				59AA52BB282EEB74003DDE81 /* Invoices */,
			);
			path = Features;
			sourceTree = "<group>";
		};
		59C0EF2A282B64240037E3BB /* Login */ = {
			isa = PBXGroup;
			children = (
				5972EE43282EA1A200E87EC9 /* CNPJ */,
				5972EE44282EA1BA00E87EC9 /* Password */,
			);
			path = Login;
			sourceTree = "<group>";
		};
		59C85F65282C4AC000D83844 /* Intro */ = {
			isa = PBXGroup;
			children = (
				59C85F66282C4ADF00D83844 /* IntroCoordinator.swift */,
				59C85F68282C4AEE00D83844 /* IntroViewController.swift */,
				59C85F6A282C4B0700D83844 /* IntroScreen.swift */,
			);
			path = Intro;
			sourceTree = "<group>";
		};
		59D8B402282C9D77004D9D5A /* DesignSystem */ = {
			isa = PBXGroup;
			children = (
				59D8B407282C9DC9004D9D5A /* Colors.xcassets */,
				59C0EEF0282B43040037E3BB /* Assets.xcassets */,
				59C85F6C282C4BB400D83844 /* CodeView.swift */,
				59D8B403282C9D88004D9D5A /* Fonts.swift */,
				59D8B405282C9D93004D9D5A /* UIColor.swift */,
				59D8B409282CA260004D9D5A /* Images.swift */,
				592A22CF282DAFF3003B4AE3 /* Strings.swift */,
			);
			path = DesignSystem;
			sourceTree = "<group>";
		};
		59E0DECC282E0051007DF393 /* Extensions */ = {
			isa = PBXGroup;
			children = (
				59E0DECD282E006B007DF393 /* String.swift */,
				5972EE41282E9C2D00E87EC9 /* UIButton.swift */,
			);
			path = Extensions;
			sourceTree = "<group>";
		};
		59EE73B62831AE4300506FE6 /* Cells */ = {
			isa = PBXGroup;
			children = (
				59EE73B72831AE7A00506FE6 /* InvoiceRowViewCell.swift */,
				59BCA47128341CFF00C07378 /* HeaderView.swift */,
				59E7875B28371F7000C848AA /* BarChartView.swift */,
			);
			path = Cells;
			sourceTree = "<group>";
		};
/* End PBXGroup section */

/* Begin PBXNativeTarget section */
		59C0EEE3282B43020037E3BB /* Desafio Cora */ = {
			isa = PBXNativeTarget;
			buildConfigurationList = 59C0EF0E282B43050037E3BB /* Build configuration list for PBXNativeTarget "Desafio Cora" */;
			buildPhases = (
				59C0EEE0282B43020037E3BB /* Sources */,
				59C0EEE1282B43020037E3BB /* Frameworks */,
				59C0EEE2282B43020037E3BB /* Resources */,
				59E7875D28372D6600C848AA /* Swiftlint */,
			);
			buildRules = (
			);
			dependencies = (
			);
			name = "Desafio Cora";
			productName = "Desafio Cora";
			productReference = 59C0EEE4282B43020037E3BB /* Desafio Cora.app */;
			productType = "com.apple.product-type.application";
		};
		59C0EEF9282B43050037E3BB /* Desafio CoraTests */ = {
			isa = PBXNativeTarget;
			buildConfigurationList = 59C0EF11282B43050037E3BB /* Build configuration list for PBXNativeTarget "Desafio CoraTests" */;
			buildPhases = (
				59C0EEF6282B43050037E3BB /* Sources */,
				59C0EEF7282B43050037E3BB /* Frameworks */,
				59C0EEF8282B43050037E3BB /* Resources */,
			);
			buildRules = (
			);
			dependencies = (
				59C0EEFC282B43050037E3BB /* PBXTargetDependency */,
			);
			name = "Desafio CoraTests";
			productName = "Desafio CoraTests";
			productReference = 59C0EEFA282B43050037E3BB /* Desafio CoraTests.xctest */;
			productType = "com.apple.product-type.bundle.unit-test";
		};
		59C0EF03282B43050037E3BB /* Desafio CoraUITests */ = {
			isa = PBXNativeTarget;
			buildConfigurationList = 59C0EF14282B43050037E3BB /* Build configuration list for PBXNativeTarget "Desafio CoraUITests" */;
			buildPhases = (
				59C0EF00282B43050037E3BB /* Sources */,
				59C0EF01282B43050037E3BB /* Frameworks */,
				59C0EF02282B43050037E3BB /* Resources */,
			);
			buildRules = (
			);
			dependencies = (
				59C0EF06282B43050037E3BB /* PBXTargetDependency */,
			);
			name = "Desafio CoraUITests";
			productName = "Desafio CoraUITests";
			productReference = 59C0EF04282B43050037E3BB /* Desafio CoraUITests.xctest */;
			productType = "com.apple.product-type.bundle.ui-testing";
		};
/* End PBXNativeTarget section */

/* Begin PBXProject section */
		59C0EEDC282B43020037E3BB /* Project object */ = {
			isa = PBXProject;
			attributes = {
				BuildIndependentTargetsInParallel = 1;
				LastSwiftUpdateCheck = 1320;
				LastUpgradeCheck = 1320;
				TargetAttributes = {
					59C0EEE3282B43020037E3BB = {
						CreatedOnToolsVersion = 13.2.1;
					};
					59C0EEF9282B43050037E3BB = {
						CreatedOnToolsVersion = 13.2.1;
						TestTargetID = 59C0EEE3282B43020037E3BB;
					};
					59C0EF03282B43050037E3BB = {
						CreatedOnToolsVersion = 13.2.1;
						TestTargetID = 59C0EEE3282B43020037E3BB;
					};
				};
			};
			buildConfigurationList = 59C0EEDF282B43020037E3BB /* Build configuration list for PBXProject "Desafio Cora" */;
			compatibilityVersion = "Xcode 13.0";
			developmentRegion = en;
			hasScannedForEncodings = 0;
			knownRegions = (
				en,
				Base,
			);
			mainGroup = 59C0EEDB282B43020037E3BB;
			productRefGroup = 59C0EEE5282B43020037E3BB /* Products */;
			projectDirPath = "";
			projectRoot = "";
			targets = (
				59C0EEE3282B43020037E3BB /* Desafio Cora */,
				59C0EEF9282B43050037E3BB /* Desafio CoraTests */,
				59C0EF03282B43050037E3BB /* Desafio CoraUITests */,
			);
		};
/* End PBXProject section */

/* Begin PBXResourcesBuildPhase section */
		59C0EEE2282B43020037E3BB /* Resources */ = {
			isa = PBXResourcesBuildPhase;
			buildActionMask = 2147483647;
			files = (
				5992CC5B2835AAEA00225B2A /* invoice.json in Resources */,
				59D8B408282C9DC9004D9D5A /* Colors.xcassets in Resources */,
				59C0EEF4282B43040037E3BB /* LaunchScreen.storyboard in Resources */,
				59C0EEF1282B43040037E3BB /* Assets.xcassets in Resources */,
			);
			runOnlyForDeploymentPostprocessing = 0;
		};
		59C0EEF8282B43050037E3BB /* Resources */ = {
			isa = PBXResourcesBuildPhase;
			buildActionMask = 2147483647;
			files = (
			);
			runOnlyForDeploymentPostprocessing = 0;
		};
		59C0EF02282B43050037E3BB /* Resources */ = {
			isa = PBXResourcesBuildPhase;
			buildActionMask = 2147483647;
			files = (
			);
			runOnlyForDeploymentPostprocessing = 0;
		};
/* End PBXResourcesBuildPhase section */

/* Begin PBXShellScriptBuildPhase section */
		59E7875D28372D6600C848AA /* Swiftlint */ = {
			isa = PBXShellScriptBuildPhase;
			buildActionMask = 2147483647;
			files = (
			);
			inputFileListPaths = (
			);
			inputPaths = (
			);
			name = Swiftlint;
			outputFileListPaths = (
			);
			outputPaths = (
			);
			runOnlyForDeploymentPostprocessing = 0;
			shellPath = /bin/sh;
			shellScript = "export PATH=\"$PATH:/opt/homebrew/bin\"\nif which swiftlint > /dev/null; then\n  swiftlint\nelse\n  echo \"warning: SwiftLint not installed, download from https://github.com/realm/SwiftLint\"\nfi\n";
		};
/* End PBXShellScriptBuildPhase section */

/* Begin PBXSourcesBuildPhase section */
		59C0EEE0282B43020037E3BB /* Sources */ = {
			isa = PBXSourcesBuildPhase;
			buildActionMask = 2147483647;
			files = (
				59D8B404282C9D88004D9D5A /* Fonts.swift in Sources */,
				5992CC612835CC1C00225B2A /* NetworkCoordinator.swift in Sources */,
				59D8B406282C9D93004D9D5A /* UIColor.swift in Sources */,
				59C0EF25282B5A960037E3BB /* LoginViewController.swift in Sources */,
				59C0EF18282B45CA0037E3BB /* RootCoordinator.swift in Sources */,
				59C85F64282C361800D83844 /* LoginScreen.swift in Sources */,
				59EE73B82831AE7A00506FE6 /* InvoiceRowViewCell.swift in Sources */,
				59E0DECE282E006B007DF393 /* String.swift in Sources */,
				5992CC5D2835AB4200225B2A /* InvoiceService.swift in Sources */,
				59E0DECB282DEA52007DF393 /* NavigationController.swift in Sources */,
				5992CC5F2835B94F00225B2A /* Transaction+Extension.swift in Sources */,
				59C85F67282C4ADF00D83844 /* IntroCoordinator.swift in Sources */,
				59C85F6B282C4B0700D83844 /* IntroScreen.swift in Sources */,
				5972EE48282EA26F00E87EC9 /* PasswordCoordinator.swift in Sources */,
				59BCA47528347A7600C07378 /* InvoiceModel.swift in Sources */,
				59C85F6D282C4BB400D83844 /* CodeView.swift in Sources */,
				59C0EF1B282B46320037E3BB /* Coordinator.swift in Sources */,
				5972EE46282EA20300E87EC9 /* PasswordScreen.swift in Sources */,
				59C0EEE8282B43020037E3BB /* AppDelegate.swift in Sources */,
				59AA52BD282EEB93003DDE81 /* InvoiceCoordinator.swift in Sources */,
				592A22D0282DAFF3003B4AE3 /* Strings.swift in Sources */,
				5972EE42282E9C2D00E87EC9 /* UIButton.swift in Sources */,
				5972EE4A282EA28000E87EC9 /* PasswordViewController.swift in Sources */,
				59C85F69282C4AEE00D83844 /* IntroViewController.swift in Sources */,
				59D8B40A282CA260004D9D5A /* Images.swift in Sources */,
				59EE73BA2831B6B300506FE6 /* InvoiceScreen.swift in Sources */,
				59C0EF21282B4C630037E3BB /* LoginCoordinator.swift in Sources */,
				59AA52BF282EEBD3003DDE81 /* InvoiceViewController.swift in Sources */,
				59C0EEEA282B43020037E3BB /* SceneDelegate.swift in Sources */,
				59BCA47228341CFF00C07378 /* HeaderView.swift in Sources */,
				59E7875C28371F7000C848AA /* BarChartView.swift in Sources */,
			);
			runOnlyForDeploymentPostprocessing = 0;
		};
		59C0EEF6282B43050037E3BB /* Sources */ = {
			isa = PBXSourcesBuildPhase;
			buildActionMask = 2147483647;
			files = (
				59A1E4332838336F00DF0F6F /* IntroCoordinatorTests.swift in Sources */,
				5968ADD4283C3A8800B0B1DC /* StringTests.swift in Sources */,
				59A1E4352838377600DF0F6F /* InvoiceCoordinatorTests.swift in Sources */,
				59C0EEFF282B43050037E3BB /* DesafioCoraTests.swift in Sources */,
				5968ADD6283C426500B0B1DC /* LoginCoordinatorTests.swift in Sources */,
				59A1E431283831AE00DF0F6F /* BaseCoordinatorTests.swift in Sources */,
			);
			runOnlyForDeploymentPostprocessing = 0;
		};
		59C0EF00282B43050037E3BB /* Sources */ = {
			isa = PBXSourcesBuildPhase;
			buildActionMask = 2147483647;
			files = (
				59C0EF09282B43050037E3BB /* DesafioCoraUITests.swift in Sources */,
				59C0EF0B282B43050037E3BB /* DesafioCoraUITestsLaunchTests.swift in Sources */,
			);
			runOnlyForDeploymentPostprocessing = 0;
		};
/* End PBXSourcesBuildPhase section */

/* Begin PBXTargetDependency section */
		59C0EEFC282B43050037E3BB /* PBXTargetDependency */ = {
			isa = PBXTargetDependency;
			target = 59C0EEE3282B43020037E3BB /* Desafio Cora */;
			targetProxy = 59C0EEFB282B43050037E3BB /* PBXContainerItemProxy */;
		};
		59C0EF06282B43050037E3BB /* PBXTargetDependency */ = {
			isa = PBXTargetDependency;
			target = 59C0EEE3282B43020037E3BB /* Desafio Cora */;
			targetProxy = 59C0EF05282B43050037E3BB /* PBXContainerItemProxy */;
		};
/* End PBXTargetDependency section */

/* Begin PBXVariantGroup section */
		59C0EEF2282B43040037E3BB /* LaunchScreen.storyboard */ = {
			isa = PBXVariantGroup;
			children = (
				59C0EEF3282B43040037E3BB /* Base */,
			);
			name = LaunchScreen.storyboard;
			sourceTree = "<group>";
		};
/* End PBXVariantGroup section */

/* Begin XCBuildConfiguration section */
		59C0EF0C282B43050037E3BB /* Debug */ = {
			isa = XCBuildConfiguration;
			buildSettings = {
				ALWAYS_SEARCH_USER_PATHS = NO;
				CLANG_ANALYZER_NONNULL = YES;
				CLANG_ANALYZER_NUMBER_OBJECT_CONVERSION = YES_AGGRESSIVE;
				CLANG_CXX_LANGUAGE_STANDARD = "gnu++17";
				CLANG_CXX_LIBRARY = "libc++";
				CLANG_ENABLE_MODULES = YES;
				CLANG_ENABLE_OBJC_ARC = YES;
				CLANG_ENABLE_OBJC_WEAK = YES;
				CLANG_WARN_BLOCK_CAPTURE_AUTORELEASING = YES;
				CLANG_WARN_BOOL_CONVERSION = YES;
				CLANG_WARN_COMMA = YES;
				CLANG_WARN_CONSTANT_CONVERSION = YES;
				CLANG_WARN_DEPRECATED_OBJC_IMPLEMENTATIONS = YES;
				CLANG_WARN_DIRECT_OBJC_ISA_USAGE = YES_ERROR;
				CLANG_WARN_DOCUMENTATION_COMMENTS = YES;
				CLANG_WARN_EMPTY_BODY = YES;
				CLANG_WARN_ENUM_CONVERSION = YES;
				CLANG_WARN_INFINITE_RECURSION = YES;
				CLANG_WARN_INT_CONVERSION = YES;
				CLANG_WARN_NON_LITERAL_NULL_CONVERSION = YES;
				CLANG_WARN_OBJC_IMPLICIT_RETAIN_SELF = YES;
				CLANG_WARN_OBJC_LITERAL_CONVERSION = YES;
				CLANG_WARN_OBJC_ROOT_CLASS = YES_ERROR;
				CLANG_WARN_QUOTED_INCLUDE_IN_FRAMEWORK_HEADER = YES;
				CLANG_WARN_RANGE_LOOP_ANALYSIS = YES;
				CLANG_WARN_STRICT_PROTOTYPES = YES;
				CLANG_WARN_SUSPICIOUS_MOVE = YES;
				CLANG_WARN_UNGUARDED_AVAILABILITY = YES_AGGRESSIVE;
				CLANG_WARN_UNREACHABLE_CODE = YES;
				CLANG_WARN__DUPLICATE_METHOD_MATCH = YES;
				COPY_PHASE_STRIP = NO;
				DEBUG_INFORMATION_FORMAT = dwarf;
				ENABLE_STRICT_OBJC_MSGSEND = YES;
				ENABLE_TESTABILITY = YES;
				GCC_C_LANGUAGE_STANDARD = gnu11;
				GCC_DYNAMIC_NO_PIC = NO;
				GCC_NO_COMMON_BLOCKS = YES;
				GCC_OPTIMIZATION_LEVEL = 0;
				GCC_PREPROCESSOR_DEFINITIONS = (
					"DEBUG=1",
					"$(inherited)",
				);
				GCC_WARN_64_TO_32_BIT_CONVERSION = YES;
				GCC_WARN_ABOUT_RETURN_TYPE = YES_ERROR;
				GCC_WARN_UNDECLARED_SELECTOR = YES;
				GCC_WARN_UNINITIALIZED_AUTOS = YES_AGGRESSIVE;
				GCC_WARN_UNUSED_FUNCTION = YES;
				GCC_WARN_UNUSED_VARIABLE = YES;
				IPHONEOS_DEPLOYMENT_TARGET = 15.2;
				MTL_ENABLE_DEBUG_INFO = INCLUDE_SOURCE;
				MTL_FAST_MATH = YES;
				ONLY_ACTIVE_ARCH = YES;
				SDKROOT = iphoneos;
				SWIFT_ACTIVE_COMPILATION_CONDITIONS = DEBUG;
				SWIFT_OPTIMIZATION_LEVEL = "-Onone";
			};
			name = Debug;
		};
		59C0EF0D282B43050037E3BB /* Release */ = {
			isa = XCBuildConfiguration;
			buildSettings = {
				ALWAYS_SEARCH_USER_PATHS = NO;
				CLANG_ANALYZER_NONNULL = YES;
				CLANG_ANALYZER_NUMBER_OBJECT_CONVERSION = YES_AGGRESSIVE;
				CLANG_CXX_LANGUAGE_STANDARD = "gnu++17";
				CLANG_CXX_LIBRARY = "libc++";
				CLANG_ENABLE_MODULES = YES;
				CLANG_ENABLE_OBJC_ARC = YES;
				CLANG_ENABLE_OBJC_WEAK = YES;
				CLANG_WARN_BLOCK_CAPTURE_AUTORELEASING = YES;
				CLANG_WARN_BOOL_CONVERSION = YES;
				CLANG_WARN_COMMA = YES;
				CLANG_WARN_CONSTANT_CONVERSION = YES;
				CLANG_WARN_DEPRECATED_OBJC_IMPLEMENTATIONS = YES;
				CLANG_WARN_DIRECT_OBJC_ISA_USAGE = YES_ERROR;
				CLANG_WARN_DOCUMENTATION_COMMENTS = YES;
				CLANG_WARN_EMPTY_BODY = YES;
				CLANG_WARN_ENUM_CONVERSION = YES;
				CLANG_WARN_INFINITE_RECURSION = YES;
				CLANG_WARN_INT_CONVERSION = YES;
				CLANG_WARN_NON_LITERAL_NULL_CONVERSION = YES;
				CLANG_WARN_OBJC_IMPLICIT_RETAIN_SELF = YES;
				CLANG_WARN_OBJC_LITERAL_CONVERSION = YES;
				CLANG_WARN_OBJC_ROOT_CLASS = YES_ERROR;
				CLANG_WARN_QUOTED_INCLUDE_IN_FRAMEWORK_HEADER = YES;
				CLANG_WARN_RANGE_LOOP_ANALYSIS = YES;
				CLANG_WARN_STRICT_PROTOTYPES = YES;
				CLANG_WARN_SUSPICIOUS_MOVE = YES;
				CLANG_WARN_UNGUARDED_AVAILABILITY = YES_AGGRESSIVE;
				CLANG_WARN_UNREACHABLE_CODE = YES;
				CLANG_WARN__DUPLICATE_METHOD_MATCH = YES;
				COPY_PHASE_STRIP = NO;
				DEBUG_INFORMATION_FORMAT = "dwarf-with-dsym";
				ENABLE_NS_ASSERTIONS = NO;
				ENABLE_STRICT_OBJC_MSGSEND = YES;
				GCC_C_LANGUAGE_STANDARD = gnu11;
				GCC_NO_COMMON_BLOCKS = YES;
				GCC_WARN_64_TO_32_BIT_CONVERSION = YES;
				GCC_WARN_ABOUT_RETURN_TYPE = YES_ERROR;
				GCC_WARN_UNDECLARED_SELECTOR = YES;
				GCC_WARN_UNINITIALIZED_AUTOS = YES_AGGRESSIVE;
				GCC_WARN_UNUSED_FUNCTION = YES;
				GCC_WARN_UNUSED_VARIABLE = YES;
				IPHONEOS_DEPLOYMENT_TARGET = 15.2;
				MTL_ENABLE_DEBUG_INFO = NO;
				MTL_FAST_MATH = YES;
				SDKROOT = iphoneos;
				SWIFT_COMPILATION_MODE = wholemodule;
				SWIFT_OPTIMIZATION_LEVEL = "-O";
				VALIDATE_PRODUCT = YES;
			};
			name = Release;
		};
		59C0EF0F282B43050037E3BB /* Debug */ = {
			isa = XCBuildConfiguration;
			buildSettings = {
				ASSETCATALOG_COMPILER_APPICON_NAME = AppIcon;
				ASSETCATALOG_COMPILER_GLOBAL_ACCENT_COLOR_NAME = AccentColor;
				CODE_SIGN_STYLE = Automatic;
				CURRENT_PROJECT_VERSION = 1;
				DEVELOPMENT_TEAM = X6GR9XBGT6;
				GENERATE_INFOPLIST_FILE = YES;
				INFOPLIST_FILE = "Desafio Cora/System/Info.plist";
				INFOPLIST_KEY_UIApplicationSupportsIndirectInputEvents = YES;
				INFOPLIST_KEY_UILaunchStoryboardName = LaunchScreen;
				INFOPLIST_KEY_UISupportedInterfaceOrientations = UIInterfaceOrientationPortrait;
				INFOPLIST_KEY_UISupportedInterfaceOrientations_iPad = "UIInterfaceOrientationPortrait UIInterfaceOrientationPortraitUpsideDown UIInterfaceOrientationLandscapeLeft UIInterfaceOrientationLandscapeRight";
				INFOPLIST_KEY_UISupportedInterfaceOrientations_iPhone = "UIInterfaceOrientationPortrait UIInterfaceOrientationLandscapeLeft UIInterfaceOrientationLandscapeRight";
				IPHONEOS_DEPLOYMENT_TARGET = 13.0;
				LD_RUNPATH_SEARCH_PATHS = (
					"$(inherited)",
					"@executable_path/Frameworks",
				);
				MARKETING_VERSION = 1.0;
				PRODUCT_BUNDLE_IDENTIFIER = "com.jpsp.Desafio-Cora";
				PRODUCT_NAME = "$(TARGET_NAME)";
				SWIFT_EMIT_LOC_STRINGS = YES;
				SWIFT_VERSION = 5.0;
				TARGETED_DEVICE_FAMILY = "1,2";
			};
			name = Debug;
		};
		59C0EF10282B43050037E3BB /* Release */ = {
			isa = XCBuildConfiguration;
			buildSettings = {
				ASSETCATALOG_COMPILER_APPICON_NAME = AppIcon;
				ASSETCATALOG_COMPILER_GLOBAL_ACCENT_COLOR_NAME = AccentColor;
				CODE_SIGN_STYLE = Automatic;
				CURRENT_PROJECT_VERSION = 1;
				DEVELOPMENT_TEAM = X6GR9XBGT6;
				GENERATE_INFOPLIST_FILE = YES;
				INFOPLIST_FILE = "Desafio Cora/System/Info.plist";
				INFOPLIST_KEY_UIApplicationSupportsIndirectInputEvents = YES;
				INFOPLIST_KEY_UILaunchStoryboardName = LaunchScreen;
				INFOPLIST_KEY_UISupportedInterfaceOrientations = UIInterfaceOrientationPortrait;
				INFOPLIST_KEY_UISupportedInterfaceOrientations_iPad = "UIInterfaceOrientationPortrait UIInterfaceOrientationPortraitUpsideDown UIInterfaceOrientationLandscapeLeft UIInterfaceOrientationLandscapeRight";
				INFOPLIST_KEY_UISupportedInterfaceOrientations_iPhone = "UIInterfaceOrientationPortrait UIInterfaceOrientationLandscapeLeft UIInterfaceOrientationLandscapeRight";
				IPHONEOS_DEPLOYMENT_TARGET = 13.0;
				LD_RUNPATH_SEARCH_PATHS = (
					"$(inherited)",
					"@executable_path/Frameworks",
				);
				MARKETING_VERSION = 1.0;
				PRODUCT_BUNDLE_IDENTIFIER = "com.jpsp.Desafio-Cora";
				PRODUCT_NAME = "$(TARGET_NAME)";
				SWIFT_EMIT_LOC_STRINGS = YES;
				SWIFT_VERSION = 5.0;
				TARGETED_DEVICE_FAMILY = "1,2";
			};
			name = Release;
		};
		59C0EF12282B43050037E3BB /* Debug */ = {
			isa = XCBuildConfiguration;
			buildSettings = {
				ALWAYS_EMBED_SWIFT_STANDARD_LIBRARIES = YES;
				BUNDLE_LOADER = "$(TEST_HOST)";
				CODE_SIGN_STYLE = Automatic;
				CURRENT_PROJECT_VERSION = 1;
				DEVELOPMENT_TEAM = X6GR9XBGT6;
				GENERATE_INFOPLIST_FILE = YES;
				IPHONEOS_DEPLOYMENT_TARGET = 15.2;
				MARKETING_VERSION = 1.0;
				PRODUCT_BUNDLE_IDENTIFIER = "com.jpsp.Desafio-CoraTests";
				PRODUCT_NAME = "$(TARGET_NAME)";
				SWIFT_EMIT_LOC_STRINGS = NO;
				SWIFT_VERSION = 5.0;
				TARGETED_DEVICE_FAMILY = "1,2";
				TEST_HOST = "$(BUILT_PRODUCTS_DIR)/Desafio Cora.app/Desafio Cora";
			};
			name = Debug;
		};
		59C0EF13282B43050037E3BB /* Release */ = {
			isa = XCBuildConfiguration;
			buildSettings = {
				ALWAYS_EMBED_SWIFT_STANDARD_LIBRARIES = YES;
				BUNDLE_LOADER = "$(TEST_HOST)";
				CODE_SIGN_STYLE = Automatic;
				CURRENT_PROJECT_VERSION = 1;
				DEVELOPMENT_TEAM = X6GR9XBGT6;
				GENERATE_INFOPLIST_FILE = YES;
				IPHONEOS_DEPLOYMENT_TARGET = 15.2;
				MARKETING_VERSION = 1.0;
				PRODUCT_BUNDLE_IDENTIFIER = "com.jpsp.Desafio-CoraTests";
				PRODUCT_NAME = "$(TARGET_NAME)";
				SWIFT_EMIT_LOC_STRINGS = NO;
				SWIFT_VERSION = 5.0;
				TARGETED_DEVICE_FAMILY = "1,2";
				TEST_HOST = "$(BUILT_PRODUCTS_DIR)/Desafio Cora.app/Desafio Cora";
			};
			name = Release;
		};
		59C0EF15282B43050037E3BB /* Debug */ = {
			isa = XCBuildConfiguration;
			buildSettings = {
				ALWAYS_EMBED_SWIFT_STANDARD_LIBRARIES = YES;
				CODE_SIGN_STYLE = Automatic;
				CURRENT_PROJECT_VERSION = 1;
				DEVELOPMENT_TEAM = X6GR9XBGT6;
				GENERATE_INFOPLIST_FILE = YES;
				MARKETING_VERSION = 1.0;
				PRODUCT_BUNDLE_IDENTIFIER = "com.jpsp.Desafio-CoraUITests";
				PRODUCT_NAME = "$(TARGET_NAME)";
				SWIFT_EMIT_LOC_STRINGS = NO;
				SWIFT_VERSION = 5.0;
				TARGETED_DEVICE_FAMILY = "1,2";
				TEST_TARGET_NAME = "Desafio Cora";
			};
			name = Debug;
		};
		59C0EF16282B43050037E3BB /* Release */ = {
			isa = XCBuildConfiguration;
			buildSettings = {
				ALWAYS_EMBED_SWIFT_STANDARD_LIBRARIES = YES;
				CODE_SIGN_STYLE = Automatic;
				CURRENT_PROJECT_VERSION = 1;
				DEVELOPMENT_TEAM = X6GR9XBGT6;
				GENERATE_INFOPLIST_FILE = YES;
				MARKETING_VERSION = 1.0;
				PRODUCT_BUNDLE_IDENTIFIER = "com.jpsp.Desafio-CoraUITests";
				PRODUCT_NAME = "$(TARGET_NAME)";
				SWIFT_EMIT_LOC_STRINGS = NO;
				SWIFT_VERSION = 5.0;
				TARGETED_DEVICE_FAMILY = "1,2";
				TEST_TARGET_NAME = "Desafio Cora";
			};
			name = Release;
		};
/* End XCBuildConfiguration section */

/* Begin XCConfigurationList section */
		59C0EEDF282B43020037E3BB /* Build configuration list for PBXProject "Desafio Cora" */ = {
			isa = XCConfigurationList;
			buildConfigurations = (
				59C0EF0C282B43050037E3BB /* Debug */,
				59C0EF0D282B43050037E3BB /* Release */,
			);
			defaultConfigurationIsVisible = 0;
			defaultConfigurationName = Release;
		};
		59C0EF0E282B43050037E3BB /* Build configuration list for PBXNativeTarget "Desafio Cora" */ = {
			isa = XCConfigurationList;
			buildConfigurations = (
				59C0EF0F282B43050037E3BB /* Debug */,
				59C0EF10282B43050037E3BB /* Release */,
			);
			defaultConfigurationIsVisible = 0;
			defaultConfigurationName = Release;
		};
		59C0EF11282B43050037E3BB /* Build configuration list for PBXNativeTarget "Desafio CoraTests" */ = {
			isa = XCConfigurationList;
			buildConfigurations = (
				59C0EF12282B43050037E3BB /* Debug */,
				59C0EF13282B43050037E3BB /* Release */,
			);
			defaultConfigurationIsVisible = 0;
			defaultConfigurationName = Release;
		};
		59C0EF14282B43050037E3BB /* Build configuration list for PBXNativeTarget "Desafio CoraUITests" */ = {
			isa = XCConfigurationList;
			buildConfigurations = (
				59C0EF15282B43050037E3BB /* Debug */,
				59C0EF16282B43050037E3BB /* Release */,
			);
			defaultConfigurationIsVisible = 0;
			defaultConfigurationName = Release;
		};
/* End XCConfigurationList section */
	};
	rootObject = 59C0EEDC282B43020037E3BB /* Project object */;
}
