// !$*UTF8*$!
{
	archiveVersion = 1;
	classes = {
	};
	objectVersion = 55;
	objects = {

/* Begin PBXBuildFile section */
		57340F3728175F260070804E /* AppDelegate.swift in Sources */ = {isa = PBXBuildFile; fileRef = 57340F3628175F260070804E /* AppDelegate.swift */; };
		57340F3B28175F260070804E /* ViewController.swift in Sources */ = {isa = PBXBuildFile; fileRef = 57340F3A28175F260070804E /* ViewController.swift */; };
		57340F4028175F260070804E /* Assets.xcassets in Resources */ = {isa = PBXBuildFile; fileRef = 57340F3F28175F260070804E /* Assets.xcassets */; };
		57340F4328175F260070804E /* LaunchScreen.storyboard in Resources */ = {isa = PBXBuildFile; fileRef = 57340F4128175F260070804E /* LaunchScreen.storyboard */; };
		57340F4E28175F260070804E /* BankStatementSampleTests.swift in Sources */ = {isa = PBXBuildFile; fileRef = 57340F4D28175F260070804E /* BankStatementSampleTests.swift */; };
/* End PBXBuildFile section */

/* Begin PBXContainerItemProxy section */
		57340F4A28175F260070804E /* PBXContainerItemProxy */ = {
			isa = PBXContainerItemProxy;
			containerPortal = 57340F2B28175F260070804E /* Project object */;
			proxyType = 1;
			remoteGlobalIDString = 57340F3228175F260070804E;
			remoteInfo = BankStatementSample;
		};
		57340F5428175F260070804E /* PBXContainerItemProxy */ = {
			isa = PBXContainerItemProxy;
			containerPortal = 57340F2B28175F260070804E /* Project object */;
			proxyType = 1;
			remoteGlobalIDString = 57340F3228175F260070804E;
			remoteInfo = BankStatementSample;
		};
/* End PBXContainerItemProxy section */

/* Begin PBXFileReference section */
		57340F3328175F260070804E /* BankStatementSample.app */ = {isa = PBXFileReference; explicitFileType = wrapper.application; includeInIndex = 0; path = BankStatementSample.app; sourceTree = BUILT_PRODUCTS_DIR; };
		57340F3628175F260070804E /* AppDelegate.swift */ = {isa = PBXFileReference; lastKnownFileType = sourcecode.swift; path = AppDelegate.swift; sourceTree = "<group>"; };
		57340F3A28175F260070804E /* ViewController.swift */ = {isa = PBXFileReference; lastKnownFileType = sourcecode.swift; path = ViewController.swift; sourceTree = "<group>"; };
		57340F3F28175F260070804E /* Assets.xcassets */ = {isa = PBXFileReference; lastKnownFileType = folder.assetcatalog; path = Assets.xcassets; sourceTree = "<group>"; };
		57340F4228175F260070804E /* Base */ = {isa = PBXFileReference; lastKnownFileType = file.storyboard; name = Base; path = Base.lproj/LaunchScreen.storyboard; sourceTree = "<group>"; };
		57340F4428175F260070804E /* Info.plist */ = {isa = PBXFileReference; lastKnownFileType = text.plist.xml; path = Info.plist; sourceTree = "<group>"; };
		57340F4928175F260070804E /* BankStatementSampleTests.xctest */ = {isa = PBXFileReference; explicitFileType = wrapper.cfbundle; includeInIndex = 0; path = BankStatementSampleTests.xctest; sourceTree = BUILT_PRODUCTS_DIR; };
		57340F4D28175F260070804E /* BankStatementSampleTests.swift */ = {isa = PBXFileReference; lastKnownFileType = sourcecode.swift; path = BankStatementSampleTests.swift; sourceTree = "<group>"; };
		57340F5328175F260070804E /* BankStatementSampleUITests.xctest */ = {isa = PBXFileReference; explicitFileType = wrapper.cfbundle; includeInIndex = 0; path = BankStatementSampleUITests.xctest; sourceTree = BUILT_PRODUCTS_DIR; };
/* End PBXFileReference section */

/* Begin PBXFrameworksBuildPhase section */
		57340F3028175F260070804E /* Frameworks */ = {
			isa = PBXFrameworksBuildPhase;
			buildActionMask = 2147483647;
			files = (
			);
			runOnlyForDeploymentPostprocessing = 0;
		};
		57340F4628175F260070804E /* Frameworks */ = {
			isa = PBXFrameworksBuildPhase;
			buildActionMask = 2147483647;
			files = (
			);
			runOnlyForDeploymentPostprocessing = 0;
		};
		57340F5028175F260070804E /* Frameworks */ = {
			isa = PBXFrameworksBuildPhase;
			buildActionMask = 2147483647;
			files = (
			);
			runOnlyForDeploymentPostprocessing = 0;
		};
/* End PBXFrameworksBuildPhase section */

/* Begin PBXGroup section */
		57340F2A28175F260070804E = {
			isa = PBXGroup;
			children = (
				57340F3528175F260070804E /* BankStatementSample */,
				57340F4C28175F260070804E /* BankStatementSampleTests */,
				57340F3428175F260070804E /* Products */,
			);
			sourceTree = "<group>";
		};
		57340F3428175F260070804E /* Products */ = {
			isa = PBXGroup;
			children = (
				57340F3328175F260070804E /* BankStatementSample.app */,
				57340F4928175F260070804E /* BankStatementSampleTests.xctest */,
				57340F5328175F260070804E /* BankStatementSampleUITests.xctest */,
			);
			name = Products;
			sourceTree = "<group>";
		};
		57340F3528175F260070804E /* BankStatementSample */ = {
			isa = PBXGroup;
			children = (
				57340F3628175F260070804E /* AppDelegate.swift */,
				57340F3A28175F260070804E /* ViewController.swift */,
				57340F3F28175F260070804E /* Assets.xcassets */,
				57340F4128175F260070804E /* LaunchScreen.storyboard */,
				57340F4428175F260070804E /* Info.plist */,
			);
			path = BankStatementSample;
			sourceTree = "<group>";
		};
		57340F4C28175F260070804E /* BankStatementSampleTests */ = {
			isa = PBXGroup;
			children = (
				57340F4D28175F260070804E /* BankStatementSampleTests.swift */,
			);
			path = BankStatementSampleTests;
			sourceTree = "<group>";
		};
/* End PBXGroup section */

/* Begin PBXNativeTarget section */
		57340F3228175F260070804E /* BankStatementSample */ = {
			isa = PBXNativeTarget;
			buildConfigurationList = 57340F5D28175F260070804E /* Build configuration list for PBXNativeTarget "BankStatementSample" */;
			buildPhases = (
				57340F2F28175F260070804E /* Sources */,
				57340F3028175F260070804E /* Frameworks */,
				57340F3128175F260070804E /* Resources */,
			);
			buildRules = (
			);
			dependencies = (
			);
			name = BankStatementSample;
			productName = BankStatementSample;
			productReference = 57340F3328175F260070804E /* BankStatementSample.app */;
			productType = "com.apple.product-type.application";
		};
		57340F4828175F260070804E /* BankStatementSampleTests */ = {
			isa = PBXNativeTarget;
			buildConfigurationList = 57340F6028175F260070804E /* Build configuration list for PBXNativeTarget "BankStatementSampleTests" */;
			buildPhases = (
				57340F4528175F260070804E /* Sources */,
				57340F4628175F260070804E /* Frameworks */,
				57340F4728175F260070804E /* Resources */,
			);
			buildRules = (
			);
			dependencies = (
				57340F4B28175F260070804E /* PBXTargetDependency */,
			);
			name = BankStatementSampleTests;
			productName = BankStatementSampleTests;
			productReference = 57340F4928175F260070804E /* BankStatementSampleTests.xctest */;
			productType = "com.apple.product-type.bundle.unit-test";
		};
		57340F5228175F260070804E /* BankStatementSampleUITests */ = {
			isa = PBXNativeTarget;
			buildConfigurationList = 57340F6328175F260070804E /* Build configuration list for PBXNativeTarget "BankStatementSampleUITests" */;
			buildPhases = (
				57340F4F28175F260070804E /* Sources */,
				57340F5028175F260070804E /* Frameworks */,
				57340F5128175F260070804E /* Resources */,
			);
			buildRules = (
			);
			dependencies = (
				57340F5528175F260070804E /* PBXTargetDependency */,
			);
			name = BankStatementSampleUITests;
			productName = BankStatementSampleUITests;
			productReference = 57340F5328175F260070804E /* BankStatementSampleUITests.xctest */;
			productType = "com.apple.product-type.bundle.ui-testing";
		};
/* End PBXNativeTarget section */

/* Begin PBXProject section */
		57340F2B28175F260070804E /* Project object */ = {
			isa = PBXProject;
			attributes = {
				BuildIndependentTargetsInParallel = 1;
				LastSwiftUpdateCheck = 1330;
				LastUpgradeCheck = 1330;
				TargetAttributes = {
					57340F3228175F260070804E = {
						CreatedOnToolsVersion = 13.3.1;
					};
					57340F4828175F260070804E = {
						CreatedOnToolsVersion = 13.3.1;
						TestTargetID = 57340F3228175F260070804E;
					};
					57340F5228175F260070804E = {
						CreatedOnToolsVersion = 13.3.1;
						TestTargetID = 57340F3228175F260070804E;
					};
				};
			};
			buildConfigurationList = 57340F2E28175F260070804E /* Build configuration list for PBXProject "BankStatementSample" */;
			compatibilityVersion = "Xcode 13.0";
			developmentRegion = en;
			hasScannedForEncodings = 0;
			knownRegions = (
				en,
				Base,
			);
			mainGroup = 57340F2A28175F260070804E;
			productRefGroup = 57340F3428175F260070804E /* Products */;
			projectDirPath = "";
			projectRoot = "";
			targets = (
				57340F3228175F260070804E /* BankStatementSample */,
				57340F4828175F260070804E /* BankStatementSampleTests */,
				57340F5228175F260070804E /* BankStatementSampleUITests */,
			);
		};
/* End PBXProject section */

/* Begin PBXResourcesBuildPhase section */
		57340F3128175F260070804E /* Resources */ = {
			isa = PBXResourcesBuildPhase;
			buildActionMask = 2147483647;
			files = (
				57340F4328175F260070804E /* LaunchScreen.storyboard in Resources */,
				57340F4028175F260070804E /* Assets.xcassets in Resources */,
			);
			runOnlyForDeploymentPostprocessing = 0;
		};
		57340F4728175F260070804E /* Resources */ = {
			isa = PBXResourcesBuildPhase;
			buildActionMask = 2147483647;
			files = (
			);
			runOnlyForDeploymentPostprocessing = 0;
		};
		57340F5128175F260070804E /* Resources */ = {
			isa = PBXResourcesBuildPhase;
			buildActionMask = 2147483647;
			files = (
			);
			runOnlyForDeploymentPostprocessing = 0;
		};
/* End PBXResourcesBuildPhase section */

/* Begin PBXSourcesBuildPhase section */
		57340F2F28175F260070804E /* Sources */ = {
			isa = PBXSourcesBuildPhase;
			buildActionMask = 2147483647;
			files = (
				57340F3B28175F260070804E /* ViewController.swift in Sources */,
				57340F3728175F260070804E /* AppDelegate.swift in Sources */,
			);
			runOnlyForDeploymentPostprocessing = 0;
		};
		57340F4528175F260070804E /* Sources */ = {
			isa = PBXSourcesBuildPhase;
			buildActionMask = 2147483647;
			files = (
				57340F4E28175F260070804E /* BankStatementSampleTests.swift in Sources */,
			);
			runOnlyForDeploymentPostprocessing = 0;
		};
		57340F4F28175F260070804E /* Sources */ = {
			isa = PBXSourcesBuildPhase;
			buildActionMask = 2147483647;
			files = (
			);
			runOnlyForDeploymentPostprocessing = 0;
		};
/* End PBXSourcesBuildPhase section */

/* Begin PBXTargetDependency section */
		57340F4B28175F260070804E /* PBXTargetDependency */ = {
			isa = PBXTargetDependency;
			target = 57340F3228175F260070804E /* BankStatementSample */;
			targetProxy = 57340F4A28175F260070804E /* PBXContainerItemProxy */;
		};
		57340F5528175F260070804E /* PBXTargetDependency */ = {
			isa = PBXTargetDependency;
			target = 57340F3228175F260070804E /* BankStatementSample */;
			targetProxy = 57340F5428175F260070804E /* PBXContainerItemProxy */;
		};
/* End PBXTargetDependency section */

/* Begin PBXVariantGroup section */
		57340F4128175F260070804E /* LaunchScreen.storyboard */ = {
			isa = PBXVariantGroup;
			children = (
				57340F4228175F260070804E /* Base */,
			);
			name = LaunchScreen.storyboard;
			sourceTree = "<group>";
		};
/* End PBXVariantGroup section */

/* Begin XCBuildConfiguration section */
		57340F5B28175F260070804E /* Debug */ = {
			isa = XCBuildConfiguration;
			buildSettings = {
				ALWAYS_SEARCH_USER_PATHS = NO;
				CLANG_ANALYZER_NONNULL = YES;
				CLANG_ANALYZER_NUMBER_OBJECT_CONVERSION = YES_AGGRESSIVE;
				CLANG_CXX_LANGUAGE_STANDARD = "gnu++17";
				CLANG_ENABLE_MODULES = YES;
				CLANG_ENABLE_OBJC_ARC = YES;
				CLANG_ENABLE_OBJC_WEAK = YES;
				CLANG_WARN_BLOCK_CAPTURE_AUTORELEASING = YES;
				CLANG_WARN_BOOL_CONVERSION = YES;
				CLANG_WARN_COMMA = YES;
				CLANG_WARN_CONSTANT_CONVERSION = YES;
				CLANG_WARN_DEPRECATED_OBJC_IMPLEMENTATIONS = YES;
				CLANG_WARN_DIRECT_OBJC_ISA_USAGE = YES_ERROR;
				CLANG_WARN_DOCUMENTATION_COMMENTS = YES;
				CLANG_WARN_EMPTY_BODY = YES;
				CLANG_WARN_ENUM_CONVERSION = YES;
				CLANG_WARN_INFINITE_RECURSION = YES;
				CLANG_WARN_INT_CONVERSION = YES;
				CLANG_WARN_NON_LITERAL_NULL_CONVERSION = YES;
				CLANG_WARN_OBJC_IMPLICIT_RETAIN_SELF = YES;
				CLANG_WARN_OBJC_LITERAL_CONVERSION = YES;
				CLANG_WARN_OBJC_ROOT_CLASS = YES_ERROR;
				CLANG_WARN_QUOTED_INCLUDE_IN_FRAMEWORK_HEADER = YES;
				CLANG_WARN_RANGE_LOOP_ANALYSIS = YES;
				CLANG_WARN_STRICT_PROTOTYPES = YES;
				CLANG_WARN_SUSPICIOUS_MOVE = YES;
				CLANG_WARN_UNGUARDED_AVAILABILITY = YES_AGGRESSIVE;
				CLANG_WARN_UNREACHABLE_CODE = YES;
				CLANG_WARN__DUPLICATE_METHOD_MATCH = YES;
				COPY_PHASE_STRIP = NO;
				DEBUG_INFORMATION_FORMAT = dwarf;
				ENABLE_STRICT_OBJC_MSGSEND = YES;
				ENABLE_TESTABILITY = YES;
				GCC_C_LANGUAGE_STANDARD = gnu11;
				GCC_DYNAMIC_NO_PIC = NO;
				GCC_NO_COMMON_BLOCKS = YES;
				GCC_OPTIMIZATION_LEVEL = 0;
				GCC_PREPROCESSOR_DEFINITIONS = (
					"DEBUG=1",
					"$(inherited)",
				);
				GCC_WARN_64_TO_32_BIT_CONVERSION = YES;
				GCC_WARN_ABOUT_RETURN_TYPE = YES_ERROR;
				GCC_WARN_UNDECLARED_SELECTOR = YES;
				GCC_WARN_UNINITIALIZED_AUTOS = YES_AGGRESSIVE;
				GCC_WARN_UNUSED_FUNCTION = YES;
				GCC_WARN_UNUSED_VARIABLE = YES;
				IPHONEOS_DEPLOYMENT_TARGET = 15.4;
				MTL_ENABLE_DEBUG_INFO = INCLUDE_SOURCE;
				MTL_FAST_MATH = YES;
				ONLY_ACTIVE_ARCH = YES;
				SDKROOT = iphoneos;
				SWIFT_ACTIVE_COMPILATION_CONDITIONS = DEBUG;
				SWIFT_OPTIMIZATION_LEVEL = "-Onone";
			};
			name = Debug;
		};
		57340F5C28175F260070804E /* Release */ = {
			isa = XCBuildConfiguration;
			buildSettings = {
				ALWAYS_SEARCH_USER_PATHS = NO;
				CLANG_ANALYZER_NONNULL = YES;
				CLANG_ANALYZER_NUMBER_OBJECT_CONVERSION = YES_AGGRESSIVE;
				CLANG_CXX_LANGUAGE_STANDARD = "gnu++17";
				CLANG_ENABLE_MODULES = YES;
				CLANG_ENABLE_OBJC_ARC = YES;
				CLANG_ENABLE_OBJC_WEAK = YES;
				CLANG_WARN_BLOCK_CAPTURE_AUTORELEASING = YES;
				CLANG_WARN_BOOL_CONVERSION = YES;
				CLANG_WARN_COMMA = YES;
				CLANG_WARN_CONSTANT_CONVERSION = YES;
				CLANG_WARN_DEPRECATED_OBJC_IMPLEMENTATIONS = YES;
				CLANG_WARN_DIRECT_OBJC_ISA_USAGE = YES_ERROR;
				CLANG_WARN_DOCUMENTATION_COMMENTS = YES;
				CLANG_WARN_EMPTY_BODY = YES;
				CLANG_WARN_ENUM_CONVERSION = YES;
				CLANG_WARN_INFINITE_RECURSION = YES;
				CLANG_WARN_INT_CONVERSION = YES;
				CLANG_WARN_NON_LITERAL_NULL_CONVERSION = YES;
				CLANG_WARN_OBJC_IMPLICIT_RETAIN_SELF = YES;
				CLANG_WARN_OBJC_LITERAL_CONVERSION = YES;
				CLANG_WARN_OBJC_ROOT_CLASS = YES_ERROR;
				CLANG_WARN_QUOTED_INCLUDE_IN_FRAMEWORK_HEADER = YES;
				CLANG_WARN_RANGE_LOOP_ANALYSIS = YES;
				CLANG_WARN_STRICT_PROTOTYPES = YES;
				CLANG_WARN_SUSPICIOUS_MOVE = YES;
				CLANG_WARN_UNGUARDED_AVAILABILITY = YES_AGGRESSIVE;
				CLANG_WARN_UNREACHABLE_CODE = YES;
				CLANG_WARN__DUPLICATE_METHOD_MATCH = YES;
				COPY_PHASE_STRIP = NO;
				DEBUG_INFORMATION_FORMAT = "dwarf-with-dsym";
				ENABLE_NS_ASSERTIONS = NO;
				ENABLE_STRICT_OBJC_MSGSEND = YES;
				GCC_C_LANGUAGE_STANDARD = gnu11;
				GCC_NO_COMMON_BLOCKS = YES;
				GCC_WARN_64_TO_32_BIT_CONVERSION = YES;
				GCC_WARN_ABOUT_RETURN_TYPE = YES_ERROR;
				GCC_WARN_UNDECLARED_SELECTOR = YES;
				GCC_WARN_UNINITIALIZED_AUTOS = YES_AGGRESSIVE;
				GCC_WARN_UNUSED_FUNCTION = YES;
				GCC_WARN_UNUSED_VARIABLE = YES;
				IPHONEOS_DEPLOYMENT_TARGET = 15.4;
				MTL_ENABLE_DEBUG_INFO = NO;
				MTL_FAST_MATH = YES;
				SDKROOT = iphoneos;
				SWIFT_COMPILATION_MODE = wholemodule;
				SWIFT_OPTIMIZATION_LEVEL = "-O";
				VALIDATE_PRODUCT = YES;
			};
			name = Release;
		};
		57340F5E28175F260070804E /* Debug */ = {
			isa = XCBuildConfiguration;
			buildSettings = {
				ASSETCATALOG_COMPILER_APPICON_NAME = AppIcon;
				ASSETCATALOG_COMPILER_GLOBAL_ACCENT_COLOR_NAME = AccentColor;
				CODE_SIGN_STYLE = Automatic;
				CURRENT_PROJECT_VERSION = 1;
				GENERATE_INFOPLIST_FILE = YES;
				INFOPLIST_FILE = BankStatementSample/Info.plist;
				INFOPLIST_KEY_UIApplicationSupportsIndirectInputEvents = YES;
				INFOPLIST_KEY_UILaunchStoryboardName = LaunchScreen;
				INFOPLIST_KEY_UISupportedInterfaceOrientations_iPad = "UIInterfaceOrientationPortrait UIInterfaceOrientationPortraitUpsideDown UIInterfaceOrientationLandscapeLeft UIInterfaceOrientationLandscapeRight";
				INFOPLIST_KEY_UISupportedInterfaceOrientations_iPhone = "UIInterfaceOrientationPortrait UIInterfaceOrientationLandscapeLeft UIInterfaceOrientationLandscapeRight";
				LD_RUNPATH_SEARCH_PATHS = (
					"$(inherited)",
					"@executable_path/Frameworks",
				);
				MARKETING_VERSION = 1.0;
				PRODUCT_BUNDLE_IDENTIFIER = "test-app.BankStatementSample";
				PRODUCT_NAME = "$(TARGET_NAME)";
				SWIFT_EMIT_LOC_STRINGS = YES;
				SWIFT_VERSION = 5.0;
				TARGETED_DEVICE_FAMILY = "1,2";
			};
			name = Debug;
		};
		57340F5F28175F260070804E /* Release */ = {
			isa = XCBuildConfiguration;
			buildSettings = {
				ASSETCATALOG_COMPILER_APPICON_NAME = AppIcon;
				ASSETCATALOG_COMPILER_GLOBAL_ACCENT_COLOR_NAME = AccentColor;
				CODE_SIGN_STYLE = Automatic;
				CURRENT_PROJECT_VERSION = 1;
				GENERATE_INFOPLIST_FILE = YES;
				INFOPLIST_FILE = BankStatementSample/Info.plist;
				INFOPLIST_KEY_UIApplicationSupportsIndirectInputEvents = YES;
				INFOPLIST_KEY_UILaunchStoryboardName = LaunchScreen;
				INFOPLIST_KEY_UISupportedInterfaceOrientations_iPad = "UIInterfaceOrientationPortrait UIInterfaceOrientationPortraitUpsideDown UIInterfaceOrientationLandscapeLeft UIInterfaceOrientationLandscapeRight";
				INFOPLIST_KEY_UISupportedInterfaceOrientations_iPhone = "UIInterfaceOrientationPortrait UIInterfaceOrientationLandscapeLeft UIInterfaceOrientationLandscapeRight";
				LD_RUNPATH_SEARCH_PATHS = (
					"$(inherited)",
					"@executable_path/Frameworks",
				);
				MARKETING_VERSION = 1.0;
				PRODUCT_BUNDLE_IDENTIFIER = "test-app.BankStatementSample";
				PRODUCT_NAME = "$(TARGET_NAME)";
				SWIFT_EMIT_LOC_STRINGS = YES;
				SWIFT_VERSION = 5.0;
				TARGETED_DEVICE_FAMILY = "1,2";
			};
			name = Release;
		};
		57340F6128175F260070804E /* Debug */ = {
			isa = XCBuildConfiguration;
			buildSettings = {
				ALWAYS_EMBED_SWIFT_STANDARD_LIBRARIES = YES;
				BUNDLE_LOADER = "$(TEST_HOST)";
				CODE_SIGN_STYLE = Automatic;
				CURRENT_PROJECT_VERSION = 1;
				GENERATE_INFOPLIST_FILE = YES;
				IPHONEOS_DEPLOYMENT_TARGET = 15.4;
				MARKETING_VERSION = 1.0;
				PRODUCT_BUNDLE_IDENTIFIER = "test-app.BankStatementSampleTests";
				PRODUCT_NAME = "$(TARGET_NAME)";
				SWIFT_EMIT_LOC_STRINGS = NO;
				SWIFT_VERSION = 5.0;
				TARGETED_DEVICE_FAMILY = "1,2";
				TEST_HOST = "$(BUILT_PRODUCTS_DIR)/BankStatementSample.app/BankStatementSample";
			};
			name = Debug;
		};
		57340F6228175F260070804E /* Release */ = {
			isa = XCBuildConfiguration;
			buildSettings = {
				ALWAYS_EMBED_SWIFT_STANDARD_LIBRARIES = YES;
				BUNDLE_LOADER = "$(TEST_HOST)";
				CODE_SIGN_STYLE = Automatic;
				CURRENT_PROJECT_VERSION = 1;
				GENERATE_INFOPLIST_FILE = YES;
				IPHONEOS_DEPLOYMENT_TARGET = 15.4;
				MARKETING_VERSION = 1.0;
				PRODUCT_BUNDLE_IDENTIFIER = "test-app.BankStatementSampleTests";
				PRODUCT_NAME = "$(TARGET_NAME)";
				SWIFT_EMIT_LOC_STRINGS = NO;
				SWIFT_VERSION = 5.0;
				TARGETED_DEVICE_FAMILY = "1,2";
				TEST_HOST = "$(BUILT_PRODUCTS_DIR)/BankStatementSample.app/BankStatementSample";
			};
			name = Release;
		};
		57340F6428175F260070804E /* Debug */ = {
			isa = XCBuildConfiguration;
			buildSettings = {
				ALWAYS_EMBED_SWIFT_STANDARD_LIBRARIES = YES;
				CODE_SIGN_STYLE = Automatic;
				CURRENT_PROJECT_VERSION = 1;
				GENERATE_INFOPLIST_FILE = YES;
				MARKETING_VERSION = 1.0;
				PRODUCT_BUNDLE_IDENTIFIER = "test-app.BankStatementSampleUITests";
				PRODUCT_NAME = "$(TARGET_NAME)";
				SWIFT_EMIT_LOC_STRINGS = NO;
				SWIFT_VERSION = 5.0;
				TARGETED_DEVICE_FAMILY = "1,2";
				TEST_TARGET_NAME = BankStatementSample;
			};
			name = Debug;
		};
		57340F6528175F260070804E /* Release */ = {
			isa = XCBuildConfiguration;
			buildSettings = {
				ALWAYS_EMBED_SWIFT_STANDARD_LIBRARIES = YES;
				CODE_SIGN_STYLE = Automatic;
				CURRENT_PROJECT_VERSION = 1;
				GENERATE_INFOPLIST_FILE = YES;
				MARKETING_VERSION = 1.0;
				PRODUCT_BUNDLE_IDENTIFIER = "test-app.BankStatementSampleUITests";
				PRODUCT_NAME = "$(TARGET_NAME)";
				SWIFT_EMIT_LOC_STRINGS = NO;
				SWIFT_VERSION = 5.0;
				TARGETED_DEVICE_FAMILY = "1,2";
				TEST_TARGET_NAME = BankStatementSample;
			};
			name = Release;
		};
/* End XCBuildConfiguration section */

/* Begin XCConfigurationList section */
		57340F2E28175F260070804E /* Build configuration list for PBXProject "BankStatementSample" */ = {
			isa = XCConfigurationList;
			buildConfigurations = (
				57340F5B28175F260070804E /* Debug */,
				57340F5C28175F260070804E /* Release */,
			);
			defaultConfigurationIsVisible = 0;
			defaultConfigurationName = Release;
		};
		57340F5D28175F260070804E /* Build configuration list for PBXNativeTarget "BankStatementSample" */ = {
			isa = XCConfigurationList;
			buildConfigurations = (
				57340F5E28175F260070804E /* Debug */,
				57340F5F28175F260070804E /* Release */,
			);
			defaultConfigurationIsVisible = 0;
			defaultConfigurationName = Release;
		};
		57340F6028175F260070804E /* Build configuration list for PBXNativeTarget "BankStatementSampleTests" */ = {
			isa = XCConfigurationList;
			buildConfigurations = (
				57340F6128175F260070804E /* Debug */,
				57340F6228175F260070804E /* Release */,
			);
			defaultConfigurationIsVisible = 0;
			defaultConfigurationName = Release;
		};
		57340F6328175F260070804E /* Build configuration list for PBXNativeTarget "BankStatementSampleUITests" */ = {
			isa = XCConfigurationList;
			buildConfigurations = (
				57340F6428175F260070804E /* Debug */,
				57340F6528175F260070804E /* Release */,
			);
			defaultConfigurationIsVisible = 0;
			defaultConfigurationName = Release;
		};
/* End XCConfigurationList section */
	};
	rootObject = 57340F2B28175F260070804E /* Project object */;
}
